Microsoft Visual Studio Solution File, Format Version 12.00
# Visual Studio 2013
VisualStudioVersion = 12.0.31101.0
MinimumVisualStudioVersion = 10.0.40219.1
Project("{2150E333-8FDC-42A3-9474-1A3956D46DE8}") = "Solution Items", "Solution Items", "{109114F1-DE48-4B10-AF10-A18D9AF68E8B}"
	ProjectSection(SolutionItems) = preProject
		Ancillary\Adventure Works Cycle company logo.gif = Ancillary\Adventure Works Cycle company logo.gif
		Ancillary\AdventureWorks.snk = Ancillary\AdventureWorks.snk
		Ancillary\AdventureWorksAssemblyInfo.cs = Ancillary\AdventureWorksAssemblyInfo.cs
		AW with Everything Tests.bat = AW with Everything Tests.bat
		AW with Everything.sln.DotSettings = AW with Everything.sln.DotSettings
		AW with Everything.vsmdi = AW with Everything.vsmdi
		Ancillary\AW.llblgenproj = Ancillary\AW.llblgenproj
		Ancillary\AW.llblgenproj.layout = Ancillary\AW.llblgenproj.layout
		Ancillary\GlobalAssemblyInfo.cs = Ancillary\GlobalAssemblyInfo.cs
		Ancillary\GlobalAssemblyVersion.cs = Ancillary\GlobalAssemblyVersion.cs
		LocalTestRun.testrunconfig = LocalTestRun.testrunconfig
		Northwind\DAL\Northwind.llblgenproj = Northwind\DAL\Northwind.llblgenproj
		Northwind\NorthwindAssemblyInfo.cs = Northwind\NorthwindAssemblyInfo.cs
		Ancillary\SignAdvancedDataGridView.ps1 = Ancillary\SignAdvancedDataGridView.ps1
		Ancillary\ToolsAssemblyInfo.cs = Ancillary\ToolsAssemblyInfo.cs
	EndProjectSection
EndProject
Project("{2150E333-8FDC-42A3-9474-1A3956D46DE8}") = "Lib", "Lib", "{BDC4C511-A2CA-4CCC-9960-748D511B5BAC}"
	ProjectSection(SolutionItems) = preProject
		Lib\sliver.Windows.Forms.StateBrowser.dll = Lib\sliver.Windows.Forms.StateBrowser.dll
	EndProjectSection
EndProject
Project("{2150E333-8FDC-42A3-9474-1A3956D46DE8}") = "SampleQueryFiles", "SampleQueryFiles", "{2FB4C735-0EB2-47B5-8D3D-5AAE437AA294}"
	ProjectSection(SolutionItems) = preProject
		SampleQueryFiles\Alberts.cs = SampleQueryFiles\Alberts.cs
		SampleQueryFiles\EditInDataGridView - Northwind - Contacts.linq = SampleQueryFiles\EditInDataGridView - Northwind - Contacts.linq
		SampleQueryFiles\EditInDataGridView - NutShell - Customers.linq = SampleQueryFiles\EditInDataGridView - NutShell - Customers.linq
		SampleQueryFiles\EditInDataGridView AddressType.linq = SampleQueryFiles\EditInDataGridView AddressType.linq
		SampleQueryFiles\EditInDataGridView.cs = SampleQueryFiles\EditInDataGridView.cs
		SampleQueryFiles\EmployeeEntity.GetEmployees.cs = SampleQueryFiles\EmployeeEntity.GetEmployees.cs
		SampleQueryFiles\GetCustomerListAnonymousLinq.cs = SampleQueryFiles\GetCustomerListAnonymousLinq.cs
		SampleQueryFiles\GetCustomerViewRelatedCollection.cs = SampleQueryFiles\GetCustomerViewRelatedCollection.cs
		SampleQueryFiles\GetCustomerViewTypedView.cs = SampleQueryFiles\GetCustomerViewTypedView.cs
		SampleQueryFiles\GetEntitiesTypes.cs = SampleQueryFiles\GetEntitiesTypes.cs
		SampleQueryFiles\LINQToSQL_ShowEmployeesInTree.linq = SampleQueryFiles\LINQToSQL_ShowEmployeesInTree.linq
		SampleQueryFiles\LLBL_AW_Alberts.linq = SampleQueryFiles\LLBL_AW_Alberts.linq
		SampleQueryFiles\LLBL_AW_EditInDataGridView.linq = SampleQueryFiles\LLBL_AW_EditInDataGridView.linq
		SampleQueryFiles\LLBL_AW_ShowLinqMetaData.linq = SampleQueryFiles\LLBL_AW_ShowLinqMetaData.linq
		SampleQueryFiles\LLBL_AWcustomerlist.linq = SampleQueryFiles\LLBL_AWcustomerlist.linq
		SampleQueryFiles\LLBL_ShowEmployeesInTree.linq = SampleQueryFiles\LLBL_ShowEmployeesInTree.linq
		SampleQueryFiles\SalesOrderHeader_Albert_Perth.cs = SampleQueryFiles\SalesOrderHeader_Albert_Perth.cs
		SampleQueryFiles\ShowEntitiesAndFields.cs = SampleQueryFiles\ShowEntitiesAndFields.cs
		SampleQueryFiles\ShowEntitiesAndFields.linq = SampleQueryFiles\ShowEntitiesAndFields.linq
		SampleQueryFiles\ShowHierarchyInTree - Northwind - Employees - EnumerableVisualizer .linq = SampleQueryFiles\ShowHierarchyInTree - Northwind - Employees - EnumerableVisualizer .linq
		SampleQueryFiles\ShowInGrid - Northwind - Contacts - EnumerableVisualizer .linq = SampleQueryFiles\ShowInGrid - Northwind - Contacts - EnumerableVisualizer .linq
		SampleQueryFiles\ShowInGrid - NutShell - Customers - EnumerableVisualizer.linq = SampleQueryFiles\ShowInGrid - NutShell - Customers - EnumerableVisualizer.linq
		SampleQueryFiles\ShowLinqMetaData.cs = SampleQueryFiles\ShowLinqMetaData.cs
		SampleQueryFiles\ViewInDataGridView.cs = SampleQueryFiles\ViewInDataGridView.cs
	EndProjectSection
EndProject
Project("{2150E333-8FDC-42A3-9474-1A3956D46DE8}") = "LLBL", "LLBL", "{F90642C7-E5E0-4B67-A97C-464F8697A452}"
	ProjectSection(SolutionItems) = preProject
		Lib\LLBL\SD.LLBLGen.Pro.DynamicDataSupportClasses.NET35.dll = Lib\LLBL\SD.LLBLGen.Pro.DynamicDataSupportClasses.NET35.dll
		Lib\LLBL\SD.LLBLGen.Pro.ORMSupportClasses.dll = Lib\LLBL\SD.LLBLGen.Pro.ORMSupportClasses.dll
		Lib\LLBL\SD.LLBLGen.Pro.ORMSupportClasses.pdb = Lib\LLBL\SD.LLBLGen.Pro.ORMSupportClasses.pdb
		Lib\LLBL\SD.LLBLGen.Pro.ORMSupportClasses.Web.dll = Lib\LLBL\SD.LLBLGen.Pro.ORMSupportClasses.Web.dll
		Lib\LLBL\SD.LLBLGen.Pro.ORMSupportClasses.Web.pdb = Lib\LLBL\SD.LLBLGen.Pro.ORMSupportClasses.Web.pdb
		Lib\LLBL\SD.LLBLGen.Pro.ORMSupportClasses.xml = Lib\LLBL\SD.LLBLGen.Pro.ORMSupportClasses.xml
		Lib\LLBL\SD.LLBLGen.Pro.TypeConverters.dll = Lib\LLBL\SD.LLBLGen.Pro.TypeConverters.dll
	EndProjectSection
EndProject
Project("{2150E333-8FDC-42A3-9474-1A3956D46DE8}") = "Licenses", "Licenses", "{F15CB949-7617-4315-BC90-9A4A94633C86}"
	ProjectSection(SolutionItems) = preProject
		Documentation\AdvancedDataGridView MPL License.txt = Documentation\AdvancedDataGridView MPL License.txt
		Documentation\DynamicQueryable-CSharpSamples MPL License.txt = Documentation\DynamicQueryable-CSharpSamples MPL License.txt
		Documentation\Hawkeye MPL License.txt = Documentation\Hawkeye MPL License.txt
		Documentation\llblgenlinqpad - New BSD License.txt = Documentation\llblgenlinqpad - New BSD License.txt
		nunitforms\NUnitForm license.txt = nunitforms\NUnitForm license.txt
		Documentation\PropertyGridEx CPOL License.html = Documentation\PropertyGridEx CPOL License.html
		Documentation\TextBox TraceListener MIT License.txt = Documentation\TextBox TraceListener MIT License.txt
	EndProjectSection
EndProject
Project("{2150E333-8FDC-42A3-9474-1A3956D46DE8}") = "Hawkeye", "Hawkeye", "{A951B179-B81E-42E2-81CD-242D8E1D278D}"
	ProjectSection(SolutionItems) = preProject
		Lib\ACorns.Hawkeye.Core.dll = Lib\ACorns.Hawkeye.Core.dll
		Lib\ACorns.Hawkeye.Core.pdb = Lib\ACorns.Hawkeye.Core.pdb
		Lib\ACorns.Hawkeye.CoreUI.dll = Lib\ACorns.Hawkeye.CoreUI.dll
		Lib\ACorns.Hawkeye.CoreUI.pdb = Lib\ACorns.Hawkeye.CoreUI.pdb
		Lib\ACorns.Hawkeye.Injector.dll = Lib\ACorns.Hawkeye.Injector.dll
		Lib\ACorns.Hawkeye.Injector.pdb = Lib\ACorns.Hawkeye.Injector.pdb
		Lib\ACorns.PropertyGridExtender.dll = Lib\ACorns.PropertyGridExtender.dll
	EndProjectSection
EndProject
Project("{2150E333-8FDC-42A3-9474-1A3956D46DE8}") = "packages", "packages", "{E041D28F-1794-4FD2-8CB5-034464537EAF}"
	ProjectSection(SolutionItems) = preProject
		packages\repositories.config = packages\repositories.config
	EndProjectSection
EndProject
Project("{2150E333-8FDC-42A3-9474-1A3956D46DE8}") = "NorthWind", "NorthWind", "{EB83CFB5-9FB1-45BC-B391-DE9E215A02C9}"
	ProjectSection(SolutionItems) = preProject
		Northwind\Northwind form icon.ico = Northwind\Northwind form icon.ico
		Northwind\Northwind Traders company logo.jpg = Northwind\Northwind Traders company logo.jpg
	EndProjectSection
EndProject
Project("{2150E333-8FDC-42A3-9474-1A3956D46DE8}") = "3rd Party", "3rd Party", "{7434E18C-A1AD-41F6-BF37-328A289B29CE}"
EndProject
Project("{2150E333-8FDC-42A3-9474-1A3956D46DE8}") = "Helpers", "Helpers", "{0A1DF75C-9F0C-4B2E-BD03-316671ED8146}"
EndProject
Project("{2150E333-8FDC-42A3-9474-1A3956D46DE8}") = "Tools", "Tools", "{79351B3D-6F22-43FC-B6E3-84403C789513}"
EndProject
Project("{2150E333-8FDC-42A3-9474-1A3956D46DE8}") = "Web", "Web", "{F605A711-54B7-4F96-A4A1-DE77C595C167}"
EndProject
Project("{2150E333-8FDC-42A3-9474-1A3956D46DE8}") = ".nuget", ".nuget", "{D8433560-562E-4E96-8B8B-E055A2B2EDBA}"
	ProjectSection(SolutionItems) = preProject
		.nuget\NuGet.Config = .nuget\NuGet.Config
	EndProjectSection
EndProject
Project("{2150E333-8FDC-42A3-9474-1A3956D46DE8}") = "KorzhEasyQuery", "KorzhEasyQuery", "{23799F0F-BB39-4943-92D9-5356321F4A53}"
	ProjectSection(SolutionItems) = preProject
		Lib\KorzhEasyQuery\Korzh.EasyQuery.Db.NET45.dll = Lib\KorzhEasyQuery\Korzh.EasyQuery.Db.NET45.dll
		Lib\KorzhEasyQuery\Korzh.EasyQuery.Mvc4.NET45.dll = Lib\KorzhEasyQuery\Korzh.EasyQuery.Mvc4.NET45.dll
		Lib\KorzhEasyQuery\Korzh.EasyQuery.NET45.dll = Lib\KorzhEasyQuery\Korzh.EasyQuery.NET45.dll
		Lib\KorzhEasyQuery\Korzh.EasyQuery.WebControls.NET45.dll = Lib\KorzhEasyQuery\Korzh.EasyQuery.WebControls.NET45.dll
		Lib\KorzhEasyQuery\Korzh.EasyQuery.WinControls.NET45.dll = Lib\KorzhEasyQuery\Korzh.EasyQuery.WinControls.NET45.dll
	EndProjectSection
EndProject
Project("{FAE04EC0-301F-11D3-BF4B-00C04F79EFBC}") = "AW.Win", "AW.Win\AW.Win.csproj", "{C3B6A2C2-7333-4250-9384-ECB7CE06FE21}"
EndProject
Project("{FAE04EC0-301F-11D3-BF4B-00C04F79EFBC}") = "AW.Data", "AW.Data\AW.Data.csproj", "{47F52527-A001-405B-9CEC-FCBF7FA10855}"
EndProject
Project("{FAE04EC0-301F-11D3-BF4B-00C04F79EFBC}") = "AW.Helper", "AW.Helper\AW.Helper.csproj", "{FFC5B55E-9157-4CE6-81BD-E593E4C08422}"
EndProject
Project("{FAE04EC0-301F-11D3-BF4B-00C04F79EFBC}") = "AW.Winforms.Helpers", "AW.Winforms.Helpers\AW.Winforms.Helpers.csproj", "{D8041984-1823-4672-9B6E-3E99AB6A3A7A}"
EndProject
Project("{FAE04EC0-301F-11D3-BF4B-00C04F79EFBC}") = "AW.Helper.LLBL", "AW.Helper.LLBL\AW.Helper.LLBL.csproj", "{7919C746-73F3-4279-A53B-CC6C08F42318}"
EndProject
Project("{FAE04EC0-301F-11D3-BF4B-00C04F79EFBC}") = "AW.Winforms.Helpers.LLBL", "AW.Winforms.Helpers.LLBL\AW.Winforms.Helpers.LLBL.csproj", "{A67A2102-BA0E-48B3-9EF8-831F72B47160}"
EndProject
Project("{FAE04EC0-301F-11D3-BF4B-00C04F79EFBC}") = "AW.LLBLGen.DataContextDriver", "AW.LLBLGen.DataContextDriver\AW.LLBLGen.DataContextDriver.csproj", "{2661F1B5-62FB-4783-A1A0-57445F397F9E}"
EndProject
Project("{FAE04EC0-301F-11D3-BF4B-00C04F79EFBC}") = "AW.DebugVisualizers", "AW.DebugVisualizers\AW.DebugVisualizers.csproj", "{701547DC-CA90-46EF-83E6-AC0ED4335715}"
EndProject
Project("{FAE04EC0-301F-11D3-BF4B-00C04F79EFBC}") = "AW.DebugVisualizers.Tests", "AW.DebugVisualizers.Tests\AW.DebugVisualizers.Tests.csproj", "{E19E19F1-71EE-4C76-BF94-350A46075BED}"
EndProject
Project("{FAE04EC0-301F-11D3-BF4B-00C04F79EFBC}") = "AW.Win.Tests", "AW.Win.Tests\AW.Win.Tests.csproj", "{2E396D54-F6D4-410B-AF30-0F83CF9659D1}"
EndProject
Project("{FAE04EC0-301F-11D3-BF4B-00C04F79EFBC}") = "AW.Tests", "AW.Test\AW.Tests.csproj", "{80418BDD-8FF2-4F01-8782-AD22A496AF79}"
EndProject
Project("{FAE04EC0-301F-11D3-BF4B-00C04F79EFBC}") = "ObjectListView", "ObjectListView\ObjectListView.csproj", "{3A62F36D-4E53-4532-B9EF-3B303A578B5E}"
EndProject
Project("{FAE04EC0-301F-11D3-BF4B-00C04F79EFBC}") = "AW.LinqToSQL", "AW.LinqToSQL\AW.LinqToSQL.csproj", "{3A769AFA-83F9-4CB0-8F69-60B8487055E0}"
EndProject
Project("{FAE04EC0-301F-11D3-BF4B-00C04F79EFBC}") = "Northwind.DAL", "Northwind\DAL\Northwind.DAL.csproj", "{24FA312C-06E0-462D-97FA-709AC20D09EF}"
EndProject
Project("{FAE04EC0-301F-11D3-BF4B-00C04F79EFBC}") = "AW.LLBLGen.DataContextDriver.Tests", "AW.LLBLGen.DataContextDriver.Tests\AW.LLBLGen.DataContextDriver.Tests.csproj", "{C7514B66-375D-4EA3-B211-711DA2EB450A}"
EndProject
Project("{FAE04EC0-301F-11D3-BF4B-00C04F79EFBC}") = "Northwind.DAL.SqlServer", "Northwind\DAL\SQL Server (SqlClient)\Northwind.DAL.SqlServer.csproj", "{0AAD790B-15C7-4119-9987-3137A0BB20B9}"
EndProject
Project("{FAE04EC0-301F-11D3-BF4B-00C04F79EFBC}") = "Northwind.DAL.Oracle", "Northwind\DAL\Oracle (ODP.NET)\Northwind.DAL.Oracle.csproj", "{D58E3608-5E8C-4CDD-96AB-621AB93B2D45}"
EndProject
Project("{FAE04EC0-301F-11D3-BF4B-00C04F79EFBC}") = "ObjectListView.Test", "ObjectListView.Test\ObjectListView.Test.csproj", "{D978DA92-C5B6-4670-98E4-17390BBCCF08}"
EndProject
Project("{FAE04EC0-301F-11D3-BF4B-00C04F79EFBC}") = "AW.LinqPadExtensions", "AW.LinqPadExtensions\AW.LinqPadExtensions.csproj", "{BBD8CAD5-6A28-494F-A6B0-A5280EC6F92E}"
EndProject
Project("{FAE04EC0-301F-11D3-BF4B-00C04F79EFBC}") = "Northwind.DAL.Services", "Northwind\DAL\Services\Northwind.DAL.Services.csproj", "{D2CBE87C-3EFC-40FA-AE82-1ED67C226AE5}"
EndProject
Project("{FAE04EC0-301F-11D3-BF4B-00C04F79EFBC}") = "Dynamic Data", "Northwind\Dynamic Data\Dynamic Data.csproj", "{F704FF2C-33E0-4E7C-A733-9D4351B0FE4F}"
EndProject
Project("{FAE04EC0-301F-11D3-BF4B-00C04F79EFBC}") = "AW Dynamic Data", "AW Dynamic Data\AW Dynamic Data.csproj", "{DDEF92A0-8E35-4F65-8CBD-584BA9D2D312}"
EndProject
Project("{FAE04EC0-301F-11D3-BF4B-00C04F79EFBC}") = "SD.LLBLGen.Pro.DynamicDataSupportClasses", "DynamicDataSupportClasses\SD.LLBLGen.Pro.DynamicDataSupportClasses.csproj", "{64696470-5D05-4E00-95C4-C320F268E526}"
EndProject
Project("{FAE04EC0-301F-11D3-BF4B-00C04F79EFBC}") = "ListIISApps", "WebSites\ListIISApps\ListIISApps.csproj", "{53C14AAB-2D63-4063-92E3-CC43FA511696}"
EndProject
Project("{FAE04EC0-301F-11D3-BF4B-00C04F79EFBC}") = "Northwind.Win", "Northwind\Northwind.Win\Northwind.Win.csproj", "{3FC1967C-B85A-4455-8850-F1659B8EC163}"
EndProject
Project("{FAE04EC0-301F-11D3-BF4B-00C04F79EFBC}") = "AW.Test.Helpers", "AW.Test.Helper\AW.Test.Helpers.csproj", "{0D78311F-EF3D-442D-BB6F-17225EC0892C}"
EndProject
Project("{FAE04EC0-301F-11D3-BF4B-00C04F79EFBC}") = "NuGetPackWithVersion", "NuGetPackWithVersion\NuGetPackWithVersion.csproj", "{AE12F25F-02C9-498D-9420-1C6B32913D22}"
EndProject
Project("{FAE04EC0-301F-11D3-BF4B-00C04F79EFBC}") = "AW.LLBLGen.Plugins", "AW.LLBLGen.Plugins\AW.LLBLGen.Plugins.csproj", "{0455FCEB-846A-42C7-AECB-47A895213FF2}"
EndProject
Project("{FAE04EC0-301F-11D3-BF4B-00C04F79EFBC}") = "ObjectSourceVisualizer", "Tools\ObjectSourceVisualizer\ObjectSourceVisualizer.csproj", "{131ADE94-66B8-4FE5-96ED-D01E61955327}"
EndProject
Project("{E24C65DC-7377-472B-9ABA-BC803B73C61A}") = "AW.WebDbEditor 4.2", "http://localhost/AW.WebDbEditor 4.2", "{77DFF2FC-CDD8-4DD9-AFF7-4A4AE47982F1}"
	ProjectSection(WebsiteProperties) = preProject
		SccProjectName = "SAK"
		SccAuxPath = "SAK"
		SccLocalPath = "SAK"
		SccProvider = "SAK"
		UseIISExpress = "false"
		TargetFrameworkMoniker = ".NETFramework,Version%3Dv4.0"
		ProjectReferences = "{47f52527-a001-405b-9cec-fcbf7fa10855}|AW.Data.dll;{FFC5B55E-9157-4CE6-81BD-E593E4C08422}|AW.Helper.dll;{7919C746-73F3-4279-A53B-CC6C08F42318}|AW.Helper.LLBL.dll;"
		Debug.AspNetCompiler.VirtualPath = "/AW.WebDbEditor 4.2"
		Debug.AspNetCompiler.PhysicalPath = "AW.WebDbEditor\"
		Debug.AspNetCompiler.TargetPath = "PrecompiledWeb\AW.WebDbEditor 4.2\"
		Debug.AspNetCompiler.Updateable = "true"
		Debug.AspNetCompiler.ForceOverwrite = "true"
		Debug.AspNetCompiler.FixedNames = "false"
		Debug.AspNetCompiler.Debug = "True"
		Release.AspNetCompiler.VirtualPath = "/AW.WebDbEditor 4.2"
		Release.AspNetCompiler.PhysicalPath = "AW.WebDbEditor\"
		Release.AspNetCompiler.TargetPath = "PrecompiledWeb\AW.WebDbEditor 4.2\"
		Release.AspNetCompiler.Updateable = "true"
		Release.AspNetCompiler.ForceOverwrite = "true"
		Release.AspNetCompiler.FixedNames = "false"
		Release.AspNetCompiler.Debug = "False"
		SlnRelativePath = "AW.WebDbEditor\"
	EndProjectSection
EndProject
Global
	GlobalSection(TeamFoundationVersionControl) = preSolution
		SccNumberOfProjects = 30
		SccEnterpriseProvider = {4CA58AB2-18FA-4F8D-95D4-32DDF27D184C}
		SccTeamFoundationServer = https://tfs.codeplex.com/tfs/tfs01
		SccProjectUniqueName0 = AW.Win\\AW.Win.csproj
		SccProjectName0 = AW.Win
		SccAuxPath0 = https://tfs.codeplex.com/tfs/tfs01
		SccLocalPath0 = AW.Win
		SccProvider0 = {4CA58AB2-18FA-4F8D-95D4-32DDF27D184C}
		SccProjectUniqueName1 = AW.Data\\AW.Data.csproj
		SccProjectName1 = AW.Data
		SccAuxPath1 = https://tfs.codeplex.com/tfs/tfs01
		SccLocalPath1 = AW.Data
		SccProvider1 = {4CA58AB2-18FA-4F8D-95D4-32DDF27D184C}
		SccProjectUniqueName2 = AW.Helper\\AW.Helper.csproj
		SccProjectTopLevelParentUniqueName2 = AW\u0020with\u0020Everything.sln
		SccProjectName2 = AW.Helper
		SccAuxPath2 = https://tfs.codeplex.com/tfs/tfs01
		SccLocalPath2 = AW.Helper
		SccProvider2 = {4CA58AB2-18FA-4F8D-95D4-32DDF27D184C}
		SccProjectUniqueName3 = AW.Winforms.Helpers\\AW.Winforms.Helpers.csproj
		SccProjectTopLevelParentUniqueName3 = AW\u0020with\u0020Everything.sln
		SccProjectName3 = AW.Winforms.Helpers
		SccAuxPath3 = https://tfs.codeplex.com/tfs/tfs01
		SccLocalPath3 = AW.Winforms.Helpers
		SccProvider3 = {4CA58AB2-18FA-4F8D-95D4-32DDF27D184C}
		SccProjectUniqueName4 = AW.Helper.LLBL\\AW.Helper.LLBL.csproj
		SccProjectTopLevelParentUniqueName4 = AW\u0020with\u0020Everything.sln
		SccProjectName4 = AW.Helper.LLBL
		SccAuxPath4 = https://tfs.codeplex.com/tfs/tfs01
		SccLocalPath4 = AW.Helper.LLBL
		SccProvider4 = {4CA58AB2-18FA-4F8D-95D4-32DDF27D184C}
		SccProjectUniqueName5 = AW.Winforms.Helpers.LLBL\\AW.Winforms.Helpers.LLBL.csproj
		SccProjectTopLevelParentUniqueName5 = AW\u0020with\u0020Everything.sln
		SccProjectName5 = AW.Winforms.Helpers.LLBL
		SccAuxPath5 = https://tfs.codeplex.com/tfs/tfs01
		SccLocalPath5 = AW.Winforms.Helpers.LLBL
		SccProvider5 = {4CA58AB2-18FA-4F8D-95D4-32DDF27D184C}
		SccProjectUniqueName6 = AW.LLBLGen.DataContextDriver\\AW.LLBLGen.DataContextDriver.csproj
		SccProjectTopLevelParentUniqueName6 = AW\u0020with\u0020Everything.sln
		SccProjectName6 = AW.LLBLGen.DataContextDriver
		SccAuxPath6 = https://tfs.codeplex.com/tfs/tfs01
		SccLocalPath6 = AW.LLBLGen.DataContextDriver
		SccProvider6 = {4CA58AB2-18FA-4F8D-95D4-32DDF27D184C}
		SccProjectUniqueName7 = AW.DebugVisualizers\\AW.DebugVisualizers.csproj
		SccProjectTopLevelParentUniqueName7 = AW\u0020with\u0020Everything.sln
		SccProjectName7 = AW.DebugVisualizers
		SccAuxPath7 = https://tfs.codeplex.com/tfs/tfs01
		SccLocalPath7 = AW.DebugVisualizers
		SccProvider7 = {4CA58AB2-18FA-4F8D-95D4-32DDF27D184C}
		SccProjectUniqueName8 = AW.DebugVisualizers.Tests\\AW.DebugVisualizers.Tests.csproj
		SccProjectTopLevelParentUniqueName8 = AW\u0020with\u0020Everything.sln
		SccProjectName8 = AW.DebugVisualizers.Tests
		SccAuxPath8 = https://tfs.codeplex.com/tfs/tfs01
		SccLocalPath8 = AW.DebugVisualizers.Tests
		SccProvider8 = {4CA58AB2-18FA-4F8D-95D4-32DDF27D184C}
		SccProjectUniqueName9 = AW.Win.Tests\\AW.Win.Tests.csproj
		SccProjectName9 = AW.Win.Tests
		SccAuxPath9 = https://tfs.codeplex.com/tfs/tfs01
		SccLocalPath9 = AW.Win.Tests
		SccProvider9 = {4CA58AB2-18FA-4F8D-95D4-32DDF27D184C}
		SccProjectUniqueName10 = AW.Test\\AW.Tests.csproj
		SccProjectName10 = AW.Test
		SccAuxPath10 = https://tfs.codeplex.com/tfs/tfs01
		SccLocalPath10 = AW.Test
		SccProvider10 = {4CA58AB2-18FA-4F8D-95D4-32DDF27D184C}
		SccProjectUniqueName11 = ObjectListView\\ObjectListView.csproj
		SccProjectTopLevelParentUniqueName11 = AW\u0020with\u0020Everything.sln
		SccProjectName11 = ObjectListView
		SccAuxPath11 = https://tfs.codeplex.com/tfs/tfs01
		SccLocalPath11 = ObjectListView
		SccProvider11 = {4CA58AB2-18FA-4F8D-95D4-32DDF27D184C}
		SccProjectUniqueName12 = AW.LinqToSQL\\AW.LinqToSQL.csproj
		SccProjectName12 = AW.LinqToSQL
		SccAuxPath12 = https://tfs.codeplex.com/tfs/tfs01
		SccLocalPath12 = AW.LinqToSQL
		SccProvider12 = {4CA58AB2-18FA-4F8D-95D4-32DDF27D184C}
		SccProjectUniqueName13 = Northwind\\DAL\\Northwind.DAL.csproj
		SccProjectTopLevelParentUniqueName13 = AW\u0020with\u0020Everything.sln
		SccProjectName13 = Northwind/DAL
		SccAuxPath13 = https://tfs.codeplex.com/tfs/tfs01
		SccLocalPath13 = Northwind\\DAL
		SccProvider13 = {4CA58AB2-18FA-4F8D-95D4-32DDF27D184C}
		SccProjectUniqueName14 = AW.LLBLGen.DataContextDriver.Tests\\AW.LLBLGen.DataContextDriver.Tests.csproj
		SccProjectTopLevelParentUniqueName14 = AW\u0020with\u0020Everything.sln
		SccProjectName14 = AW.LLBLGen.DataContextDriver.Tests
		SccAuxPath14 = https://tfs.codeplex.com/tfs/tfs01
		SccLocalPath14 = AW.LLBLGen.DataContextDriver.Tests
		SccProvider14 = {4CA58AB2-18FA-4F8D-95D4-32DDF27D184C}
		SccProjectUniqueName15 = Northwind\\DAL\\SQL\u0020Server\u0020(SqlClient)\\Northwind.DAL.SqlServer.csproj
		SccProjectTopLevelParentUniqueName15 = AW\u0020with\u0020Everything.sln
		SccProjectName15 = Northwind/DAL/SQL\u0020Server\u0020(SqlClient)
		SccAuxPath15 = https://tfs.codeplex.com/tfs/tfs01
		SccLocalPath15 = Northwind\\DAL\\SQL\u0020Server\u0020(SqlClient)
		SccProvider15 = {4CA58AB2-18FA-4F8D-95D4-32DDF27D184C}
		SccProjectUniqueName16 = Northwind\\DAL\\Oracle\u0020(ODP.NET)\\Northwind.DAL.Oracle.csproj
		SccProjectTopLevelParentUniqueName16 = AW\u0020with\u0020Everything.sln
		SccProjectName16 = Northwind/DAL/Oracle\u0020(ODP.NET)
		SccAuxPath16 = https://tfs.codeplex.com/tfs/tfs01
		SccLocalPath16 = Northwind\\DAL\\Oracle\u0020(ODP.NET)
		SccProvider16 = {4CA58AB2-18FA-4F8D-95D4-32DDF27D184C}
		SccProjectUniqueName17 = ObjectListView.Test\\ObjectListView.Test.csproj
		SccProjectTopLevelParentUniqueName17 = AW\u0020with\u0020Everything.sln
		SccProjectName17 = ObjectListView.Test
		SccAuxPath17 = https://tfs.codeplex.com/tfs/tfs01
		SccLocalPath17 = ObjectListView.Test
		SccProvider17 = {4CA58AB2-18FA-4F8D-95D4-32DDF27D184C}
		SccProjectUniqueName18 = AW.LinqPadExtensions\\AW.LinqPadExtensions.csproj
		SccProjectTopLevelParentUniqueName18 = AW\u0020with\u0020Everything.sln
		SccProjectName18 = AW.LinqPadExtensions
		SccAuxPath18 = https://tfs.codeplex.com/tfs/tfs01
		SccLocalPath18 = AW.LinqPadExtensions
		SccProvider18 = {4CA58AB2-18FA-4F8D-95D4-32DDF27D184C}
		SccProjectUniqueName19 = Northwind\\DAL\\Services\\Northwind.DAL.Services.csproj
		SccProjectTopLevelParentUniqueName19 = AW\u0020with\u0020Everything.sln
		SccProjectName19 = Northwind/DAL/Services
		SccAuxPath19 = https://tfs.codeplex.com/tfs/tfs01
		SccLocalPath19 = Northwind\\DAL\\Services
		SccProvider19 = {4CA58AB2-18FA-4F8D-95D4-32DDF27D184C}
		SccProjectUniqueName20 = Northwind\\Dynamic\u0020Data\\Dynamic\u0020Data.csproj
		SccProjectTopLevelParentUniqueName20 = AW\u0020with\u0020Everything.sln
		SccProjectName20 = Northwind/Dynamic\u0020Data
		SccAuxPath20 = https://tfs.codeplex.com/tfs/tfs01
		SccLocalPath20 = Northwind\\Dynamic\u0020Data
		SccProvider20 = {4CA58AB2-18FA-4F8D-95D4-32DDF27D184C}
		SccProjectUniqueName21 = AW\u0020Dynamic\u0020Data\\AW\u0020Dynamic\u0020Data.csproj
		SccProjectTopLevelParentUniqueName21 = AW\u0020with\u0020Everything.sln
		SccProjectName21 = AW\u0020Dynamic\u0020Data
		SccAuxPath21 = https://tfs.codeplex.com/tfs/tfs01
		SccLocalPath21 = AW\u0020Dynamic\u0020Data
		SccProvider21 = {4CA58AB2-18FA-4F8D-95D4-32DDF27D184C}
		SccProjectUniqueName22 = DynamicDataSupportClasses\\SD.LLBLGen.Pro.DynamicDataSupportClasses.csproj
		SccProjectTopLevelParentUniqueName22 = AW\u0020with\u0020Everything.sln
		SccProjectName22 = DynamicDataSupportClasses
		SccAuxPath22 = https://tfs.codeplex.com/tfs/tfs01
		SccLocalPath22 = DynamicDataSupportClasses
		SccProvider22 = {4CA58AB2-18FA-4F8D-95D4-32DDF27D184C}
		SccProjectUniqueName23 = WebSites\\ListIISApps\\ListIISApps.csproj
		SccProjectTopLevelParentUniqueName23 = AW\u0020with\u0020Everything.sln
		SccProjectName23 = WebSites/ListIISApps
		SccAuxPath23 = https://tfs.codeplex.com/tfs/tfs01
		SccLocalPath23 = WebSites\\ListIISApps
		SccProvider23 = {4CA58AB2-18FA-4F8D-95D4-32DDF27D184C}
		SccProjectUniqueName24 = Northwind\\Northwind.Win\\Northwind.Win.csproj
		SccProjectTopLevelParentUniqueName24 = AW\u0020with\u0020Everything.sln
		SccProjectName24 = Northwind/Northwind.Win
		SccAuxPath24 = https://tfs.codeplex.com/tfs/tfs01
		SccLocalPath24 = Northwind\\Northwind.Win
		SccProvider24 = {4CA58AB2-18FA-4F8D-95D4-32DDF27D184C}
		SccProjectUniqueName25 = AW.Test.Helper\\AW.Test.Helpers.csproj
		SccProjectTopLevelParentUniqueName25 = AW\u0020with\u0020Everything.sln
		SccProjectName25 = AW.Test.Helper
		SccAuxPath25 = https://tfs.codeplex.com/tfs/tfs01
		SccLocalPath25 = AW.Test.Helper
		SccProvider25 = {4CA58AB2-18FA-4F8D-95D4-32DDF27D184C}
		SccProjectUniqueName26 = NuGetPackWithVersion\\NuGetPackWithVersion.csproj
		SccProjectTopLevelParentUniqueName26 = AW\u0020with\u0020Everything.sln
		SccProjectName26 = NuGetPackWithVersion
		SccAuxPath26 = https://tfs.codeplex.com/tfs/tfs01
		SccLocalPath26 = NuGetPackWithVersion
		SccProvider26 = {4CA58AB2-18FA-4F8D-95D4-32DDF27D184C}
		SccProjectUniqueName27 = AW.LLBLGen.Plugins\\AW.LLBLGen.Plugins.csproj
		SccProjectTopLevelParentUniqueName27 = AW\u0020with\u0020Everything.sln
		SccProjectName27 = AW.LLBLGen.Plugins
		SccAuxPath27 = https://tfs.codeplex.com/tfs/tfs01
		SccLocalPath27 = AW.LLBLGen.Plugins
		SccProvider27 = {4CA58AB2-18FA-4F8D-95D4-32DDF27D184C}
		SccProjectUniqueName28 = Tools\\ObjectSourceVisualizer\\ObjectSourceVisualizer.csproj
		SccProjectTopLevelParentUniqueName28 = AW\u0020with\u0020Everything.sln
		SccProjectName28 = Tools/ObjectSourceVisualizer
		SccAuxPath28 = https://tfs.codeplex.com/tfs/tfs01
		SccLocalPath28 = Tools\\ObjectSourceVisualizer
		SccProvider28 = {4CA58AB2-18FA-4F8D-95D4-32DDF27D184C}
		SccWebProject29 = true
		SccProjectUniqueName29 = http://localhost/AW.WebDbEditor\u00204.2
		SccProjectTopLevelParentUniqueName29 = AW\u0020with\u0020Everything.sln
		SccProjectName29 = AW.WebDbEditor
		SccAuxPath29 = https://tfs.codeplex.com/tfs/tfs01
		SccLocalPath29 = AW.WebDbEditor
		SccProvider29 = {4CA58AB2-18FA-4F8D-95D4-32DDF27D184C}
		SccProjectEnlistmentChoice29 = 2
	EndGlobalSection
	GlobalSection(SolutionConfigurationPlatforms) = preSolution
		Debug no unit tests|Any CPU = Debug no unit tests|Any CPU
		Debug no unit tests|x86 = Debug no unit tests|x86
		Debug No Web|Any CPU = Debug No Web|Any CPU
		Debug No Web|x86 = Debug No Web|x86
		Debug|Any CPU = Debug|Any CPU
		Debug|x86 = Debug|x86
		Release - Test|Any CPU = Release - Test|Any CPU
		Release - Test|x86 = Release - Test|x86
		Release 2013|Any CPU = Release 2013|Any CPU
		Release 2013|x86 = Release 2013|x86
		Release|Any CPU = Release|Any CPU
		Release|x86 = Release|x86
	EndGlobalSection
	GlobalSection(ProjectConfigurationPlatforms) = postSolution
		{C3B6A2C2-7333-4250-9384-ECB7CE06FE21}.Debug no unit tests|Any CPU.ActiveCfg = Debug|Any CPU
		{C3B6A2C2-7333-4250-9384-ECB7CE06FE21}.Debug no unit tests|Any CPU.Build.0 = Debug|Any CPU
		{C3B6A2C2-7333-4250-9384-ECB7CE06FE21}.Debug no unit tests|x86.ActiveCfg = Debug|Any CPU
		{C3B6A2C2-7333-4250-9384-ECB7CE06FE21}.Debug No Web|Any CPU.ActiveCfg = Debug|Any CPU
		{C3B6A2C2-7333-4250-9384-ECB7CE06FE21}.Debug No Web|Any CPU.Build.0 = Debug|Any CPU
		{C3B6A2C2-7333-4250-9384-ECB7CE06FE21}.Debug No Web|x86.ActiveCfg = Debug|Any CPU
		{C3B6A2C2-7333-4250-9384-ECB7CE06FE21}.Debug|Any CPU.ActiveCfg = Debug|Any CPU
		{C3B6A2C2-7333-4250-9384-ECB7CE06FE21}.Debug|Any CPU.Build.0 = Debug|Any CPU
		{C3B6A2C2-7333-4250-9384-ECB7CE06FE21}.Debug|x86.ActiveCfg = Debug|Any CPU
		{C3B6A2C2-7333-4250-9384-ECB7CE06FE21}.Release - Test|Any CPU.ActiveCfg = Release|Any CPU
		{C3B6A2C2-7333-4250-9384-ECB7CE06FE21}.Release - Test|Any CPU.Build.0 = Release|Any CPU
		{C3B6A2C2-7333-4250-9384-ECB7CE06FE21}.Release - Test|x86.ActiveCfg = Release|Any CPU
		{C3B6A2C2-7333-4250-9384-ECB7CE06FE21}.Release 2013|Any CPU.ActiveCfg = Release|Any CPU
		{C3B6A2C2-7333-4250-9384-ECB7CE06FE21}.Release 2013|Any CPU.Build.0 = Release|Any CPU
		{C3B6A2C2-7333-4250-9384-ECB7CE06FE21}.Release 2013|x86.ActiveCfg = Release|Any CPU
		{C3B6A2C2-7333-4250-9384-ECB7CE06FE21}.Release 2013|x86.Build.0 = Release|Any CPU
		{C3B6A2C2-7333-4250-9384-ECB7CE06FE21}.Release|Any CPU.ActiveCfg = Release|Any CPU
		{C3B6A2C2-7333-4250-9384-ECB7CE06FE21}.Release|Any CPU.Build.0 = Release|Any CPU
		{C3B6A2C2-7333-4250-9384-ECB7CE06FE21}.Release|x86.ActiveCfg = Release|Any CPU
		{47F52527-A001-405B-9CEC-FCBF7FA10855}.Debug no unit tests|Any CPU.ActiveCfg = Debug|Any CPU
		{47F52527-A001-405B-9CEC-FCBF7FA10855}.Debug no unit tests|Any CPU.Build.0 = Debug|Any CPU
		{47F52527-A001-405B-9CEC-FCBF7FA10855}.Debug no unit tests|x86.ActiveCfg = Debug|Any CPU
		{47F52527-A001-405B-9CEC-FCBF7FA10855}.Debug No Web|Any CPU.ActiveCfg = Debug|Any CPU
		{47F52527-A001-405B-9CEC-FCBF7FA10855}.Debug No Web|Any CPU.Build.0 = Debug|Any CPU
		{47F52527-A001-405B-9CEC-FCBF7FA10855}.Debug No Web|x86.ActiveCfg = Debug|Any CPU
		{47F52527-A001-405B-9CEC-FCBF7FA10855}.Debug|Any CPU.ActiveCfg = Debug|Any CPU
		{47F52527-A001-405B-9CEC-FCBF7FA10855}.Debug|Any CPU.Build.0 = Debug|Any CPU
		{47F52527-A001-405B-9CEC-FCBF7FA10855}.Debug|x86.ActiveCfg = Debug|Any CPU
		{47F52527-A001-405B-9CEC-FCBF7FA10855}.Release - Test|Any CPU.ActiveCfg = Release|Any CPU
		{47F52527-A001-405B-9CEC-FCBF7FA10855}.Release - Test|Any CPU.Build.0 = Release|Any CPU
		{47F52527-A001-405B-9CEC-FCBF7FA10855}.Release - Test|x86.ActiveCfg = Release|Any CPU
		{47F52527-A001-405B-9CEC-FCBF7FA10855}.Release 2013|Any CPU.ActiveCfg = Release|Any CPU
		{47F52527-A001-405B-9CEC-FCBF7FA10855}.Release 2013|Any CPU.Build.0 = Release|Any CPU
		{47F52527-A001-405B-9CEC-FCBF7FA10855}.Release 2013|x86.ActiveCfg = Release|Any CPU
		{47F52527-A001-405B-9CEC-FCBF7FA10855}.Release 2013|x86.Build.0 = Release|Any CPU
		{47F52527-A001-405B-9CEC-FCBF7FA10855}.Release|Any CPU.ActiveCfg = Release|Any CPU
		{47F52527-A001-405B-9CEC-FCBF7FA10855}.Release|Any CPU.Build.0 = Release|Any CPU
		{47F52527-A001-405B-9CEC-FCBF7FA10855}.Release|x86.ActiveCfg = Release|Any CPU
		{FFC5B55E-9157-4CE6-81BD-E593E4C08422}.Debug no unit tests|Any CPU.ActiveCfg = Debug|Any CPU
		{FFC5B55E-9157-4CE6-81BD-E593E4C08422}.Debug no unit tests|Any CPU.Build.0 = Debug|Any CPU
		{FFC5B55E-9157-4CE6-81BD-E593E4C08422}.Debug no unit tests|x86.ActiveCfg = Debug|Any CPU
		{FFC5B55E-9157-4CE6-81BD-E593E4C08422}.Debug No Web|Any CPU.ActiveCfg = Debug|Any CPU
		{FFC5B55E-9157-4CE6-81BD-E593E4C08422}.Debug No Web|Any CPU.Build.0 = Debug|Any CPU
		{FFC5B55E-9157-4CE6-81BD-E593E4C08422}.Debug No Web|x86.ActiveCfg = Debug|Any CPU
		{FFC5B55E-9157-4CE6-81BD-E593E4C08422}.Debug|Any CPU.ActiveCfg = Debug|Any CPU
		{FFC5B55E-9157-4CE6-81BD-E593E4C08422}.Debug|Any CPU.Build.0 = Debug|Any CPU
		{FFC5B55E-9157-4CE6-81BD-E593E4C08422}.Debug|x86.ActiveCfg = Debug|Any CPU
		{FFC5B55E-9157-4CE6-81BD-E593E4C08422}.Release - Test|Any CPU.ActiveCfg = Release|Any CPU
		{FFC5B55E-9157-4CE6-81BD-E593E4C08422}.Release - Test|Any CPU.Build.0 = Release|Any CPU
		{FFC5B55E-9157-4CE6-81BD-E593E4C08422}.Release - Test|x86.ActiveCfg = Release|Any CPU
		{FFC5B55E-9157-4CE6-81BD-E593E4C08422}.Release 2013|Any CPU.ActiveCfg = Release|Any CPU
		{FFC5B55E-9157-4CE6-81BD-E593E4C08422}.Release 2013|Any CPU.Build.0 = Release|Any CPU
		{FFC5B55E-9157-4CE6-81BD-E593E4C08422}.Release 2013|x86.ActiveCfg = Release|Any CPU
		{FFC5B55E-9157-4CE6-81BD-E593E4C08422}.Release 2013|x86.Build.0 = Release|Any CPU
		{FFC5B55E-9157-4CE6-81BD-E593E4C08422}.Release|Any CPU.ActiveCfg = Release|Any CPU
		{FFC5B55E-9157-4CE6-81BD-E593E4C08422}.Release|Any CPU.Build.0 = Release|Any CPU
		{FFC5B55E-9157-4CE6-81BD-E593E4C08422}.Release|x86.ActiveCfg = Release|Any CPU
		{D8041984-1823-4672-9B6E-3E99AB6A3A7A}.Debug no unit tests|Any CPU.ActiveCfg = Debug|Any CPU
		{D8041984-1823-4672-9B6E-3E99AB6A3A7A}.Debug no unit tests|Any CPU.Build.0 = Debug|Any CPU
		{D8041984-1823-4672-9B6E-3E99AB6A3A7A}.Debug no unit tests|x86.ActiveCfg = Debug|Any CPU
		{D8041984-1823-4672-9B6E-3E99AB6A3A7A}.Debug No Web|Any CPU.ActiveCfg = Debug|Any CPU
		{D8041984-1823-4672-9B6E-3E99AB6A3A7A}.Debug No Web|Any CPU.Build.0 = Debug|Any CPU
		{D8041984-1823-4672-9B6E-3E99AB6A3A7A}.Debug No Web|x86.ActiveCfg = Debug|Any CPU
		{D8041984-1823-4672-9B6E-3E99AB6A3A7A}.Debug|Any CPU.ActiveCfg = Debug|Any CPU
		{D8041984-1823-4672-9B6E-3E99AB6A3A7A}.Debug|Any CPU.Build.0 = Debug|Any CPU
		{D8041984-1823-4672-9B6E-3E99AB6A3A7A}.Debug|x86.ActiveCfg = Debug|Any CPU
		{D8041984-1823-4672-9B6E-3E99AB6A3A7A}.Release - Test|Any CPU.ActiveCfg = Release|Any CPU
		{D8041984-1823-4672-9B6E-3E99AB6A3A7A}.Release - Test|Any CPU.Build.0 = Release|Any CPU
		{D8041984-1823-4672-9B6E-3E99AB6A3A7A}.Release - Test|x86.ActiveCfg = Release|Any CPU
		{D8041984-1823-4672-9B6E-3E99AB6A3A7A}.Release 2013|Any CPU.ActiveCfg = Release|Any CPU
		{D8041984-1823-4672-9B6E-3E99AB6A3A7A}.Release 2013|Any CPU.Build.0 = Release|Any CPU
		{D8041984-1823-4672-9B6E-3E99AB6A3A7A}.Release 2013|x86.ActiveCfg = Release|Any CPU
		{D8041984-1823-4672-9B6E-3E99AB6A3A7A}.Release 2013|x86.Build.0 = Release|Any CPU
		{D8041984-1823-4672-9B6E-3E99AB6A3A7A}.Release|Any CPU.ActiveCfg = Release|Any CPU
		{D8041984-1823-4672-9B6E-3E99AB6A3A7A}.Release|Any CPU.Build.0 = Release|Any CPU
		{D8041984-1823-4672-9B6E-3E99AB6A3A7A}.Release|x86.ActiveCfg = Release|Any CPU
		{7919C746-73F3-4279-A53B-CC6C08F42318}.Debug no unit tests|Any CPU.ActiveCfg = Debug|Any CPU
		{7919C746-73F3-4279-A53B-CC6C08F42318}.Debug no unit tests|Any CPU.Build.0 = Debug|Any CPU
		{7919C746-73F3-4279-A53B-CC6C08F42318}.Debug no unit tests|x86.ActiveCfg = Debug|Any CPU
		{7919C746-73F3-4279-A53B-CC6C08F42318}.Debug No Web|Any CPU.ActiveCfg = Debug|Any CPU
		{7919C746-73F3-4279-A53B-CC6C08F42318}.Debug No Web|Any CPU.Build.0 = Debug|Any CPU
		{7919C746-73F3-4279-A53B-CC6C08F42318}.Debug No Web|x86.ActiveCfg = Debug|Any CPU
		{7919C746-73F3-4279-A53B-CC6C08F42318}.Debug|Any CPU.ActiveCfg = Debug|Any CPU
		{7919C746-73F3-4279-A53B-CC6C08F42318}.Debug|Any CPU.Build.0 = Debug|Any CPU
		{7919C746-73F3-4279-A53B-CC6C08F42318}.Debug|x86.ActiveCfg = Debug|Any CPU
		{7919C746-73F3-4279-A53B-CC6C08F42318}.Release - Test|Any CPU.ActiveCfg = Release|Any CPU
		{7919C746-73F3-4279-A53B-CC6C08F42318}.Release - Test|Any CPU.Build.0 = Release|Any CPU
		{7919C746-73F3-4279-A53B-CC6C08F42318}.Release - Test|x86.ActiveCfg = Release|Any CPU
		{7919C746-73F3-4279-A53B-CC6C08F42318}.Release 2013|Any CPU.ActiveCfg = Release|Any CPU
		{7919C746-73F3-4279-A53B-CC6C08F42318}.Release 2013|Any CPU.Build.0 = Release|Any CPU
		{7919C746-73F3-4279-A53B-CC6C08F42318}.Release 2013|x86.ActiveCfg = Release|Any CPU
		{7919C746-73F3-4279-A53B-CC6C08F42318}.Release 2013|x86.Build.0 = Release|Any CPU
		{7919C746-73F3-4279-A53B-CC6C08F42318}.Release|Any CPU.ActiveCfg = Release|Any CPU
		{7919C746-73F3-4279-A53B-CC6C08F42318}.Release|Any CPU.Build.0 = Release|Any CPU
		{7919C746-73F3-4279-A53B-CC6C08F42318}.Release|x86.ActiveCfg = Release|Any CPU
		{A67A2102-BA0E-48B3-9EF8-831F72B47160}.Debug no unit tests|Any CPU.ActiveCfg = Debug|Any CPU
		{A67A2102-BA0E-48B3-9EF8-831F72B47160}.Debug no unit tests|Any CPU.Build.0 = Debug|Any CPU
		{A67A2102-BA0E-48B3-9EF8-831F72B47160}.Debug no unit tests|x86.ActiveCfg = Debug|Any CPU
		{A67A2102-BA0E-48B3-9EF8-831F72B47160}.Debug No Web|Any CPU.ActiveCfg = Debug|Any CPU
		{A67A2102-BA0E-48B3-9EF8-831F72B47160}.Debug No Web|Any CPU.Build.0 = Debug|Any CPU
		{A67A2102-BA0E-48B3-9EF8-831F72B47160}.Debug No Web|x86.ActiveCfg = Debug|Any CPU
		{A67A2102-BA0E-48B3-9EF8-831F72B47160}.Debug|Any CPU.ActiveCfg = Debug|Any CPU
		{A67A2102-BA0E-48B3-9EF8-831F72B47160}.Debug|Any CPU.Build.0 = Debug|Any CPU
		{A67A2102-BA0E-48B3-9EF8-831F72B47160}.Debug|x86.ActiveCfg = Debug|Any CPU
		{A67A2102-BA0E-48B3-9EF8-831F72B47160}.Release - Test|Any CPU.ActiveCfg = Release|Any CPU
		{A67A2102-BA0E-48B3-9EF8-831F72B47160}.Release - Test|Any CPU.Build.0 = Release|Any CPU
		{A67A2102-BA0E-48B3-9EF8-831F72B47160}.Release - Test|x86.ActiveCfg = Release|Any CPU
		{A67A2102-BA0E-48B3-9EF8-831F72B47160}.Release 2013|Any CPU.ActiveCfg = Release|Any CPU
		{A67A2102-BA0E-48B3-9EF8-831F72B47160}.Release 2013|Any CPU.Build.0 = Release|Any CPU
		{A67A2102-BA0E-48B3-9EF8-831F72B47160}.Release 2013|x86.ActiveCfg = Release|Any CPU
		{A67A2102-BA0E-48B3-9EF8-831F72B47160}.Release 2013|x86.Build.0 = Release|Any CPU
		{A67A2102-BA0E-48B3-9EF8-831F72B47160}.Release|Any CPU.ActiveCfg = Release|Any CPU
		{A67A2102-BA0E-48B3-9EF8-831F72B47160}.Release|Any CPU.Build.0 = Release|Any CPU
		{A67A2102-BA0E-48B3-9EF8-831F72B47160}.Release|x86.ActiveCfg = Release|Any CPU
		{2661F1B5-62FB-4783-A1A0-57445F397F9E}.Debug no unit tests|Any CPU.ActiveCfg = Debug|Any CPU
		{2661F1B5-62FB-4783-A1A0-57445F397F9E}.Debug no unit tests|Any CPU.Build.0 = Debug|Any CPU
		{2661F1B5-62FB-4783-A1A0-57445F397F9E}.Debug no unit tests|x86.ActiveCfg = Debug|x86
		{2661F1B5-62FB-4783-A1A0-57445F397F9E}.Debug no unit tests|x86.Build.0 = Debug|x86
		{2661F1B5-62FB-4783-A1A0-57445F397F9E}.Debug No Web|Any CPU.ActiveCfg = Debug|Any CPU
		{2661F1B5-62FB-4783-A1A0-57445F397F9E}.Debug No Web|Any CPU.Build.0 = Debug|Any CPU
		{2661F1B5-62FB-4783-A1A0-57445F397F9E}.Debug No Web|x86.ActiveCfg = Debug|x86
		{2661F1B5-62FB-4783-A1A0-57445F397F9E}.Debug No Web|x86.Build.0 = Debug|x86
		{2661F1B5-62FB-4783-A1A0-57445F397F9E}.Debug|Any CPU.ActiveCfg = Debug|Any CPU
		{2661F1B5-62FB-4783-A1A0-57445F397F9E}.Debug|Any CPU.Build.0 = Debug|Any CPU
		{2661F1B5-62FB-4783-A1A0-57445F397F9E}.Debug|x86.ActiveCfg = Debug|x86
		{2661F1B5-62FB-4783-A1A0-57445F397F9E}.Debug|x86.Build.0 = Debug|x86
		{2661F1B5-62FB-4783-A1A0-57445F397F9E}.Release - Test|Any CPU.ActiveCfg = Release|Any CPU
		{2661F1B5-62FB-4783-A1A0-57445F397F9E}.Release - Test|Any CPU.Build.0 = Release|Any CPU
		{2661F1B5-62FB-4783-A1A0-57445F397F9E}.Release - Test|x86.ActiveCfg = Release|x86
		{2661F1B5-62FB-4783-A1A0-57445F397F9E}.Release - Test|x86.Build.0 = Release|x86
		{2661F1B5-62FB-4783-A1A0-57445F397F9E}.Release 2013|Any CPU.ActiveCfg = Release|Any CPU
		{2661F1B5-62FB-4783-A1A0-57445F397F9E}.Release 2013|Any CPU.Build.0 = Release|Any CPU
		{2661F1B5-62FB-4783-A1A0-57445F397F9E}.Release 2013|x86.ActiveCfg = Release|x86
		{2661F1B5-62FB-4783-A1A0-57445F397F9E}.Release 2013|x86.Build.0 = Release|x86
		{2661F1B5-62FB-4783-A1A0-57445F397F9E}.Release|Any CPU.ActiveCfg = Release|Any CPU
		{2661F1B5-62FB-4783-A1A0-57445F397F9E}.Release|Any CPU.Build.0 = Release|Any CPU
		{2661F1B5-62FB-4783-A1A0-57445F397F9E}.Release|x86.ActiveCfg = Release|x86
		{2661F1B5-62FB-4783-A1A0-57445F397F9E}.Release|x86.Build.0 = Release|x86
		{701547DC-CA90-46EF-83E6-AC0ED4335715}.Debug no unit tests|Any CPU.ActiveCfg = Debug|Any CPU
		{701547DC-CA90-46EF-83E6-AC0ED4335715}.Debug no unit tests|Any CPU.Build.0 = Debug|Any CPU
		{701547DC-CA90-46EF-83E6-AC0ED4335715}.Debug no unit tests|x86.ActiveCfg = Debug|Any CPU
		{701547DC-CA90-46EF-83E6-AC0ED4335715}.Debug No Web|Any CPU.ActiveCfg = Debug|Any CPU
		{701547DC-CA90-46EF-83E6-AC0ED4335715}.Debug No Web|Any CPU.Build.0 = Debug|Any CPU
		{701547DC-CA90-46EF-83E6-AC0ED4335715}.Debug No Web|x86.ActiveCfg = Debug|Any CPU
		{701547DC-CA90-46EF-83E6-AC0ED4335715}.Debug|Any CPU.ActiveCfg = Debug|Any CPU
		{701547DC-CA90-46EF-83E6-AC0ED4335715}.Debug|Any CPU.Build.0 = Debug|Any CPU
		{701547DC-CA90-46EF-83E6-AC0ED4335715}.Debug|x86.ActiveCfg = Debug|Any CPU
		{701547DC-CA90-46EF-83E6-AC0ED4335715}.Release - Test|Any CPU.ActiveCfg = Release|Any CPU
		{701547DC-CA90-46EF-83E6-AC0ED4335715}.Release - Test|Any CPU.Build.0 = Release|Any CPU
		{701547DC-CA90-46EF-83E6-AC0ED4335715}.Release - Test|x86.ActiveCfg = Release|Any CPU
		{701547DC-CA90-46EF-83E6-AC0ED4335715}.Release 2013|Any CPU.ActiveCfg = Release 2013|Any CPU
		{701547DC-CA90-46EF-83E6-AC0ED4335715}.Release 2013|Any CPU.Build.0 = Release 2013|Any CPU
		{701547DC-CA90-46EF-83E6-AC0ED4335715}.Release 2013|x86.ActiveCfg = Release 2013|Any CPU
		{701547DC-CA90-46EF-83E6-AC0ED4335715}.Release 2013|x86.Build.0 = Release 2013|Any CPU
		{701547DC-CA90-46EF-83E6-AC0ED4335715}.Release|Any CPU.ActiveCfg = Release|Any CPU
		{701547DC-CA90-46EF-83E6-AC0ED4335715}.Release|Any CPU.Build.0 = Release|Any CPU
		{701547DC-CA90-46EF-83E6-AC0ED4335715}.Release|x86.ActiveCfg = Release|Any CPU
		{E19E19F1-71EE-4C76-BF94-350A46075BED}.Debug no unit tests|Any CPU.ActiveCfg = Debug|Any CPU
		{E19E19F1-71EE-4C76-BF94-350A46075BED}.Debug no unit tests|x86.ActiveCfg = Debug|Any CPU
		{E19E19F1-71EE-4C76-BF94-350A46075BED}.Debug No Web|Any CPU.ActiveCfg = Debug|Any CPU
		{E19E19F1-71EE-4C76-BF94-350A46075BED}.Debug No Web|Any CPU.Build.0 = Debug|Any CPU
		{E19E19F1-71EE-4C76-BF94-350A46075BED}.Debug No Web|x86.ActiveCfg = Debug|Any CPU
		{E19E19F1-71EE-4C76-BF94-350A46075BED}.Debug|Any CPU.ActiveCfg = Debug|Any CPU
		{E19E19F1-71EE-4C76-BF94-350A46075BED}.Debug|Any CPU.Build.0 = Debug|Any CPU
		{E19E19F1-71EE-4C76-BF94-350A46075BED}.Debug|x86.ActiveCfg = Debug|Any CPU
		{E19E19F1-71EE-4C76-BF94-350A46075BED}.Release - Test|Any CPU.ActiveCfg = Release|Any CPU
		{E19E19F1-71EE-4C76-BF94-350A46075BED}.Release - Test|Any CPU.Build.0 = Release|Any CPU
		{E19E19F1-71EE-4C76-BF94-350A46075BED}.Release - Test|x86.ActiveCfg = Release|Any CPU
		{E19E19F1-71EE-4C76-BF94-350A46075BED}.Release 2013|Any CPU.ActiveCfg = Release 2013|Any CPU
		{E19E19F1-71EE-4C76-BF94-350A46075BED}.Release 2013|Any CPU.Build.0 = Release 2013|Any CPU
		{E19E19F1-71EE-4C76-BF94-350A46075BED}.Release 2013|x86.ActiveCfg = Release|Any CPU
		{E19E19F1-71EE-4C76-BF94-350A46075BED}.Release 2013|x86.Build.0 = Release|Any CPU
		{E19E19F1-71EE-4C76-BF94-350A46075BED}.Release|Any CPU.ActiveCfg = Release|Any CPU
		{E19E19F1-71EE-4C76-BF94-350A46075BED}.Release|Any CPU.Build.0 = Release|Any CPU
		{E19E19F1-71EE-4C76-BF94-350A46075BED}.Release|x86.ActiveCfg = Release|Any CPU
		{2E396D54-F6D4-410B-AF30-0F83CF9659D1}.Debug no unit tests|Any CPU.ActiveCfg = Debug|Any CPU
		{2E396D54-F6D4-410B-AF30-0F83CF9659D1}.Debug no unit tests|x86.ActiveCfg = Debug|Any CPU
		{2E396D54-F6D4-410B-AF30-0F83CF9659D1}.Debug No Web|Any CPU.ActiveCfg = Debug|Any CPU
		{2E396D54-F6D4-410B-AF30-0F83CF9659D1}.Debug No Web|Any CPU.Build.0 = Debug|Any CPU
		{2E396D54-F6D4-410B-AF30-0F83CF9659D1}.Debug No Web|x86.ActiveCfg = Debug|Any CPU
		{2E396D54-F6D4-410B-AF30-0F83CF9659D1}.Debug|Any CPU.ActiveCfg = Debug|Any CPU
		{2E396D54-F6D4-410B-AF30-0F83CF9659D1}.Debug|Any CPU.Build.0 = Debug|Any CPU
		{2E396D54-F6D4-410B-AF30-0F83CF9659D1}.Debug|x86.ActiveCfg = Debug|Any CPU
		{2E396D54-F6D4-410B-AF30-0F83CF9659D1}.Release - Test|Any CPU.ActiveCfg = Release|Any CPU
		{2E396D54-F6D4-410B-AF30-0F83CF9659D1}.Release - Test|Any CPU.Build.0 = Release|Any CPU
		{2E396D54-F6D4-410B-AF30-0F83CF9659D1}.Release - Test|x86.ActiveCfg = Release|Any CPU
		{2E396D54-F6D4-410B-AF30-0F83CF9659D1}.Release 2013|Any CPU.ActiveCfg = Release|Any CPU
		{2E396D54-F6D4-410B-AF30-0F83CF9659D1}.Release 2013|Any CPU.Build.0 = Release|Any CPU
		{2E396D54-F6D4-410B-AF30-0F83CF9659D1}.Release 2013|x86.ActiveCfg = Release|Any CPU
		{2E396D54-F6D4-410B-AF30-0F83CF9659D1}.Release 2013|x86.Build.0 = Release|Any CPU
		{2E396D54-F6D4-410B-AF30-0F83CF9659D1}.Release|Any CPU.ActiveCfg = Release|Any CPU
		{2E396D54-F6D4-410B-AF30-0F83CF9659D1}.Release|Any CPU.Build.0 = Release|Any CPU
		{2E396D54-F6D4-410B-AF30-0F83CF9659D1}.Release|x86.ActiveCfg = Release|Any CPU
		{80418BDD-8FF2-4F01-8782-AD22A496AF79}.Debug no unit tests|Any CPU.ActiveCfg = Debug|Any CPU
		{80418BDD-8FF2-4F01-8782-AD22A496AF79}.Debug no unit tests|x86.ActiveCfg = Debug|Any CPU
		{80418BDD-8FF2-4F01-8782-AD22A496AF79}.Debug No Web|Any CPU.ActiveCfg = Debug|Any CPU
		{80418BDD-8FF2-4F01-8782-AD22A496AF79}.Debug No Web|Any CPU.Build.0 = Debug|Any CPU
		{80418BDD-8FF2-4F01-8782-AD22A496AF79}.Debug No Web|x86.ActiveCfg = Debug|Any CPU
		{80418BDD-8FF2-4F01-8782-AD22A496AF79}.Debug|Any CPU.ActiveCfg = Debug|Any CPU
		{80418BDD-8FF2-4F01-8782-AD22A496AF79}.Debug|Any CPU.Build.0 = Debug|Any CPU
		{80418BDD-8FF2-4F01-8782-AD22A496AF79}.Debug|x86.ActiveCfg = Debug|Any CPU
		{80418BDD-8FF2-4F01-8782-AD22A496AF79}.Release - Test|Any CPU.ActiveCfg = Release|Any CPU
		{80418BDD-8FF2-4F01-8782-AD22A496AF79}.Release - Test|Any CPU.Build.0 = Release|Any CPU
		{80418BDD-8FF2-4F01-8782-AD22A496AF79}.Release - Test|x86.ActiveCfg = Release|Any CPU
		{80418BDD-8FF2-4F01-8782-AD22A496AF79}.Release 2013|Any CPU.ActiveCfg = Release|Any CPU
		{80418BDD-8FF2-4F01-8782-AD22A496AF79}.Release 2013|Any CPU.Build.0 = Release|Any CPU
		{80418BDD-8FF2-4F01-8782-AD22A496AF79}.Release 2013|x86.ActiveCfg = Release|Any CPU
		{80418BDD-8FF2-4F01-8782-AD22A496AF79}.Release 2013|x86.Build.0 = Release|Any CPU
		{80418BDD-8FF2-4F01-8782-AD22A496AF79}.Release|Any CPU.ActiveCfg = Release|Any CPU
		{80418BDD-8FF2-4F01-8782-AD22A496AF79}.Release|Any CPU.Build.0 = Release|Any CPU
		{80418BDD-8FF2-4F01-8782-AD22A496AF79}.Release|x86.ActiveCfg = Release|Any CPU
		{3A62F36D-4E53-4532-B9EF-3B303A578B5E}.Debug no unit tests|Any CPU.ActiveCfg = Debug|Any CPU
		{3A62F36D-4E53-4532-B9EF-3B303A578B5E}.Debug no unit tests|Any CPU.Build.0 = Debug|Any CPU
		{3A62F36D-4E53-4532-B9EF-3B303A578B5E}.Debug no unit tests|x86.ActiveCfg = Debug|Any CPU
		{3A62F36D-4E53-4532-B9EF-3B303A578B5E}.Debug No Web|Any CPU.ActiveCfg = Debug|Any CPU
		{3A62F36D-4E53-4532-B9EF-3B303A578B5E}.Debug No Web|Any CPU.Build.0 = Debug|Any CPU
		{3A62F36D-4E53-4532-B9EF-3B303A578B5E}.Debug No Web|x86.ActiveCfg = Debug|Any CPU
		{3A62F36D-4E53-4532-B9EF-3B303A578B5E}.Debug|Any CPU.ActiveCfg = Debug|Any CPU
		{3A62F36D-4E53-4532-B9EF-3B303A578B5E}.Debug|Any CPU.Build.0 = Debug|Any CPU
		{3A62F36D-4E53-4532-B9EF-3B303A578B5E}.Debug|x86.ActiveCfg = Debug|Any CPU
		{3A62F36D-4E53-4532-B9EF-3B303A578B5E}.Release - Test|Any CPU.ActiveCfg = Release - Test|Any CPU
		{3A62F36D-4E53-4532-B9EF-3B303A578B5E}.Release - Test|Any CPU.Build.0 = Release - Test|Any CPU
		{3A62F36D-4E53-4532-B9EF-3B303A578B5E}.Release - Test|x86.ActiveCfg = Release - Test|Any CPU
		{3A62F36D-4E53-4532-B9EF-3B303A578B5E}.Release 2013|Any CPU.ActiveCfg = Release 2013|Any CPU
		{3A62F36D-4E53-4532-B9EF-3B303A578B5E}.Release 2013|Any CPU.Build.0 = Release 2013|Any CPU
		{3A62F36D-4E53-4532-B9EF-3B303A578B5E}.Release 2013|x86.ActiveCfg = Release - Test|Any CPU
		{3A62F36D-4E53-4532-B9EF-3B303A578B5E}.Release 2013|x86.Build.0 = Release - Test|Any CPU
		{3A62F36D-4E53-4532-B9EF-3B303A578B5E}.Release|Any CPU.ActiveCfg = Release|Any CPU
		{3A62F36D-4E53-4532-B9EF-3B303A578B5E}.Release|Any CPU.Build.0 = Release|Any CPU
		{3A62F36D-4E53-4532-B9EF-3B303A578B5E}.Release|x86.ActiveCfg = Release|Any CPU
		{3A769AFA-83F9-4CB0-8F69-60B8487055E0}.Debug no unit tests|Any CPU.ActiveCfg = Debug|Any CPU
		{3A769AFA-83F9-4CB0-8F69-60B8487055E0}.Debug no unit tests|Any CPU.Build.0 = Debug|Any CPU
		{3A769AFA-83F9-4CB0-8F69-60B8487055E0}.Debug no unit tests|x86.ActiveCfg = Debug|Any CPU
		{3A769AFA-83F9-4CB0-8F69-60B8487055E0}.Debug No Web|Any CPU.ActiveCfg = Debug|Any CPU
		{3A769AFA-83F9-4CB0-8F69-60B8487055E0}.Debug No Web|Any CPU.Build.0 = Debug|Any CPU
		{3A769AFA-83F9-4CB0-8F69-60B8487055E0}.Debug No Web|x86.ActiveCfg = Debug|Any CPU
		{3A769AFA-83F9-4CB0-8F69-60B8487055E0}.Debug|Any CPU.ActiveCfg = Debug|Any CPU
		{3A769AFA-83F9-4CB0-8F69-60B8487055E0}.Debug|Any CPU.Build.0 = Debug|Any CPU
		{3A769AFA-83F9-4CB0-8F69-60B8487055E0}.Debug|x86.ActiveCfg = Debug|Any CPU
		{3A769AFA-83F9-4CB0-8F69-60B8487055E0}.Release - Test|Any CPU.ActiveCfg = Release|Any CPU
		{3A769AFA-83F9-4CB0-8F69-60B8487055E0}.Release - Test|Any CPU.Build.0 = Release|Any CPU
		{3A769AFA-83F9-4CB0-8F69-60B8487055E0}.Release - Test|x86.ActiveCfg = Release|Any CPU
		{3A769AFA-83F9-4CB0-8F69-60B8487055E0}.Release 2013|Any CPU.ActiveCfg = Release|Any CPU
		{3A769AFA-83F9-4CB0-8F69-60B8487055E0}.Release 2013|Any CPU.Build.0 = Release|Any CPU
		{3A769AFA-83F9-4CB0-8F69-60B8487055E0}.Release 2013|x86.ActiveCfg = Release|Any CPU
		{3A769AFA-83F9-4CB0-8F69-60B8487055E0}.Release 2013|x86.Build.0 = Release|Any CPU
		{3A769AFA-83F9-4CB0-8F69-60B8487055E0}.Release|Any CPU.ActiveCfg = Release|Any CPU
		{3A769AFA-83F9-4CB0-8F69-60B8487055E0}.Release|Any CPU.Build.0 = Release|Any CPU
		{3A769AFA-83F9-4CB0-8F69-60B8487055E0}.Release|x86.ActiveCfg = Release|Any CPU
		{24FA312C-06E0-462D-97FA-709AC20D09EF}.Debug no unit tests|Any CPU.ActiveCfg = Debug|Any CPU
		{24FA312C-06E0-462D-97FA-709AC20D09EF}.Debug no unit tests|Any CPU.Build.0 = Debug|Any CPU
		{24FA312C-06E0-462D-97FA-709AC20D09EF}.Debug no unit tests|x86.ActiveCfg = Debug|Any CPU
		{24FA312C-06E0-462D-97FA-709AC20D09EF}.Debug No Web|Any CPU.ActiveCfg = Debug|Any CPU
		{24FA312C-06E0-462D-97FA-709AC20D09EF}.Debug No Web|Any CPU.Build.0 = Debug|Any CPU
		{24FA312C-06E0-462D-97FA-709AC20D09EF}.Debug No Web|x86.ActiveCfg = Debug|Any CPU
		{24FA312C-06E0-462D-97FA-709AC20D09EF}.Debug|Any CPU.ActiveCfg = Debug|Any CPU
		{24FA312C-06E0-462D-97FA-709AC20D09EF}.Debug|Any CPU.Build.0 = Debug|Any CPU
		{24FA312C-06E0-462D-97FA-709AC20D09EF}.Debug|x86.ActiveCfg = Debug|Any CPU
		{24FA312C-06E0-462D-97FA-709AC20D09EF}.Release - Test|Any CPU.ActiveCfg = Release|Any CPU
		{24FA312C-06E0-462D-97FA-709AC20D09EF}.Release - Test|Any CPU.Build.0 = Release|Any CPU
		{24FA312C-06E0-462D-97FA-709AC20D09EF}.Release - Test|x86.ActiveCfg = Release|Any CPU
		{24FA312C-06E0-462D-97FA-709AC20D09EF}.Release 2013|Any CPU.ActiveCfg = Release|Any CPU
		{24FA312C-06E0-462D-97FA-709AC20D09EF}.Release 2013|Any CPU.Build.0 = Release|Any CPU
		{24FA312C-06E0-462D-97FA-709AC20D09EF}.Release 2013|x86.ActiveCfg = Release|Any CPU
		{24FA312C-06E0-462D-97FA-709AC20D09EF}.Release 2013|x86.Build.0 = Release|Any CPU
		{24FA312C-06E0-462D-97FA-709AC20D09EF}.Release|Any CPU.ActiveCfg = Release|Any CPU
		{24FA312C-06E0-462D-97FA-709AC20D09EF}.Release|Any CPU.Build.0 = Release|Any CPU
		{24FA312C-06E0-462D-97FA-709AC20D09EF}.Release|x86.ActiveCfg = Release|Any CPU
		{C7514B66-375D-4EA3-B211-711DA2EB450A}.Debug no unit tests|Any CPU.ActiveCfg = Debug|Any CPU
		{C7514B66-375D-4EA3-B211-711DA2EB450A}.Debug no unit tests|x86.ActiveCfg = Debug|Any CPU
		{C7514B66-375D-4EA3-B211-711DA2EB450A}.Debug No Web|Any CPU.ActiveCfg = Debug|Any CPU
		{C7514B66-375D-4EA3-B211-711DA2EB450A}.Debug No Web|Any CPU.Build.0 = Debug|Any CPU
		{C7514B66-375D-4EA3-B211-711DA2EB450A}.Debug No Web|x86.ActiveCfg = Debug|Any CPU
		{C7514B66-375D-4EA3-B211-711DA2EB450A}.Debug|Any CPU.ActiveCfg = Debug|Any CPU
		{C7514B66-375D-4EA3-B211-711DA2EB450A}.Debug|Any CPU.Build.0 = Debug|Any CPU
		{C7514B66-375D-4EA3-B211-711DA2EB450A}.Debug|x86.ActiveCfg = Debug|Any CPU
		{C7514B66-375D-4EA3-B211-711DA2EB450A}.Release - Test|Any CPU.ActiveCfg = Release|Any CPU
		{C7514B66-375D-4EA3-B211-711DA2EB450A}.Release - Test|Any CPU.Build.0 = Release|Any CPU
		{C7514B66-375D-4EA3-B211-711DA2EB450A}.Release - Test|x86.ActiveCfg = Release|Any CPU
		{C7514B66-375D-4EA3-B211-711DA2EB450A}.Release 2013|Any CPU.ActiveCfg = Release|Any CPU
		{C7514B66-375D-4EA3-B211-711DA2EB450A}.Release 2013|Any CPU.Build.0 = Release|Any CPU
		{C7514B66-375D-4EA3-B211-711DA2EB450A}.Release 2013|x86.ActiveCfg = Release|Any CPU
		{C7514B66-375D-4EA3-B211-711DA2EB450A}.Release 2013|x86.Build.0 = Release|Any CPU
		{C7514B66-375D-4EA3-B211-711DA2EB450A}.Release|Any CPU.ActiveCfg = Release|Any CPU
		{C7514B66-375D-4EA3-B211-711DA2EB450A}.Release|Any CPU.Build.0 = Release|Any CPU
		{C7514B66-375D-4EA3-B211-711DA2EB450A}.Release|x86.ActiveCfg = Release|Any CPU
		{0AAD790B-15C7-4119-9987-3137A0BB20B9}.Debug no unit tests|Any CPU.ActiveCfg = Debug|Any CPU
		{0AAD790B-15C7-4119-9987-3137A0BB20B9}.Debug no unit tests|Any CPU.Build.0 = Debug|Any CPU
		{0AAD790B-15C7-4119-9987-3137A0BB20B9}.Debug no unit tests|x86.ActiveCfg = Debug|Any CPU
		{0AAD790B-15C7-4119-9987-3137A0BB20B9}.Debug No Web|Any CPU.ActiveCfg = Debug|Any CPU
		{0AAD790B-15C7-4119-9987-3137A0BB20B9}.Debug No Web|Any CPU.Build.0 = Debug|Any CPU
		{0AAD790B-15C7-4119-9987-3137A0BB20B9}.Debug No Web|x86.ActiveCfg = Debug|Any CPU
		{0AAD790B-15C7-4119-9987-3137A0BB20B9}.Debug|Any CPU.ActiveCfg = Debug|Any CPU
		{0AAD790B-15C7-4119-9987-3137A0BB20B9}.Debug|Any CPU.Build.0 = Debug|Any CPU
		{0AAD790B-15C7-4119-9987-3137A0BB20B9}.Debug|x86.ActiveCfg = Debug|Any CPU
		{0AAD790B-15C7-4119-9987-3137A0BB20B9}.Release - Test|Any CPU.ActiveCfg = Release|Any CPU
		{0AAD790B-15C7-4119-9987-3137A0BB20B9}.Release - Test|Any CPU.Build.0 = Release|Any CPU
		{0AAD790B-15C7-4119-9987-3137A0BB20B9}.Release - Test|x86.ActiveCfg = Release|Any CPU
		{0AAD790B-15C7-4119-9987-3137A0BB20B9}.Release 2013|Any CPU.ActiveCfg = Release|Any CPU
		{0AAD790B-15C7-4119-9987-3137A0BB20B9}.Release 2013|Any CPU.Build.0 = Release|Any CPU
		{0AAD790B-15C7-4119-9987-3137A0BB20B9}.Release 2013|x86.ActiveCfg = Release|Any CPU
		{0AAD790B-15C7-4119-9987-3137A0BB20B9}.Release 2013|x86.Build.0 = Release|Any CPU
		{0AAD790B-15C7-4119-9987-3137A0BB20B9}.Release|Any CPU.ActiveCfg = Release|Any CPU
		{0AAD790B-15C7-4119-9987-3137A0BB20B9}.Release|Any CPU.Build.0 = Release|Any CPU
		{0AAD790B-15C7-4119-9987-3137A0BB20B9}.Release|x86.ActiveCfg = Release|Any CPU
		{D58E3608-5E8C-4CDD-96AB-621AB93B2D45}.Debug no unit tests|Any CPU.ActiveCfg = Debug|Any CPU
		{D58E3608-5E8C-4CDD-96AB-621AB93B2D45}.Debug no unit tests|Any CPU.Build.0 = Debug|Any CPU
		{D58E3608-5E8C-4CDD-96AB-621AB93B2D45}.Debug no unit tests|x86.ActiveCfg = Debug|Any CPU
		{D58E3608-5E8C-4CDD-96AB-621AB93B2D45}.Debug No Web|Any CPU.ActiveCfg = Debug|Any CPU
		{D58E3608-5E8C-4CDD-96AB-621AB93B2D45}.Debug No Web|Any CPU.Build.0 = Debug|Any CPU
		{D58E3608-5E8C-4CDD-96AB-621AB93B2D45}.Debug No Web|x86.ActiveCfg = Debug|Any CPU
		{D58E3608-5E8C-4CDD-96AB-621AB93B2D45}.Debug|Any CPU.ActiveCfg = Debug|Any CPU
		{D58E3608-5E8C-4CDD-96AB-621AB93B2D45}.Debug|Any CPU.Build.0 = Debug|Any CPU
		{D58E3608-5E8C-4CDD-96AB-621AB93B2D45}.Debug|x86.ActiveCfg = Debug|Any CPU
		{D58E3608-5E8C-4CDD-96AB-621AB93B2D45}.Release - Test|Any CPU.ActiveCfg = Release|Any CPU
		{D58E3608-5E8C-4CDD-96AB-621AB93B2D45}.Release - Test|Any CPU.Build.0 = Release|Any CPU
		{D58E3608-5E8C-4CDD-96AB-621AB93B2D45}.Release - Test|x86.ActiveCfg = Release|Any CPU
		{D58E3608-5E8C-4CDD-96AB-621AB93B2D45}.Release 2013|Any CPU.ActiveCfg = Release|Any CPU
		{D58E3608-5E8C-4CDD-96AB-621AB93B2D45}.Release 2013|Any CPU.Build.0 = Release|Any CPU
		{D58E3608-5E8C-4CDD-96AB-621AB93B2D45}.Release 2013|x86.ActiveCfg = Release|Any CPU
		{D58E3608-5E8C-4CDD-96AB-621AB93B2D45}.Release 2013|x86.Build.0 = Release|Any CPU
		{D58E3608-5E8C-4CDD-96AB-621AB93B2D45}.Release|Any CPU.ActiveCfg = Release|Any CPU
		{D58E3608-5E8C-4CDD-96AB-621AB93B2D45}.Release|Any CPU.Build.0 = Release|Any CPU
		{D58E3608-5E8C-4CDD-96AB-621AB93B2D45}.Release|x86.ActiveCfg = Release|Any CPU
		{D978DA92-C5B6-4670-98E4-17390BBCCF08}.Debug no unit tests|Any CPU.ActiveCfg = Debug|Any CPU
		{D978DA92-C5B6-4670-98E4-17390BBCCF08}.Debug no unit tests|x86.ActiveCfg = Debug|Any CPU
		{D978DA92-C5B6-4670-98E4-17390BBCCF08}.Debug No Web|Any CPU.ActiveCfg = Debug|Any CPU
		{D978DA92-C5B6-4670-98E4-17390BBCCF08}.Debug No Web|Any CPU.Build.0 = Debug|Any CPU
		{D978DA92-C5B6-4670-98E4-17390BBCCF08}.Debug No Web|x86.ActiveCfg = Debug|Any CPU
		{D978DA92-C5B6-4670-98E4-17390BBCCF08}.Debug|Any CPU.ActiveCfg = Debug|Any CPU
		{D978DA92-C5B6-4670-98E4-17390BBCCF08}.Debug|Any CPU.Build.0 = Debug|Any CPU
		{D978DA92-C5B6-4670-98E4-17390BBCCF08}.Debug|x86.ActiveCfg = Debug|Any CPU
		{D978DA92-C5B6-4670-98E4-17390BBCCF08}.Release - Test|Any CPU.ActiveCfg = Release|Any CPU
		{D978DA92-C5B6-4670-98E4-17390BBCCF08}.Release - Test|Any CPU.Build.0 = Release|Any CPU
		{D978DA92-C5B6-4670-98E4-17390BBCCF08}.Release - Test|x86.ActiveCfg = Release|Any CPU
		{D978DA92-C5B6-4670-98E4-17390BBCCF08}.Release 2013|Any CPU.ActiveCfg = Release|Any CPU
		{D978DA92-C5B6-4670-98E4-17390BBCCF08}.Release 2013|Any CPU.Build.0 = Release|Any CPU
		{D978DA92-C5B6-4670-98E4-17390BBCCF08}.Release 2013|x86.ActiveCfg = Release|Any CPU
		{D978DA92-C5B6-4670-98E4-17390BBCCF08}.Release 2013|x86.Build.0 = Release|Any CPU
		{D978DA92-C5B6-4670-98E4-17390BBCCF08}.Release|Any CPU.ActiveCfg = Release|Any CPU
		{D978DA92-C5B6-4670-98E4-17390BBCCF08}.Release|Any CPU.Build.0 = Release|Any CPU
		{D978DA92-C5B6-4670-98E4-17390BBCCF08}.Release|x86.ActiveCfg = Release|Any CPU
		{BBD8CAD5-6A28-494F-A6B0-A5280EC6F92E}.Debug no unit tests|Any CPU.ActiveCfg = Debug|Any CPU
		{BBD8CAD5-6A28-494F-A6B0-A5280EC6F92E}.Debug no unit tests|Any CPU.Build.0 = Debug|Any CPU
		{BBD8CAD5-6A28-494F-A6B0-A5280EC6F92E}.Debug no unit tests|x86.ActiveCfg = Debug|x86
		{BBD8CAD5-6A28-494F-A6B0-A5280EC6F92E}.Debug no unit tests|x86.Build.0 = Debug|x86
		{BBD8CAD5-6A28-494F-A6B0-A5280EC6F92E}.Debug No Web|Any CPU.ActiveCfg = Debug|Any CPU
		{BBD8CAD5-6A28-494F-A6B0-A5280EC6F92E}.Debug No Web|Any CPU.Build.0 = Debug|Any CPU
		{BBD8CAD5-6A28-494F-A6B0-A5280EC6F92E}.Debug No Web|x86.ActiveCfg = Debug|x86
		{BBD8CAD5-6A28-494F-A6B0-A5280EC6F92E}.Debug No Web|x86.Build.0 = Debug|x86
		{BBD8CAD5-6A28-494F-A6B0-A5280EC6F92E}.Debug|Any CPU.ActiveCfg = Debug|Any CPU
		{BBD8CAD5-6A28-494F-A6B0-A5280EC6F92E}.Debug|Any CPU.Build.0 = Debug|Any CPU
		{BBD8CAD5-6A28-494F-A6B0-A5280EC6F92E}.Debug|x86.ActiveCfg = Debug|x86
		{BBD8CAD5-6A28-494F-A6B0-A5280EC6F92E}.Debug|x86.Build.0 = Debug|x86
		{BBD8CAD5-6A28-494F-A6B0-A5280EC6F92E}.Release - Test|Any CPU.ActiveCfg = Release|x86
		{BBD8CAD5-6A28-494F-A6B0-A5280EC6F92E}.Release - Test|x86.ActiveCfg = Release|x86
		{BBD8CAD5-6A28-494F-A6B0-A5280EC6F92E}.Release - Test|x86.Build.0 = Release|x86
		{BBD8CAD5-6A28-494F-A6B0-A5280EC6F92E}.Release 2013|Any CPU.ActiveCfg = Release|Any CPU
		{BBD8CAD5-6A28-494F-A6B0-A5280EC6F92E}.Release 2013|Any CPU.Build.0 = Release|Any CPU
		{BBD8CAD5-6A28-494F-A6B0-A5280EC6F92E}.Release 2013|x86.ActiveCfg = Release|x86
		{BBD8CAD5-6A28-494F-A6B0-A5280EC6F92E}.Release 2013|x86.Build.0 = Release|x86
		{BBD8CAD5-6A28-494F-A6B0-A5280EC6F92E}.Release|Any CPU.ActiveCfg = Release|Any CPU
		{BBD8CAD5-6A28-494F-A6B0-A5280EC6F92E}.Release|Any CPU.Build.0 = Release|Any CPU
		{BBD8CAD5-6A28-494F-A6B0-A5280EC6F92E}.Release|x86.ActiveCfg = Release|x86
		{BBD8CAD5-6A28-494F-A6B0-A5280EC6F92E}.Release|x86.Build.0 = Release|x86
		{D2CBE87C-3EFC-40FA-AE82-1ED67C226AE5}.Debug no unit tests|Any CPU.ActiveCfg = Debug|Any CPU
		{D2CBE87C-3EFC-40FA-AE82-1ED67C226AE5}.Debug no unit tests|Any CPU.Build.0 = Debug|Any CPU
		{D2CBE87C-3EFC-40FA-AE82-1ED67C226AE5}.Debug no unit tests|x86.ActiveCfg = Debug|Any CPU
		{D2CBE87C-3EFC-40FA-AE82-1ED67C226AE5}.Debug No Web|Any CPU.ActiveCfg = Debug|Any CPU
		{D2CBE87C-3EFC-40FA-AE82-1ED67C226AE5}.Debug No Web|Any CPU.Build.0 = Debug|Any CPU
		{D2CBE87C-3EFC-40FA-AE82-1ED67C226AE5}.Debug No Web|x86.ActiveCfg = Debug|Any CPU
		{D2CBE87C-3EFC-40FA-AE82-1ED67C226AE5}.Debug|Any CPU.ActiveCfg = Debug|Any CPU
		{D2CBE87C-3EFC-40FA-AE82-1ED67C226AE5}.Debug|Any CPU.Build.0 = Debug|Any CPU
		{D2CBE87C-3EFC-40FA-AE82-1ED67C226AE5}.Debug|x86.ActiveCfg = Debug|Any CPU
		{D2CBE87C-3EFC-40FA-AE82-1ED67C226AE5}.Release - Test|Any CPU.ActiveCfg = Release|Any CPU
		{D2CBE87C-3EFC-40FA-AE82-1ED67C226AE5}.Release - Test|Any CPU.Build.0 = Release|Any CPU
		{D2CBE87C-3EFC-40FA-AE82-1ED67C226AE5}.Release - Test|x86.ActiveCfg = Release|Any CPU
		{D2CBE87C-3EFC-40FA-AE82-1ED67C226AE5}.Release 2013|Any CPU.ActiveCfg = Release|Any CPU
		{D2CBE87C-3EFC-40FA-AE82-1ED67C226AE5}.Release 2013|Any CPU.Build.0 = Release|Any CPU
		{D2CBE87C-3EFC-40FA-AE82-1ED67C226AE5}.Release 2013|x86.ActiveCfg = Release|Any CPU
		{D2CBE87C-3EFC-40FA-AE82-1ED67C226AE5}.Release 2013|x86.Build.0 = Release|Any CPU
		{D2CBE87C-3EFC-40FA-AE82-1ED67C226AE5}.Release|Any CPU.ActiveCfg = Release|Any CPU
		{D2CBE87C-3EFC-40FA-AE82-1ED67C226AE5}.Release|Any CPU.Build.0 = Release|Any CPU
		{D2CBE87C-3EFC-40FA-AE82-1ED67C226AE5}.Release|x86.ActiveCfg = Release|Any CPU
		{F704FF2C-33E0-4E7C-A733-9D4351B0FE4F}.Debug no unit tests|Any CPU.ActiveCfg = Debug|Any CPU
		{F704FF2C-33E0-4E7C-A733-9D4351B0FE4F}.Debug no unit tests|Any CPU.Build.0 = Debug|Any CPU
		{F704FF2C-33E0-4E7C-A733-9D4351B0FE4F}.Debug no unit tests|x86.ActiveCfg = Debug|Any CPU
		{F704FF2C-33E0-4E7C-A733-9D4351B0FE4F}.Debug No Web|Any CPU.ActiveCfg = Debug|Any CPU
		{F704FF2C-33E0-4E7C-A733-9D4351B0FE4F}.Debug No Web|x86.ActiveCfg = Debug|Any CPU
		{F704FF2C-33E0-4E7C-A733-9D4351B0FE4F}.Debug|Any CPU.ActiveCfg = Debug|Any CPU
		{F704FF2C-33E0-4E7C-A733-9D4351B0FE4F}.Debug|Any CPU.Build.0 = Debug|Any CPU
		{F704FF2C-33E0-4E7C-A733-9D4351B0FE4F}.Debug|x86.ActiveCfg = Debug|Any CPU
		{F704FF2C-33E0-4E7C-A733-9D4351B0FE4F}.Release - Test|Any CPU.ActiveCfg = Release|Any CPU
		{F704FF2C-33E0-4E7C-A733-9D4351B0FE4F}.Release - Test|Any CPU.Build.0 = Release|Any CPU
		{F704FF2C-33E0-4E7C-A733-9D4351B0FE4F}.Release - Test|x86.ActiveCfg = Release|Any CPU
		{F704FF2C-33E0-4E7C-A733-9D4351B0FE4F}.Release 2013|Any CPU.ActiveCfg = Release|Any CPU
		{F704FF2C-33E0-4E7C-A733-9D4351B0FE4F}.Release 2013|Any CPU.Build.0 = Release|Any CPU
		{F704FF2C-33E0-4E7C-A733-9D4351B0FE4F}.Release 2013|x86.ActiveCfg = Release|Any CPU
		{F704FF2C-33E0-4E7C-A733-9D4351B0FE4F}.Release 2013|x86.Build.0 = Release|Any CPU
		{F704FF2C-33E0-4E7C-A733-9D4351B0FE4F}.Release|Any CPU.ActiveCfg = Release|Any CPU
		{F704FF2C-33E0-4E7C-A733-9D4351B0FE4F}.Release|Any CPU.Build.0 = Release|Any CPU
		{F704FF2C-33E0-4E7C-A733-9D4351B0FE4F}.Release|x86.ActiveCfg = Release|Any CPU
		{DDEF92A0-8E35-4F65-8CBD-584BA9D2D312}.Debug no unit tests|Any CPU.ActiveCfg = Debug|Any CPU
		{DDEF92A0-8E35-4F65-8CBD-584BA9D2D312}.Debug no unit tests|Any CPU.Build.0 = Debug|Any CPU
		{DDEF92A0-8E35-4F65-8CBD-584BA9D2D312}.Debug no unit tests|x86.ActiveCfg = Debug|Any CPU
		{DDEF92A0-8E35-4F65-8CBD-584BA9D2D312}.Debug No Web|Any CPU.ActiveCfg = Debug|Any CPU
		{DDEF92A0-8E35-4F65-8CBD-584BA9D2D312}.Debug No Web|Any CPU.Build.0 = Debug|Any CPU
		{DDEF92A0-8E35-4F65-8CBD-584BA9D2D312}.Debug No Web|x86.ActiveCfg = Debug|Any CPU
		{DDEF92A0-8E35-4F65-8CBD-584BA9D2D312}.Debug|Any CPU.ActiveCfg = Debug|Any CPU
		{DDEF92A0-8E35-4F65-8CBD-584BA9D2D312}.Debug|Any CPU.Build.0 = Debug|Any CPU
		{DDEF92A0-8E35-4F65-8CBD-584BA9D2D312}.Debug|x86.ActiveCfg = Debug|Any CPU
		{DDEF92A0-8E35-4F65-8CBD-584BA9D2D312}.Release - Test|Any CPU.ActiveCfg = Release|Any CPU
		{DDEF92A0-8E35-4F65-8CBD-584BA9D2D312}.Release - Test|Any CPU.Build.0 = Release|Any CPU
		{DDEF92A0-8E35-4F65-8CBD-584BA9D2D312}.Release - Test|x86.ActiveCfg = Release|Any CPU
		{DDEF92A0-8E35-4F65-8CBD-584BA9D2D312}.Release 2013|Any CPU.ActiveCfg = Release|Any CPU
		{DDEF92A0-8E35-4F65-8CBD-584BA9D2D312}.Release 2013|Any CPU.Build.0 = Release|Any CPU
		{DDEF92A0-8E35-4F65-8CBD-584BA9D2D312}.Release 2013|x86.ActiveCfg = Release|Any CPU
		{DDEF92A0-8E35-4F65-8CBD-584BA9D2D312}.Release 2013|x86.Build.0 = Release|Any CPU
		{DDEF92A0-8E35-4F65-8CBD-584BA9D2D312}.Release|Any CPU.ActiveCfg = Release|Any CPU
		{DDEF92A0-8E35-4F65-8CBD-584BA9D2D312}.Release|Any CPU.Build.0 = Release|Any CPU
		{DDEF92A0-8E35-4F65-8CBD-584BA9D2D312}.Release|x86.ActiveCfg = Release|Any CPU
		{64696470-5D05-4E00-95C4-C320F268E526}.Debug no unit tests|Any CPU.ActiveCfg = Debug|Any CPU
		{64696470-5D05-4E00-95C4-C320F268E526}.Debug no unit tests|Any CPU.Build.0 = Debug|Any CPU
		{64696470-5D05-4E00-95C4-C320F268E526}.Debug no unit tests|x86.ActiveCfg = Debug|Any CPU
		{64696470-5D05-4E00-95C4-C320F268E526}.Debug No Web|Any CPU.ActiveCfg = Debug|Any CPU
		{64696470-5D05-4E00-95C4-C320F268E526}.Debug No Web|x86.ActiveCfg = Debug|Any CPU
		{64696470-5D05-4E00-95C4-C320F268E526}.Debug|Any CPU.ActiveCfg = Debug|Any CPU
		{64696470-5D05-4E00-95C4-C320F268E526}.Debug|Any CPU.Build.0 = Debug|Any CPU
		{64696470-5D05-4E00-95C4-C320F268E526}.Debug|x86.ActiveCfg = Debug|Any CPU
		{64696470-5D05-4E00-95C4-C320F268E526}.Release - Test|Any CPU.ActiveCfg = Release|Any CPU
		{64696470-5D05-4E00-95C4-C320F268E526}.Release - Test|Any CPU.Build.0 = Release|Any CPU
		{64696470-5D05-4E00-95C4-C320F268E526}.Release - Test|x86.ActiveCfg = Release|Any CPU
		{64696470-5D05-4E00-95C4-C320F268E526}.Release 2013|Any CPU.ActiveCfg = Release|Any CPU
		{64696470-5D05-4E00-95C4-C320F268E526}.Release 2013|Any CPU.Build.0 = Release|Any CPU
		{64696470-5D05-4E00-95C4-C320F268E526}.Release 2013|x86.ActiveCfg = Release|Any CPU
		{64696470-5D05-4E00-95C4-C320F268E526}.Release 2013|x86.Build.0 = Release|Any CPU
		{64696470-5D05-4E00-95C4-C320F268E526}.Release|Any CPU.ActiveCfg = Release|Any CPU
		{64696470-5D05-4E00-95C4-C320F268E526}.Release|Any CPU.Build.0 = Release|Any CPU
		{64696470-5D05-4E00-95C4-C320F268E526}.Release|x86.ActiveCfg = Release|Any CPU
		{53C14AAB-2D63-4063-92E3-CC43FA511696}.Debug no unit tests|Any CPU.ActiveCfg = Debug|Any CPU
		{53C14AAB-2D63-4063-92E3-CC43FA511696}.Debug no unit tests|Any CPU.Build.0 = Debug|Any CPU
		{53C14AAB-2D63-4063-92E3-CC43FA511696}.Debug no unit tests|x86.ActiveCfg = Debug|Any CPU
		{53C14AAB-2D63-4063-92E3-CC43FA511696}.Debug No Web|Any CPU.ActiveCfg = Debug|Any CPU
		{53C14AAB-2D63-4063-92E3-CC43FA511696}.Debug No Web|x86.ActiveCfg = Debug|Any CPU
		{53C14AAB-2D63-4063-92E3-CC43FA511696}.Debug|Any CPU.ActiveCfg = Debug|Any CPU
		{53C14AAB-2D63-4063-92E3-CC43FA511696}.Debug|Any CPU.Build.0 = Debug|Any CPU
		{53C14AAB-2D63-4063-92E3-CC43FA511696}.Debug|x86.ActiveCfg = Debug|Any CPU
		{53C14AAB-2D63-4063-92E3-CC43FA511696}.Release - Test|Any CPU.ActiveCfg = Release|Any CPU
		{53C14AAB-2D63-4063-92E3-CC43FA511696}.Release - Test|Any CPU.Build.0 = Release|Any CPU
		{53C14AAB-2D63-4063-92E3-CC43FA511696}.Release - Test|x86.ActiveCfg = Release|Any CPU
		{53C14AAB-2D63-4063-92E3-CC43FA511696}.Release 2013|Any CPU.ActiveCfg = Release|Any CPU
		{53C14AAB-2D63-4063-92E3-CC43FA511696}.Release 2013|x86.ActiveCfg = Release|Any CPU
		{53C14AAB-2D63-4063-92E3-CC43FA511696}.Release|Any CPU.ActiveCfg = Release|Any CPU
		{53C14AAB-2D63-4063-92E3-CC43FA511696}.Release|Any CPU.Build.0 = Release|Any CPU
		{53C14AAB-2D63-4063-92E3-CC43FA511696}.Release|x86.ActiveCfg = Release|Any CPU
		{3FC1967C-B85A-4455-8850-F1659B8EC163}.Debug no unit tests|Any CPU.ActiveCfg = Debug|Any CPU
		{3FC1967C-B85A-4455-8850-F1659B8EC163}.Debug no unit tests|Any CPU.Build.0 = Debug|Any CPU
		{3FC1967C-B85A-4455-8850-F1659B8EC163}.Debug no unit tests|x86.ActiveCfg = Debug|Any CPU
		{3FC1967C-B85A-4455-8850-F1659B8EC163}.Debug No Web|Any CPU.ActiveCfg = Debug|Any CPU
		{3FC1967C-B85A-4455-8850-F1659B8EC163}.Debug No Web|Any CPU.Build.0 = Debug|Any CPU
		{3FC1967C-B85A-4455-8850-F1659B8EC163}.Debug No Web|x86.ActiveCfg = Debug|Any CPU
		{3FC1967C-B85A-4455-8850-F1659B8EC163}.Debug|Any CPU.ActiveCfg = Debug|Any CPU
		{3FC1967C-B85A-4455-8850-F1659B8EC163}.Debug|Any CPU.Build.0 = Debug|Any CPU
		{3FC1967C-B85A-4455-8850-F1659B8EC163}.Debug|x86.ActiveCfg = Debug|Any CPU
		{3FC1967C-B85A-4455-8850-F1659B8EC163}.Release - Test|Any CPU.ActiveCfg = Release|Any CPU
		{3FC1967C-B85A-4455-8850-F1659B8EC163}.Release - Test|Any CPU.Build.0 = Release|Any CPU
		{3FC1967C-B85A-4455-8850-F1659B8EC163}.Release - Test|x86.ActiveCfg = Release|Any CPU
		{3FC1967C-B85A-4455-8850-F1659B8EC163}.Release 2013|Any CPU.ActiveCfg = Release|Any CPU
		{3FC1967C-B85A-4455-8850-F1659B8EC163}.Release 2013|Any CPU.Build.0 = Release|Any CPU
		{3FC1967C-B85A-4455-8850-F1659B8EC163}.Release 2013|x86.ActiveCfg = Release|Any CPU
		{3FC1967C-B85A-4455-8850-F1659B8EC163}.Release 2013|x86.Build.0 = Release|Any CPU
		{3FC1967C-B85A-4455-8850-F1659B8EC163}.Release|Any CPU.ActiveCfg = Release|Any CPU
		{3FC1967C-B85A-4455-8850-F1659B8EC163}.Release|Any CPU.Build.0 = Release|Any CPU
		{3FC1967C-B85A-4455-8850-F1659B8EC163}.Release|x86.ActiveCfg = Release|Any CPU
		{0D78311F-EF3D-442D-BB6F-17225EC0892C}.Debug no unit tests|Any CPU.ActiveCfg = Debug|Any CPU
		{0D78311F-EF3D-442D-BB6F-17225EC0892C}.Debug no unit tests|Any CPU.Build.0 = Debug|Any CPU
		{0D78311F-EF3D-442D-BB6F-17225EC0892C}.Debug no unit tests|x86.ActiveCfg = Debug|Any CPU
		{0D78311F-EF3D-442D-BB6F-17225EC0892C}.Debug No Web|Any CPU.ActiveCfg = Debug|Any CPU
		{0D78311F-EF3D-442D-BB6F-17225EC0892C}.Debug No Web|Any CPU.Build.0 = Debug|Any CPU
		{0D78311F-EF3D-442D-BB6F-17225EC0892C}.Debug No Web|x86.ActiveCfg = Debug|Any CPU
		{0D78311F-EF3D-442D-BB6F-17225EC0892C}.Debug|Any CPU.ActiveCfg = Debug|Any CPU
		{0D78311F-EF3D-442D-BB6F-17225EC0892C}.Debug|Any CPU.Build.0 = Debug|Any CPU
		{0D78311F-EF3D-442D-BB6F-17225EC0892C}.Debug|x86.ActiveCfg = Debug|Any CPU
		{0D78311F-EF3D-442D-BB6F-17225EC0892C}.Release - Test|Any CPU.ActiveCfg = Release|Any CPU
		{0D78311F-EF3D-442D-BB6F-17225EC0892C}.Release - Test|Any CPU.Build.0 = Release|Any CPU
		{0D78311F-EF3D-442D-BB6F-17225EC0892C}.Release - Test|x86.ActiveCfg = Release|Any CPU
		{0D78311F-EF3D-442D-BB6F-17225EC0892C}.Release 2013|Any CPU.ActiveCfg = Release|Any CPU
		{0D78311F-EF3D-442D-BB6F-17225EC0892C}.Release 2013|Any CPU.Build.0 = Release|Any CPU
		{0D78311F-EF3D-442D-BB6F-17225EC0892C}.Release 2013|x86.ActiveCfg = Release|Any CPU
		{0D78311F-EF3D-442D-BB6F-17225EC0892C}.Release 2013|x86.Build.0 = Release|Any CPU
		{0D78311F-EF3D-442D-BB6F-17225EC0892C}.Release|Any CPU.ActiveCfg = Release|Any CPU
		{0D78311F-EF3D-442D-BB6F-17225EC0892C}.Release|Any CPU.Build.0 = Release|Any CPU
		{0D78311F-EF3D-442D-BB6F-17225EC0892C}.Release|x86.ActiveCfg = Release|Any CPU
		{AE12F25F-02C9-498D-9420-1C6B32913D22}.Debug no unit tests|Any CPU.ActiveCfg = Debug|Any CPU
		{AE12F25F-02C9-498D-9420-1C6B32913D22}.Debug no unit tests|Any CPU.Build.0 = Debug|Any CPU
		{AE12F25F-02C9-498D-9420-1C6B32913D22}.Debug no unit tests|x86.ActiveCfg = Debug|Any CPU
		{AE12F25F-02C9-498D-9420-1C6B32913D22}.Debug No Web|Any CPU.ActiveCfg = Debug|Any CPU
		{AE12F25F-02C9-498D-9420-1C6B32913D22}.Debug No Web|Any CPU.Build.0 = Debug|Any CPU
		{AE12F25F-02C9-498D-9420-1C6B32913D22}.Debug No Web|x86.ActiveCfg = Debug|Any CPU
		{AE12F25F-02C9-498D-9420-1C6B32913D22}.Debug|Any CPU.ActiveCfg = Debug|Any CPU
		{AE12F25F-02C9-498D-9420-1C6B32913D22}.Debug|Any CPU.Build.0 = Debug|Any CPU
		{AE12F25F-02C9-498D-9420-1C6B32913D22}.Debug|x86.ActiveCfg = Debug|Any CPU
		{AE12F25F-02C9-498D-9420-1C6B32913D22}.Release - Test|Any CPU.ActiveCfg = Release|Any CPU
		{AE12F25F-02C9-498D-9420-1C6B32913D22}.Release - Test|Any CPU.Build.0 = Release|Any CPU
		{AE12F25F-02C9-498D-9420-1C6B32913D22}.Release - Test|x86.ActiveCfg = Release|Any CPU
		{AE12F25F-02C9-498D-9420-1C6B32913D22}.Release 2013|Any CPU.ActiveCfg = Release|Any CPU
		{AE12F25F-02C9-498D-9420-1C6B32913D22}.Release 2013|Any CPU.Build.0 = Release|Any CPU
		{AE12F25F-02C9-498D-9420-1C6B32913D22}.Release 2013|x86.ActiveCfg = Release|Any CPU
		{AE12F25F-02C9-498D-9420-1C6B32913D22}.Release 2013|x86.Build.0 = Release|Any CPU
		{AE12F25F-02C9-498D-9420-1C6B32913D22}.Release|Any CPU.ActiveCfg = Release|Any CPU
		{AE12F25F-02C9-498D-9420-1C6B32913D22}.Release|Any CPU.Build.0 = Release|Any CPU
		{AE12F25F-02C9-498D-9420-1C6B32913D22}.Release|x86.ActiveCfg = Release|Any CPU
		{0455FCEB-846A-42C7-AECB-47A895213FF2}.Debug no unit tests|Any CPU.ActiveCfg = Debug|Any CPU
		{0455FCEB-846A-42C7-AECB-47A895213FF2}.Debug no unit tests|Any CPU.Build.0 = Debug|Any CPU
		{0455FCEB-846A-42C7-AECB-47A895213FF2}.Debug no unit tests|x86.ActiveCfg = Debug|Any CPU
		{0455FCEB-846A-42C7-AECB-47A895213FF2}.Debug No Web|Any CPU.ActiveCfg = Debug|Any CPU
		{0455FCEB-846A-42C7-AECB-47A895213FF2}.Debug No Web|Any CPU.Build.0 = Debug|Any CPU
		{0455FCEB-846A-42C7-AECB-47A895213FF2}.Debug No Web|x86.ActiveCfg = Debug|Any CPU
		{0455FCEB-846A-42C7-AECB-47A895213FF2}.Debug|Any CPU.ActiveCfg = Debug|Any CPU
		{0455FCEB-846A-42C7-AECB-47A895213FF2}.Debug|Any CPU.Build.0 = Debug|Any CPU
		{0455FCEB-846A-42C7-AECB-47A895213FF2}.Debug|x86.ActiveCfg = Debug|Any CPU
		{0455FCEB-846A-42C7-AECB-47A895213FF2}.Release - Test|Any CPU.ActiveCfg = Release|Any CPU
		{0455FCEB-846A-42C7-AECB-47A895213FF2}.Release - Test|Any CPU.Build.0 = Release|Any CPU
		{0455FCEB-846A-42C7-AECB-47A895213FF2}.Release - Test|x86.ActiveCfg = Release|Any CPU
		{0455FCEB-846A-42C7-AECB-47A895213FF2}.Release 2013|Any CPU.ActiveCfg = Release|Any CPU
		{0455FCEB-846A-42C7-AECB-47A895213FF2}.Release 2013|Any CPU.Build.0 = Release|Any CPU
		{0455FCEB-846A-42C7-AECB-47A895213FF2}.Release 2013|x86.ActiveCfg = Release|Any CPU
		{0455FCEB-846A-42C7-AECB-47A895213FF2}.Release 2013|x86.Build.0 = Release|Any CPU
		{0455FCEB-846A-42C7-AECB-47A895213FF2}.Release|Any CPU.ActiveCfg = Release|Any CPU
		{0455FCEB-846A-42C7-AECB-47A895213FF2}.Release|Any CPU.Build.0 = Release|Any CPU
		{0455FCEB-846A-42C7-AECB-47A895213FF2}.Release|x86.ActiveCfg = Release|Any CPU
		{131ADE94-66B8-4FE5-96ED-D01E61955327}.Debug no unit tests|Any CPU.ActiveCfg = Debug|Any CPU
		{131ADE94-66B8-4FE5-96ED-D01E61955327}.Debug no unit tests|Any CPU.Build.0 = Debug|Any CPU
		{131ADE94-66B8-4FE5-96ED-D01E61955327}.Debug no unit tests|x86.ActiveCfg = Debug|Any CPU
		{131ADE94-66B8-4FE5-96ED-D01E61955327}.Debug No Web|Any CPU.ActiveCfg = Debug|Any CPU
		{131ADE94-66B8-4FE5-96ED-D01E61955327}.Debug No Web|Any CPU.Build.0 = Debug|Any CPU
		{131ADE94-66B8-4FE5-96ED-D01E61955327}.Debug No Web|x86.ActiveCfg = Debug|Any CPU
		{131ADE94-66B8-4FE5-96ED-D01E61955327}.Debug|Any CPU.ActiveCfg = Debug|Any CPU
		{131ADE94-66B8-4FE5-96ED-D01E61955327}.Debug|Any CPU.Build.0 = Debug|Any CPU
		{131ADE94-66B8-4FE5-96ED-D01E61955327}.Debug|x86.ActiveCfg = Debug|Any CPU
		{131ADE94-66B8-4FE5-96ED-D01E61955327}.Release - Test|Any CPU.ActiveCfg = Release|Any CPU
		{131ADE94-66B8-4FE5-96ED-D01E61955327}.Release - Test|Any CPU.Build.0 = Release|Any CPU
		{131ADE94-66B8-4FE5-96ED-D01E61955327}.Release - Test|x86.ActiveCfg = Release|Any CPU
		{131ADE94-66B8-4FE5-96ED-D01E61955327}.Release 2013|Any CPU.ActiveCfg = Release 2013|Any CPU
		{131ADE94-66B8-4FE5-96ED-D01E61955327}.Release 2013|Any CPU.Build.0 = Release 2013|Any CPU
		{131ADE94-66B8-4FE5-96ED-D01E61955327}.Release 2013|x86.ActiveCfg = Release|Any CPU
		{131ADE94-66B8-4FE5-96ED-D01E61955327}.Release 2013|x86.Build.0 = Release|Any CPU
		{131ADE94-66B8-4FE5-96ED-D01E61955327}.Release|Any CPU.ActiveCfg = Release|Any CPU
		{131ADE94-66B8-4FE5-96ED-D01E61955327}.Release|Any CPU.Build.0 = Release|Any CPU
		{131ADE94-66B8-4FE5-96ED-D01E61955327}.Release|x86.ActiveCfg = Release|Any CPU
		{77DFF2FC-CDD8-4DD9-AFF7-4A4AE47982F1}.Debug no unit tests|Any CPU.ActiveCfg = Debug|Any CPU
		{77DFF2FC-CDD8-4DD9-AFF7-4A4AE47982F1}.Debug no unit tests|Any CPU.Build.0 = Debug|Any CPU
		{77DFF2FC-CDD8-4DD9-AFF7-4A4AE47982F1}.Debug no unit tests|x86.ActiveCfg = Debug|Any CPU
		{77DFF2FC-CDD8-4DD9-AFF7-4A4AE47982F1}.Debug no unit tests|x86.Build.0 = Debug|Any CPU
		{77DFF2FC-CDD8-4DD9-AFF7-4A4AE47982F1}.Debug No Web|Any CPU.ActiveCfg = Debug|Any CPU
		{77DFF2FC-CDD8-4DD9-AFF7-4A4AE47982F1}.Debug No Web|x86.ActiveCfg = Debug|Any CPU
		{77DFF2FC-CDD8-4DD9-AFF7-4A4AE47982F1}.Debug No Web|x86.Build.0 = Debug|Any CPU
		{77DFF2FC-CDD8-4DD9-AFF7-4A4AE47982F1}.Debug|Any CPU.ActiveCfg = Debug|Any CPU
		{77DFF2FC-CDD8-4DD9-AFF7-4A4AE47982F1}.Debug|Any CPU.Build.0 = Debug|Any CPU
		{77DFF2FC-CDD8-4DD9-AFF7-4A4AE47982F1}.Debug|x86.ActiveCfg = Debug|Any CPU
		{77DFF2FC-CDD8-4DD9-AFF7-4A4AE47982F1}.Debug|x86.Build.0 = Debug|Any CPU
		{77DFF2FC-CDD8-4DD9-AFF7-4A4AE47982F1}.Release - Test|Any CPU.ActiveCfg = Debug|Any CPU
		{77DFF2FC-CDD8-4DD9-AFF7-4A4AE47982F1}.Release - Test|Any CPU.Build.0 = Debug|Any CPU
		{77DFF2FC-CDD8-4DD9-AFF7-4A4AE47982F1}.Release - Test|x86.ActiveCfg = Debug|Any CPU
		{77DFF2FC-CDD8-4DD9-AFF7-4A4AE47982F1}.Release - Test|x86.Build.0 = Debug|Any CPU
		{77DFF2FC-CDD8-4DD9-AFF7-4A4AE47982F1}.Release 2013|Any CPU.ActiveCfg = Debug|Any CPU
		{77DFF2FC-CDD8-4DD9-AFF7-4A4AE47982F1}.Release 2013|x86.ActiveCfg = Debug|Any CPU
		{77DFF2FC-CDD8-4DD9-AFF7-4A4AE47982F1}.Release|Any CPU.ActiveCfg = Debug|Any CPU
		{77DFF2FC-CDD8-4DD9-AFF7-4A4AE47982F1}.Release|Any CPU.Build.0 = Debug|Any CPU
		{77DFF2FC-CDD8-4DD9-AFF7-4A4AE47982F1}.Release|x86.ActiveCfg = Debug|Any CPU
		{77DFF2FC-CDD8-4DD9-AFF7-4A4AE47982F1}.Release|x86.Build.0 = Debug|Any CPU
	EndGlobalSection
	GlobalSection(SolutionProperties) = preSolution
		HideSolutionNode = FALSE
	EndGlobalSection
	GlobalSection(NestedProjects) = preSolution
		{F90642C7-E5E0-4B67-A97C-464F8697A452} = {BDC4C511-A2CA-4CCC-9960-748D511B5BAC}
		{A951B179-B81E-42E2-81CD-242D8E1D278D} = {BDC4C511-A2CA-4CCC-9960-748D511B5BAC}
		{23799F0F-BB39-4943-92D9-5356321F4A53} = {BDC4C511-A2CA-4CCC-9960-748D511B5BAC}
		{FFC5B55E-9157-4CE6-81BD-E593E4C08422} = {0A1DF75C-9F0C-4B2E-BD03-316671ED8146}
		{D8041984-1823-4672-9B6E-3E99AB6A3A7A} = {0A1DF75C-9F0C-4B2E-BD03-316671ED8146}
		{7919C746-73F3-4279-A53B-CC6C08F42318} = {0A1DF75C-9F0C-4B2E-BD03-316671ED8146}
		{A67A2102-BA0E-48B3-9EF8-831F72B47160} = {0A1DF75C-9F0C-4B2E-BD03-316671ED8146}
		{2661F1B5-62FB-4783-A1A0-57445F397F9E} = {79351B3D-6F22-43FC-B6E3-84403C789513}
		{701547DC-CA90-46EF-83E6-AC0ED4335715} = {79351B3D-6F22-43FC-B6E3-84403C789513}
		{E19E19F1-71EE-4C76-BF94-350A46075BED} = {79351B3D-6F22-43FC-B6E3-84403C789513}
		{3A62F36D-4E53-4532-B9EF-3B303A578B5E} = {7434E18C-A1AD-41F6-BF37-328A289B29CE}
		{24FA312C-06E0-462D-97FA-709AC20D09EF} = {EB83CFB5-9FB1-45BC-B391-DE9E215A02C9}
		{C7514B66-375D-4EA3-B211-711DA2EB450A} = {79351B3D-6F22-43FC-B6E3-84403C789513}
		{0AAD790B-15C7-4119-9987-3137A0BB20B9} = {EB83CFB5-9FB1-45BC-B391-DE9E215A02C9}
		{D58E3608-5E8C-4CDD-96AB-621AB93B2D45} = {EB83CFB5-9FB1-45BC-B391-DE9E215A02C9}
		{D978DA92-C5B6-4670-98E4-17390BBCCF08} = {7434E18C-A1AD-41F6-BF37-328A289B29CE}
		{BBD8CAD5-6A28-494F-A6B0-A5280EC6F92E} = {79351B3D-6F22-43FC-B6E3-84403C789513}
		{D2CBE87C-3EFC-40FA-AE82-1ED67C226AE5} = {EB83CFB5-9FB1-45BC-B391-DE9E215A02C9}
		{F704FF2C-33E0-4E7C-A733-9D4351B0FE4F} = {EB83CFB5-9FB1-45BC-B391-DE9E215A02C9}
		{DDEF92A0-8E35-4F65-8CBD-584BA9D2D312} = {F605A711-54B7-4F96-A4A1-DE77C595C167}
		{64696470-5D05-4E00-95C4-C320F268E526} = {F605A711-54B7-4F96-A4A1-DE77C595C167}
		{53C14AAB-2D63-4063-92E3-CC43FA511696} = {F605A711-54B7-4F96-A4A1-DE77C595C167}
		{3FC1967C-B85A-4455-8850-F1659B8EC163} = {EB83CFB5-9FB1-45BC-B391-DE9E215A02C9}
		{0D78311F-EF3D-442D-BB6F-17225EC0892C} = {0A1DF75C-9F0C-4B2E-BD03-316671ED8146}
		{AE12F25F-02C9-498D-9420-1C6B32913D22} = {79351B3D-6F22-43FC-B6E3-84403C789513}
		{0455FCEB-846A-42C7-AECB-47A895213FF2} = {79351B3D-6F22-43FC-B6E3-84403C789513}
		{131ADE94-66B8-4FE5-96ED-D01E61955327} = {79351B3D-6F22-43FC-B6E3-84403C789513}
		{77DFF2FC-CDD8-4DD9-AFF7-4A4AE47982F1} = {F605A711-54B7-4F96-A4A1-DE77C595C167}
	EndGlobalSection
	GlobalSection(TestCaseManagementSettings) = postSolution
		CategoryFile = AW with Everything.vsmdi
	EndGlobalSection
	GlobalSection(SpecExplorer.ActivityCompletionStatus) = preSolution
		SpecExplorer.ActivityCompletionStatus = 
	EndGlobalSection
EndGlobal
