
Microsoft Visual Studio Solution File, Format Version 11.00
# Visual Studio 2010
Project("{2150E333-8FDC-42A3-9474-1A3956D46DE8}") = "Solution Items", "Solution Items", "{109114F1-DE48-4B10-AF10-A18D9AF68E8B}"
	ProjectSection(SolutionItems) = preProject
		Ancillary\AdventureWorks.snk = Ancillary\AdventureWorks.snk
		AW and DataContextDriver.vsmdi = AW and DataContextDriver.vsmdi
		Ancillary\AW.llblgenproj = Ancillary\AW.llblgenproj
		Ancillary\AW.llblgenproj.layout = Ancillary\AW.llblgenproj.layout
		Ancillary\GlobalAssemblyInfo.cs = Ancillary\GlobalAssemblyInfo.cs
		Ancillary\GlobalAssemblyVersion.cs = Ancillary\GlobalAssemblyVersion.cs
		LocalTestRun.testrunconfig = LocalTestRun.testrunconfig
	EndProjectSection
EndProject
Project("{2150E333-8FDC-42A3-9474-1A3956D46DE8}") = "Lib", "Lib", "{BDC4C511-A2CA-4CCC-9960-748D511B5BAC}"
	ProjectSection(SolutionItems) = preProject
		Lib\CSScriptLibrary.v3.5.dll = Lib\CSScriptLibrary.v3.5.dll
		Lib\sliver.Windows.Forms.StateBrowser.dll = Lib\sliver.Windows.Forms.StateBrowser.dll
	EndProjectSection
EndProject
Project("{2150E333-8FDC-42A3-9474-1A3956D46DE8}") = "SampleQueryFiles", "SampleQueryFiles", "{2FB4C735-0EB2-47B5-8D3D-5AAE437AA294}"
	ProjectSection(SolutionItems) = preProject
		SampleQueryFiles\Alberts.cs = SampleQueryFiles\Alberts.cs
		SampleQueryFiles\EditInDataGridView - Northwind - Contacts.linq = SampleQueryFiles\EditInDataGridView - Northwind - Contacts.linq
		SampleQueryFiles\EditInDataGridView - NutShell - Customers.linq = SampleQueryFiles\EditInDataGridView - NutShell - Customers.linq
		SampleQueryFiles\EditInDataGridView AddressType.linq = SampleQueryFiles\EditInDataGridView AddressType.linq
		SampleQueryFiles\EditInDataGridView.cs = SampleQueryFiles\EditInDataGridView.cs
		SampleQueryFiles\EmployeeEntity.GetEmployees.cs = SampleQueryFiles\EmployeeEntity.GetEmployees.cs
		SampleQueryFiles\GetCustomerListAnonymousLinq.cs = SampleQueryFiles\GetCustomerListAnonymousLinq.cs
		SampleQueryFiles\GetCustomerViewRelatedCollection.cs = SampleQueryFiles\GetCustomerViewRelatedCollection.cs
		SampleQueryFiles\GetCustomerViewTypedView.cs = SampleQueryFiles\GetCustomerViewTypedView.cs
		SampleQueryFiles\GetEntitiesTypes.cs = SampleQueryFiles\GetEntitiesTypes.cs
		SampleQueryFiles\LINQToSQL_ShowEmployeesInTree.linq = SampleQueryFiles\LINQToSQL_ShowEmployeesInTree.linq
		SampleQueryFiles\LLBL_AW_Alberts.linq = SampleQueryFiles\LLBL_AW_Alberts.linq
		SampleQueryFiles\LLBL_AW_EditInDataGridView.linq = SampleQueryFiles\LLBL_AW_EditInDataGridView.linq
		SampleQueryFiles\LLBL_AW_ShowLinqMetaData.linq = SampleQueryFiles\LLBL_AW_ShowLinqMetaData.linq
		SampleQueryFiles\LLBL_AWcustomerlist.linq = SampleQueryFiles\LLBL_AWcustomerlist.linq
		SampleQueryFiles\LLBL_ShowEmployeesInTree.linq = SampleQueryFiles\LLBL_ShowEmployeesInTree.linq
		SampleQueryFiles\SalesOrderHeader_Albert_Perth.cs = SampleQueryFiles\SalesOrderHeader_Albert_Perth.cs
		SampleQueryFiles\ShowEntitiesAndFields.cs = SampleQueryFiles\ShowEntitiesAndFields.cs
		SampleQueryFiles\ShowEntitiesAndFields.linq = SampleQueryFiles\ShowEntitiesAndFields.linq
		SampleQueryFiles\ShowHierarchyInTree - Northwind - Employees - EnumerableVisualizer .linq = SampleQueryFiles\ShowHierarchyInTree - Northwind - Employees - EnumerableVisualizer .linq
		SampleQueryFiles\ShowInGrid - Northwind - Contacts - EnumerableVisualizer .linq = SampleQueryFiles\ShowInGrid - Northwind - Contacts - EnumerableVisualizer .linq
		SampleQueryFiles\ShowInGrid - NutShell - Customers - EnumerableVisualizer.linq = SampleQueryFiles\ShowInGrid - NutShell - Customers - EnumerableVisualizer.linq
		SampleQueryFiles\ShowLinqMetaData.cs = SampleQueryFiles\ShowLinqMetaData.cs
		SampleQueryFiles\ViewInDataGridView.cs = SampleQueryFiles\ViewInDataGridView.cs
	EndProjectSection
EndProject
Project("{2150E333-8FDC-42A3-9474-1A3956D46DE8}") = "LLBL", "LLBL", "{F90642C7-E5E0-4B67-A97C-464F8697A452}"
	ProjectSection(SolutionItems) = preProject
		Lib\LLBL\SD.LLBLGen.Pro.DQE.OracleODPNet.NET20.dll = Lib\LLBL\SD.LLBLGen.Pro.DQE.OracleODPNet.NET20.dll
		Lib\LLBL\SD.LLBLGen.Pro.DQE.OracleODPNet.NET20.pdb = Lib\LLBL\SD.LLBLGen.Pro.DQE.OracleODPNet.NET20.pdb
		Lib\LLBL\SD.LLBLGen.Pro.DQE.SqlServer.NET20.dll = Lib\LLBL\SD.LLBLGen.Pro.DQE.SqlServer.NET20.dll
		Lib\LLBL\SD.LLBLGen.Pro.DQE.SqlServer.NET20.xml = Lib\LLBL\SD.LLBLGen.Pro.DQE.SqlServer.NET20.xml
		Lib\LLBL\SD.LLBLGen.Pro.LinqSupportClasses.NET35.dll = Lib\LLBL\SD.LLBLGen.Pro.LinqSupportClasses.NET35.dll
		Lib\LLBL\SD.LLBLGen.Pro.LinqSupportClasses.NET35.XML = Lib\LLBL\SD.LLBLGen.Pro.LinqSupportClasses.NET35.XML
		Lib\LLBL\SD.LLBLGen.Pro.ORMSupportClasses.NET20.dll = Lib\LLBL\SD.LLBLGen.Pro.ORMSupportClasses.NET20.dll
		Lib\LLBL\SD.LLBLGen.Pro.ORMSupportClasses.NET20.pdb = Lib\LLBL\SD.LLBLGen.Pro.ORMSupportClasses.NET20.pdb
		Lib\LLBL\SD.LLBLGen.Pro.ORMSupportClasses.NET20.xml = Lib\LLBL\SD.LLBLGen.Pro.ORMSupportClasses.NET20.xml
		Lib\LLBL\SD.LLBLGen.Pro.QuerySpec.dll = Lib\LLBL\SD.LLBLGen.Pro.QuerySpec.dll
		Lib\LLBL\SD.LLBLGen.Pro.QuerySpec.XML = Lib\LLBL\SD.LLBLGen.Pro.QuerySpec.XML
		Lib\LLBL\SD.LLBLGen.Pro.TypeConverters.dll = Lib\LLBL\SD.LLBLGen.Pro.TypeConverters.dll
	EndProjectSection
EndProject
Project("{2150E333-8FDC-42A3-9474-1A3956D46DE8}") = "Licenses", "Licenses", "{F15CB949-7617-4315-BC90-9A4A94633C86}"
	ProjectSection(SolutionItems) = preProject
		Documentation\DynamicQueryable-CSharpSamples MPL License.txt = Documentation\DynamicQueryable-CSharpSamples MPL License.txt
		Documentation\Hawkeye MPL License.txt = Documentation\Hawkeye MPL License.txt
		nunitforms\NUnitForm license.txt = nunitforms\NUnitForm license.txt
		Documentation\PropertyGridEx CPOL License.html = Documentation\PropertyGridEx CPOL License.html
		Documentation\TextBox TraceListener MIT License.txt = Documentation\TextBox TraceListener MIT License.txt
	EndProjectSection
EndProject
Project("{2150E333-8FDC-42A3-9474-1A3956D46DE8}") = "Hawkeye", "Hawkeye", "{A951B179-B81E-42E2-81CD-242D8E1D278D}"
	ProjectSection(SolutionItems) = preProject
		Lib\ACorns.Hawkeye.Core.dll = Lib\ACorns.Hawkeye.Core.dll
		Lib\ACorns.Hawkeye.Core.pdb = Lib\ACorns.Hawkeye.Core.pdb
		Lib\ACorns.Hawkeye.CoreUI.dll = Lib\ACorns.Hawkeye.CoreUI.dll
		Lib\ACorns.Hawkeye.CoreUI.pdb = Lib\ACorns.Hawkeye.CoreUI.pdb
		Lib\ACorns.Hawkeye.Injector.dll = Lib\ACorns.Hawkeye.Injector.dll
		Lib\ACorns.Hawkeye.Injector.pdb = Lib\ACorns.Hawkeye.Injector.pdb
		Lib\ACorns.PropertyGridExtender.dll = Lib\ACorns.PropertyGridExtender.dll
	EndProjectSection
EndProject
Project("{FAE04EC0-301F-11D3-BF4B-00C04F79EFBC}") = "AW.Win", "AW.Win\AW.Win.csproj", "{C3B6A2C2-7333-4250-9384-ECB7CE06FE21}"
EndProject
Project("{FAE04EC0-301F-11D3-BF4B-00C04F79EFBC}") = "AW.Data", "AW.Data\AW.Data.csproj", "{47F52527-A001-405B-9CEC-FCBF7FA10855}"
EndProject
Project("{FAE04EC0-301F-11D3-BF4B-00C04F79EFBC}") = "AW.Helper", "AW.Helper\AW.Helper.csproj", "{FFC5B55E-9157-4CE6-81BD-E593E4C08422}"
EndProject
Project("{FAE04EC0-301F-11D3-BF4B-00C04F79EFBC}") = "AW.Winforms.Helpers", "AW.Winforms.Helpers\AW.Winforms.Helpers.csproj", "{D8041984-1823-4672-9B6E-3E99AB6A3A7A}"
EndProject
Project("{FAE04EC0-301F-11D3-BF4B-00C04F79EFBC}") = "AW.Helper.LLBL", "AW.Helper.LLBL\AW.Helper.LLBL.csproj", "{7919C746-73F3-4279-A53B-CC6C08F42318}"
EndProject
Project("{FAE04EC0-301F-11D3-BF4B-00C04F79EFBC}") = "AW.Winforms.Helpers.LLBL", "AW.Winforms.Helpers.LLBL\AW.Winforms.Helpers.LLBL.csproj", "{A67A2102-BA0E-48B3-9EF8-831F72B47160}"
EndProject
Project("{FAE04EC0-301F-11D3-BF4B-00C04F79EFBC}") = "AW.LLBLGen.DataContextDriver", "AW.LLBLGen.DataContextDriver\AW.LLBLGen.DataContextDriver.csproj", "{2661F1B5-62FB-4783-A1A0-57445F397F9E}"
EndProject
Project("{FAE04EC0-301F-11D3-BF4B-00C04F79EFBC}") = "AW.DebugVisualizers", "AW.DebugVisualizers\AW.DebugVisualizers.csproj", "{701547DC-CA90-46EF-83E6-AC0ED4335715}"
EndProject
Project("{FAE04EC0-301F-11D3-BF4B-00C04F79EFBC}") = "AW.DebugVisualizers.Tests", "AW.DebugVisualizers.Tests\AW.DebugVisualizers.Tests.csproj", "{E19E19F1-71EE-4C76-BF94-350A46075BED}"
EndProject
Project("{FAE04EC0-301F-11D3-BF4B-00C04F79EFBC}") = "AW.Win.Tests", "AW.Win.Tests\AW.Win.Tests.csproj", "{2E396D54-F6D4-410B-AF30-0F83CF9659D1}"
EndProject
Project("{FAE04EC0-301F-11D3-BF4B-00C04F79EFBC}") = "AW.Tests", "AW.Test\AW.Tests.csproj", "{80418BDD-8FF2-4F01-8782-AD22A496AF79}"
EndProject
Project("{FAE04EC0-301F-11D3-BF4B-00C04F79EFBC}") = "ObjectListView", "ObjectListView\ObjectListView.csproj", "{3A62F36D-4E53-4532-B9EF-3B303A578B5E}"
EndProject
Project("{FAE04EC0-301F-11D3-BF4B-00C04F79EFBC}") = "AW.LinqToSQL", "AW.LinqToSQL\AW.LinqToSQL.csproj", "{3A769AFA-83F9-4CB0-8F69-60B8487055E0}"
EndProject
Project("{FAE04EC0-301F-11D3-BF4B-00C04F79EFBC}") = "NUnitForms", "nunitforms\source\NUnitForms\NUnitForms.csproj", "{E579ACDA-8C4F-4E35-A18B-C001D9EECD2B}"
EndProject
Project("{FAE04EC0-301F-11D3-BF4B-00C04F79EFBC}") = "NUnitForms.Test", "nunitforms\source\NUnitForms.Test\NUnitForms.Test.csproj", "{E779CBD7-1CCE-4796-AE12-00AB56A8A815}"
EndProject
Project("{FAE04EC0-301F-11D3-BF4B-00C04F79EFBC}") = "Northwind.DAL", "Northwind\DAL\Northwind.DAL.csproj", "{24FA312C-06E0-462D-97FA-709AC20D09EF}"
EndProject
Project("{2150E333-8FDC-42A3-9474-1A3956D46DE8}") = "Test", "Test", "{9E62DAD6-C73A-49CA-9906-14E28325549C}"
	ProjectSection(SolutionItems) = preProject
		Lib\Test\NMock2.dll = Lib\Test\NMock2.dll
	EndProjectSection
EndProject
Project("{FAE04EC0-301F-11D3-BF4B-00C04F79EFBC}") = "AW.LLBLGen.DataContextDriver.Tests", "AW.LLBLGen.DataContextDriver.Tests\AW.LLBLGen.DataContextDriver.Tests.csproj", "{C7514B66-375D-4EA3-B211-711DA2EB450A}"
EndProject
Project("{2150E333-8FDC-42A3-9474-1A3956D46DE8}") = "packages", "packages", "{E041D28F-1794-4FD2-8CB5-034464537EAF}"
	ProjectSection(SolutionItems) = preProject
		packages\repositories.config = packages\repositories.config
	EndProjectSection
EndProject
Project("{2150E333-8FDC-42A3-9474-1A3956D46DE8}") = "NorthWind", "NorthWind", "{EB83CFB5-9FB1-45BC-B391-DE9E215A02C9}"
EndProject
Project("{2150E333-8FDC-42A3-9474-1A3956D46DE8}") = "3rd Party", "3rd Party", "{7434E18C-A1AD-41F6-BF37-328A289B29CE}"
EndProject
Project("{2150E333-8FDC-42A3-9474-1A3956D46DE8}") = "Helpers", "Helpers", "{0A1DF75C-9F0C-4B2E-BD03-316671ED8146}"
EndProject
Project("{2150E333-8FDC-42A3-9474-1A3956D46DE8}") = "Tools", "Tools", "{79351B3D-6F22-43FC-B6E3-84403C789513}"
EndProject
Project("{FAE04EC0-301F-11D3-BF4B-00C04F79EFBC}") = "Northwind.DAL.SqlServer", "Northwind\DAL\SQL Server (SqlClient)\Northwind.DAL.SqlServer.csproj", "{0AAD790B-15C7-4119-9987-3137A0BB20B9}"
EndProject
Project("{FAE04EC0-301F-11D3-BF4B-00C04F79EFBC}") = "Northwind.DAL.Oracle", "Northwind\DAL\Oracle (ODP.NET)\Northwind.DAL.Oracle.csproj", "{D58E3608-5E8C-4CDD-96AB-621AB93B2D45}"
EndProject
Project("{FAE04EC0-301F-11D3-BF4B-00C04F79EFBC}") = "ObjectListView.Test", "ObjectListView.Test\ObjectListView.Test.csproj", "{D978DA92-C5B6-4670-98E4-17390BBCCF08}"
EndProject
Project("{FAE04EC0-301F-11D3-BF4B-00C04F79EFBC}") = "AW.LinqPadExtensions", "AW.LinqPadExtensions\AW.LinqPadExtensions.csproj", "{BBD8CAD5-6A28-494F-A6B0-A5280EC6F92E}"
EndProject
Global
	GlobalSection(TeamFoundationVersionControl) = preSolution
		SccNumberOfProjects = 22
		SccEnterpriseProvider = {4CA58AB2-18FA-4F8D-95D4-32DDF27D184C}
		SccTeamFoundationServer = https://tfs.codeplex.com/tfs/tfs01
		SccLocalPath0 = .
		SccProjectUniqueName1 = AW.Win\\AW.Win.csproj
		SccProjectName1 = AW.Win
		SccLocalPath1 = AW.Win
		SccProjectUniqueName2 = AW.Data\\AW.Data.csproj
		SccProjectName2 = AW.Data
		SccLocalPath2 = AW.Data
		SccProjectUniqueName3 = AW.Helper\\AW.Helper.csproj
		SccProjectTopLevelParentUniqueName3 = AW\u0020and\u0020DataContextDriver.sln
		SccProjectName3 = AW.Helper
		SccLocalPath3 = AW.Helper
		SccProjectUniqueName4 = AW.Winforms.Helpers\\AW.Winforms.Helpers.csproj
		SccProjectTopLevelParentUniqueName4 = AW\u0020and\u0020DataContextDriver.sln
		SccProjectName4 = AW.Winforms.Helpers
		SccLocalPath4 = AW.Winforms.Helpers
		SccProjectUniqueName5 = AW.Helper.LLBL\\AW.Helper.LLBL.csproj
		SccProjectTopLevelParentUniqueName5 = AW\u0020and\u0020DataContextDriver.sln
		SccProjectName5 = AW.Helper.LLBL
		SccLocalPath5 = AW.Helper.LLBL
		SccProjectUniqueName6 = AW.Winforms.Helpers.LLBL\\AW.Winforms.Helpers.LLBL.csproj
		SccProjectTopLevelParentUniqueName6 = AW\u0020and\u0020DataContextDriver.sln
		SccProjectName6 = AW.Winforms.Helpers.LLBL
		SccLocalPath6 = AW.Winforms.Helpers.LLBL
		SccProjectUniqueName7 = AW.LLBLGen.DataContextDriver\\AW.LLBLGen.DataContextDriver.csproj
		SccProjectTopLevelParentUniqueName7 = AW\u0020and\u0020DataContextDriver.sln
		SccProjectName7 = AW.LLBLGen.DataContextDriver
		SccLocalPath7 = AW.LLBLGen.DataContextDriver
		SccProjectUniqueName8 = AW.DebugVisualizers\\AW.DebugVisualizers.csproj
		SccProjectTopLevelParentUniqueName8 = AW\u0020and\u0020DataContextDriver.sln
		SccProjectName8 = AW.DebugVisualizers
		SccLocalPath8 = AW.DebugVisualizers
		SccProjectUniqueName9 = AW.DebugVisualizers.Tests\\AW.DebugVisualizers.Tests.csproj
		SccProjectTopLevelParentUniqueName9 = AW\u0020and\u0020DataContextDriver.sln
		SccProjectName9 = AW.DebugVisualizers.Tests
		SccLocalPath9 = AW.DebugVisualizers.Tests
		SccProjectUniqueName10 = AW.Win.Tests\\AW.Win.Tests.csproj
		SccProjectName10 = AW.Win.Tests
		SccLocalPath10 = AW.Win.Tests
		SccProjectUniqueName11 = AW.Test\\AW.Tests.csproj
		SccProjectName11 = AW.Test
		SccLocalPath11 = AW.Test
		SccProjectUniqueName12 = ObjectListView\\ObjectListView.csproj
		SccProjectTopLevelParentUniqueName12 = AW\u0020and\u0020DataContextDriver.sln
		SccProjectName12 = ObjectListView
		SccLocalPath12 = ObjectListView
		SccProjectUniqueName13 = AW.LinqToSQL\\AW.LinqToSQL.csproj
		SccProjectName13 = AW.LinqToSQL
		SccLocalPath13 = AW.LinqToSQL
		SccProjectUniqueName14 = nunitforms\\source\\NUnitForms\\NUnitForms.csproj
		SccProjectTopLevelParentUniqueName14 = AW\u0020and\u0020DataContextDriver.sln
		SccProjectName14 = nunitforms/source/NUnitForms
		SccLocalPath14 = nunitforms\\source\\NUnitForms
		SccProjectUniqueName15 = nunitforms\\source\\NUnitForms.Test\\NUnitForms.Test.csproj
		SccProjectTopLevelParentUniqueName15 = AW\u0020and\u0020DataContextDriver.sln
		SccProjectName15 = nunitforms/source/NUnitForms.Test
		SccLocalPath15 = nunitforms\\source\\NUnitForms.Test
		SccProjectUniqueName16 = Northwind\\DAL\\Northwind.DAL.csproj
		SccProjectTopLevelParentUniqueName16 = AW\u0020and\u0020DataContextDriver.sln
		SccProjectName16 = Northwind/DAL
		SccLocalPath16 = Northwind\\DAL
		SccProjectUniqueName17 = AW.LLBLGen.DataContextDriver.Tests\\AW.LLBLGen.DataContextDriver.Tests.csproj
		SccProjectTopLevelParentUniqueName17 = AW\u0020and\u0020DataContextDriver.sln
		SccProjectName17 = AW.LLBLGen.DataContextDriver.Tests
		SccLocalPath17 = AW.LLBLGen.DataContextDriver.Tests
		SccProjectUniqueName18 = Northwind\\DAL\\SQL\u0020Server\u0020(SqlClient)\\Northwind.DAL.SqlServer.csproj
		SccProjectTopLevelParentUniqueName18 = AW\u0020and\u0020DataContextDriver.sln
		SccProjectName18 = Northwind/DAL/SQL\u0020Server\u0020(SqlClient)
		SccLocalPath18 = Northwind\\DAL\\SQL\u0020Server\u0020(SqlClient)
		SccProjectUniqueName19 = Northwind\\DAL\\Oracle\u0020(ODP.NET)\\Northwind.DAL.Oracle.csproj
		SccProjectTopLevelParentUniqueName19 = AW\u0020and\u0020DataContextDriver.sln
		SccProjectName19 = Northwind/DAL/Oracle\u0020(ODP.NET)
		SccLocalPath19 = Northwind\\DAL\\Oracle\u0020(ODP.NET)
		SccProjectUniqueName20 = ObjectListView.Test\\ObjectListView.Test.csproj
		SccProjectTopLevelParentUniqueName20 = AW\u0020and\u0020DataContextDriver.sln
		SccProjectName20 = ObjectListView.Test
		SccLocalPath20 = ObjectListView.Test
		SccProjectUniqueName21 = AW.LinqPadExtensions\\AW.LinqPadExtensions.csproj
		SccProjectTopLevelParentUniqueName21 = AW\u0020and\u0020DataContextDriver.sln
		SccProjectName21 = AW.LinqPadExtensions
		SccLocalPath21 = AW.LinqPadExtensions
	EndGlobalSection
	GlobalSection(TestCaseManagementSettings) = postSolution
		CategoryFile = AW and DataContextDriver.vsmdi
	EndGlobalSection
	GlobalSection(SolutionConfigurationPlatforms) = preSolution
		Debug no unit tests|Any CPU = Debug no unit tests|Any CPU
		Debug no unit tests|x86 = Debug no unit tests|x86
		Debug|Any CPU = Debug|Any CPU
		Debug|x86 = Debug|x86
		Release - Test|Any CPU = Release - Test|Any CPU
		Release - Test|x86 = Release - Test|x86
		Release|Any CPU = Release|Any CPU
		Release|x86 = Release|x86
	EndGlobalSection
	GlobalSection(ProjectConfigurationPlatforms) = postSolution
		{C3B6A2C2-7333-4250-9384-ECB7CE06FE21}.Debug no unit tests|Any CPU.ActiveCfg = Debug|Any CPU
		{C3B6A2C2-7333-4250-9384-ECB7CE06FE21}.Debug no unit tests|x86.ActiveCfg = Debug|Any CPU
		{C3B6A2C2-7333-4250-9384-ECB7CE06FE21}.Debug|Any CPU.ActiveCfg = Debug|Any CPU
		{C3B6A2C2-7333-4250-9384-ECB7CE06FE21}.Debug|Any CPU.Build.0 = Debug|Any CPU
		{C3B6A2C2-7333-4250-9384-ECB7CE06FE21}.Debug|x86.ActiveCfg = Debug|Any CPU
		{C3B6A2C2-7333-4250-9384-ECB7CE06FE21}.Release - Test|Any CPU.ActiveCfg = Release|Any CPU
		{C3B6A2C2-7333-4250-9384-ECB7CE06FE21}.Release - Test|Any CPU.Build.0 = Release|Any CPU
		{C3B6A2C2-7333-4250-9384-ECB7CE06FE21}.Release - Test|x86.ActiveCfg = Release|Any CPU
		{C3B6A2C2-7333-4250-9384-ECB7CE06FE21}.Release|Any CPU.ActiveCfg = Release|Any CPU
		{C3B6A2C2-7333-4250-9384-ECB7CE06FE21}.Release|Any CPU.Build.0 = Release|Any CPU
		{C3B6A2C2-7333-4250-9384-ECB7CE06FE21}.Release|x86.ActiveCfg = Release|Any CPU
		{47F52527-A001-405B-9CEC-FCBF7FA10855}.Debug no unit tests|Any CPU.ActiveCfg = Debug|Any CPU
		{47F52527-A001-405B-9CEC-FCBF7FA10855}.Debug no unit tests|Any CPU.Build.0 = Debug|Any CPU
		{47F52527-A001-405B-9CEC-FCBF7FA10855}.Debug no unit tests|x86.ActiveCfg = Debug|Any CPU
		{47F52527-A001-405B-9CEC-FCBF7FA10855}.Debug|Any CPU.ActiveCfg = Debug|Any CPU
		{47F52527-A001-405B-9CEC-FCBF7FA10855}.Debug|Any CPU.Build.0 = Debug|Any CPU
		{47F52527-A001-405B-9CEC-FCBF7FA10855}.Debug|x86.ActiveCfg = Debug|Any CPU
		{47F52527-A001-405B-9CEC-FCBF7FA10855}.Release - Test|Any CPU.ActiveCfg = Release|Any CPU
		{47F52527-A001-405B-9CEC-FCBF7FA10855}.Release - Test|Any CPU.Build.0 = Release|Any CPU
		{47F52527-A001-405B-9CEC-FCBF7FA10855}.Release - Test|x86.ActiveCfg = Release|Any CPU
		{47F52527-A001-405B-9CEC-FCBF7FA10855}.Release|Any CPU.ActiveCfg = Release|Any CPU
		{47F52527-A001-405B-9CEC-FCBF7FA10855}.Release|Any CPU.Build.0 = Release|Any CPU
		{47F52527-A001-405B-9CEC-FCBF7FA10855}.Release|x86.ActiveCfg = Release|Any CPU
		{FFC5B55E-9157-4CE6-81BD-E593E4C08422}.Debug no unit tests|Any CPU.ActiveCfg = Debug|Any CPU
		{FFC5B55E-9157-4CE6-81BD-E593E4C08422}.Debug no unit tests|Any CPU.Build.0 = Debug|Any CPU
		{FFC5B55E-9157-4CE6-81BD-E593E4C08422}.Debug no unit tests|x86.ActiveCfg = Debug|Any CPU
		{FFC5B55E-9157-4CE6-81BD-E593E4C08422}.Debug|Any CPU.ActiveCfg = Debug|Any CPU
		{FFC5B55E-9157-4CE6-81BD-E593E4C08422}.Debug|Any CPU.Build.0 = Debug|Any CPU
		{FFC5B55E-9157-4CE6-81BD-E593E4C08422}.Debug|x86.ActiveCfg = Debug|Any CPU
		{FFC5B55E-9157-4CE6-81BD-E593E4C08422}.Release - Test|Any CPU.ActiveCfg = Release|Any CPU
		{FFC5B55E-9157-4CE6-81BD-E593E4C08422}.Release - Test|Any CPU.Build.0 = Release|Any CPU
		{FFC5B55E-9157-4CE6-81BD-E593E4C08422}.Release - Test|x86.ActiveCfg = Release|Any CPU
		{FFC5B55E-9157-4CE6-81BD-E593E4C08422}.Release|Any CPU.ActiveCfg = Release|Any CPU
		{FFC5B55E-9157-4CE6-81BD-E593E4C08422}.Release|Any CPU.Build.0 = Release|Any CPU
		{FFC5B55E-9157-4CE6-81BD-E593E4C08422}.Release|x86.ActiveCfg = Release|Any CPU
		{D8041984-1823-4672-9B6E-3E99AB6A3A7A}.Debug no unit tests|Any CPU.ActiveCfg = Debug|Any CPU
		{D8041984-1823-4672-9B6E-3E99AB6A3A7A}.Debug no unit tests|Any CPU.Build.0 = Debug|Any CPU
		{D8041984-1823-4672-9B6E-3E99AB6A3A7A}.Debug no unit tests|x86.ActiveCfg = Debug|Any CPU
		{D8041984-1823-4672-9B6E-3E99AB6A3A7A}.Debug|Any CPU.ActiveCfg = Debug|Any CPU
		{D8041984-1823-4672-9B6E-3E99AB6A3A7A}.Debug|Any CPU.Build.0 = Debug|Any CPU
		{D8041984-1823-4672-9B6E-3E99AB6A3A7A}.Debug|x86.ActiveCfg = Debug|Any CPU
		{D8041984-1823-4672-9B6E-3E99AB6A3A7A}.Release - Test|Any CPU.ActiveCfg = Release|Any CPU
		{D8041984-1823-4672-9B6E-3E99AB6A3A7A}.Release - Test|Any CPU.Build.0 = Release|Any CPU
		{D8041984-1823-4672-9B6E-3E99AB6A3A7A}.Release - Test|x86.ActiveCfg = Release|Any CPU
		{D8041984-1823-4672-9B6E-3E99AB6A3A7A}.Release|Any CPU.ActiveCfg = Release|Any CPU
		{D8041984-1823-4672-9B6E-3E99AB6A3A7A}.Release|Any CPU.Build.0 = Release|Any CPU
		{D8041984-1823-4672-9B6E-3E99AB6A3A7A}.Release|x86.ActiveCfg = Release|Any CPU
		{7919C746-73F3-4279-A53B-CC6C08F42318}.Debug no unit tests|Any CPU.ActiveCfg = Debug|Any CPU
		{7919C746-73F3-4279-A53B-CC6C08F42318}.Debug no unit tests|Any CPU.Build.0 = Debug|Any CPU
		{7919C746-73F3-4279-A53B-CC6C08F42318}.Debug no unit tests|x86.ActiveCfg = Debug|Any CPU
		{7919C746-73F3-4279-A53B-CC6C08F42318}.Debug|Any CPU.ActiveCfg = Debug|Any CPU
		{7919C746-73F3-4279-A53B-CC6C08F42318}.Debug|Any CPU.Build.0 = Debug|Any CPU
		{7919C746-73F3-4279-A53B-CC6C08F42318}.Debug|x86.ActiveCfg = Debug|Any CPU
		{7919C746-73F3-4279-A53B-CC6C08F42318}.Release - Test|Any CPU.ActiveCfg = Release|Any CPU
		{7919C746-73F3-4279-A53B-CC6C08F42318}.Release - Test|Any CPU.Build.0 = Release|Any CPU
		{7919C746-73F3-4279-A53B-CC6C08F42318}.Release - Test|x86.ActiveCfg = Release|Any CPU
		{7919C746-73F3-4279-A53B-CC6C08F42318}.Release|Any CPU.ActiveCfg = Release|Any CPU
		{7919C746-73F3-4279-A53B-CC6C08F42318}.Release|Any CPU.Build.0 = Release|Any CPU
		{7919C746-73F3-4279-A53B-CC6C08F42318}.Release|x86.ActiveCfg = Release|Any CPU
		{A67A2102-BA0E-48B3-9EF8-831F72B47160}.Debug no unit tests|Any CPU.ActiveCfg = Debug|Any CPU
		{A67A2102-BA0E-48B3-9EF8-831F72B47160}.Debug no unit tests|Any CPU.Build.0 = Debug|Any CPU
		{A67A2102-BA0E-48B3-9EF8-831F72B47160}.Debug no unit tests|x86.ActiveCfg = Debug|Any CPU
		{A67A2102-BA0E-48B3-9EF8-831F72B47160}.Debug|Any CPU.ActiveCfg = Debug|Any CPU
		{A67A2102-BA0E-48B3-9EF8-831F72B47160}.Debug|Any CPU.Build.0 = Debug|Any CPU
		{A67A2102-BA0E-48B3-9EF8-831F72B47160}.Debug|x86.ActiveCfg = Debug|Any CPU
		{A67A2102-BA0E-48B3-9EF8-831F72B47160}.Release - Test|Any CPU.ActiveCfg = Release|Any CPU
		{A67A2102-BA0E-48B3-9EF8-831F72B47160}.Release - Test|Any CPU.Build.0 = Release|Any CPU
		{A67A2102-BA0E-48B3-9EF8-831F72B47160}.Release - Test|x86.ActiveCfg = Release|Any CPU
		{A67A2102-BA0E-48B3-9EF8-831F72B47160}.Release|Any CPU.ActiveCfg = Release|Any CPU
		{A67A2102-BA0E-48B3-9EF8-831F72B47160}.Release|Any CPU.Build.0 = Release|Any CPU
		{A67A2102-BA0E-48B3-9EF8-831F72B47160}.Release|x86.ActiveCfg = Release|Any CPU
		{2661F1B5-62FB-4783-A1A0-57445F397F9E}.Debug no unit tests|Any CPU.ActiveCfg = Debug|Any CPU
		{2661F1B5-62FB-4783-A1A0-57445F397F9E}.Debug no unit tests|Any CPU.Build.0 = Debug|Any CPU
		{2661F1B5-62FB-4783-A1A0-57445F397F9E}.Debug no unit tests|x86.ActiveCfg = Debug|x86
		{2661F1B5-62FB-4783-A1A0-57445F397F9E}.Debug no unit tests|x86.Build.0 = Debug|x86
		{2661F1B5-62FB-4783-A1A0-57445F397F9E}.Debug|Any CPU.ActiveCfg = Debug|Any CPU
		{2661F1B5-62FB-4783-A1A0-57445F397F9E}.Debug|Any CPU.Build.0 = Debug|Any CPU
		{2661F1B5-62FB-4783-A1A0-57445F397F9E}.Debug|x86.ActiveCfg = Debug|x86
		{2661F1B5-62FB-4783-A1A0-57445F397F9E}.Debug|x86.Build.0 = Debug|x86
		{2661F1B5-62FB-4783-A1A0-57445F397F9E}.Release - Test|Any CPU.ActiveCfg = Release|Any CPU
		{2661F1B5-62FB-4783-A1A0-57445F397F9E}.Release - Test|Any CPU.Build.0 = Release|Any CPU
		{2661F1B5-62FB-4783-A1A0-57445F397F9E}.Release - Test|x86.ActiveCfg = Release|x86
		{2661F1B5-62FB-4783-A1A0-57445F397F9E}.Release - Test|x86.Build.0 = Release|x86
		{2661F1B5-62FB-4783-A1A0-57445F397F9E}.Release|Any CPU.ActiveCfg = Release|Any CPU
		{2661F1B5-62FB-4783-A1A0-57445F397F9E}.Release|Any CPU.Build.0 = Release|Any CPU
		{2661F1B5-62FB-4783-A1A0-57445F397F9E}.Release|x86.ActiveCfg = Release|x86
		{2661F1B5-62FB-4783-A1A0-57445F397F9E}.Release|x86.Build.0 = Release|x86
		{701547DC-CA90-46EF-83E6-AC0ED4335715}.Debug no unit tests|Any CPU.ActiveCfg = Debug|Any CPU
		{701547DC-CA90-46EF-83E6-AC0ED4335715}.Debug no unit tests|Any CPU.Build.0 = Debug|Any CPU
		{701547DC-CA90-46EF-83E6-AC0ED4335715}.Debug no unit tests|x86.ActiveCfg = Debug|Any CPU
		{701547DC-CA90-46EF-83E6-AC0ED4335715}.Debug|Any CPU.ActiveCfg = Debug|Any CPU
		{701547DC-CA90-46EF-83E6-AC0ED4335715}.Debug|Any CPU.Build.0 = Debug|Any CPU
		{701547DC-CA90-46EF-83E6-AC0ED4335715}.Debug|x86.ActiveCfg = Debug|Any CPU
		{701547DC-CA90-46EF-83E6-AC0ED4335715}.Release - Test|Any CPU.ActiveCfg = Release|Any CPU
		{701547DC-CA90-46EF-83E6-AC0ED4335715}.Release - Test|Any CPU.Build.0 = Release|Any CPU
		{701547DC-CA90-46EF-83E6-AC0ED4335715}.Release - Test|x86.ActiveCfg = Release|Any CPU
		{701547DC-CA90-46EF-83E6-AC0ED4335715}.Release|Any CPU.ActiveCfg = Release|Any CPU
		{701547DC-CA90-46EF-83E6-AC0ED4335715}.Release|Any CPU.Build.0 = Release|Any CPU
		{701547DC-CA90-46EF-83E6-AC0ED4335715}.Release|x86.ActiveCfg = Release|Any CPU
		{E19E19F1-71EE-4C76-BF94-350A46075BED}.Debug no unit tests|Any CPU.ActiveCfg = Debug|Any CPU
		{E19E19F1-71EE-4C76-BF94-350A46075BED}.Debug no unit tests|x86.ActiveCfg = Debug|Any CPU
		{E19E19F1-71EE-4C76-BF94-350A46075BED}.Debug|Any CPU.ActiveCfg = Debug|Any CPU
		{E19E19F1-71EE-4C76-BF94-350A46075BED}.Debug|Any CPU.Build.0 = Debug|Any CPU
		{E19E19F1-71EE-4C76-BF94-350A46075BED}.Debug|x86.ActiveCfg = Debug|Any CPU
		{E19E19F1-71EE-4C76-BF94-350A46075BED}.Release - Test|Any CPU.ActiveCfg = Release|Any CPU
		{E19E19F1-71EE-4C76-BF94-350A46075BED}.Release - Test|Any CPU.Build.0 = Release|Any CPU
		{E19E19F1-71EE-4C76-BF94-350A46075BED}.Release - Test|x86.ActiveCfg = Release|Any CPU
		{E19E19F1-71EE-4C76-BF94-350A46075BED}.Release|Any CPU.ActiveCfg = Release|Any CPU
		{E19E19F1-71EE-4C76-BF94-350A46075BED}.Release|Any CPU.Build.0 = Release|Any CPU
		{E19E19F1-71EE-4C76-BF94-350A46075BED}.Release|x86.ActiveCfg = Release|Any CPU
		{2E396D54-F6D4-410B-AF30-0F83CF9659D1}.Debug no unit tests|Any CPU.ActiveCfg = Debug|Any CPU
		{2E396D54-F6D4-410B-AF30-0F83CF9659D1}.Debug no unit tests|x86.ActiveCfg = Debug|Any CPU
		{2E396D54-F6D4-410B-AF30-0F83CF9659D1}.Debug|Any CPU.ActiveCfg = Debug|Any CPU
		{2E396D54-F6D4-410B-AF30-0F83CF9659D1}.Debug|Any CPU.Build.0 = Debug|Any CPU
		{2E396D54-F6D4-410B-AF30-0F83CF9659D1}.Debug|x86.ActiveCfg = Debug|Any CPU
		{2E396D54-F6D4-410B-AF30-0F83CF9659D1}.Release - Test|Any CPU.ActiveCfg = Release|Any CPU
		{2E396D54-F6D4-410B-AF30-0F83CF9659D1}.Release - Test|Any CPU.Build.0 = Release|Any CPU
		{2E396D54-F6D4-410B-AF30-0F83CF9659D1}.Release - Test|x86.ActiveCfg = Release|Any CPU
		{2E396D54-F6D4-410B-AF30-0F83CF9659D1}.Release|Any CPU.ActiveCfg = Release|Any CPU
		{2E396D54-F6D4-410B-AF30-0F83CF9659D1}.Release|Any CPU.Build.0 = Release|Any CPU
		{2E396D54-F6D4-410B-AF30-0F83CF9659D1}.Release|x86.ActiveCfg = Release|Any CPU
		{80418BDD-8FF2-4F01-8782-AD22A496AF79}.Debug no unit tests|Any CPU.ActiveCfg = Debug|Any CPU
		{80418BDD-8FF2-4F01-8782-AD22A496AF79}.Debug no unit tests|x86.ActiveCfg = Debug|Any CPU
		{80418BDD-8FF2-4F01-8782-AD22A496AF79}.Debug|Any CPU.ActiveCfg = Debug|Any CPU
		{80418BDD-8FF2-4F01-8782-AD22A496AF79}.Debug|Any CPU.Build.0 = Debug|Any CPU
		{80418BDD-8FF2-4F01-8782-AD22A496AF79}.Debug|x86.ActiveCfg = Debug|Any CPU
		{80418BDD-8FF2-4F01-8782-AD22A496AF79}.Release - Test|Any CPU.ActiveCfg = Release|Any CPU
		{80418BDD-8FF2-4F01-8782-AD22A496AF79}.Release - Test|Any CPU.Build.0 = Release|Any CPU
		{80418BDD-8FF2-4F01-8782-AD22A496AF79}.Release - Test|x86.ActiveCfg = Release|Any CPU
		{80418BDD-8FF2-4F01-8782-AD22A496AF79}.Release|Any CPU.ActiveCfg = Release|Any CPU
		{80418BDD-8FF2-4F01-8782-AD22A496AF79}.Release|Any CPU.Build.0 = Release|Any CPU
		{80418BDD-8FF2-4F01-8782-AD22A496AF79}.Release|x86.ActiveCfg = Release|Any CPU
		{3A62F36D-4E53-4532-B9EF-3B303A578B5E}.Debug no unit tests|Any CPU.ActiveCfg = Debug|Any CPU
		{3A62F36D-4E53-4532-B9EF-3B303A578B5E}.Debug no unit tests|Any CPU.Build.0 = Debug|Any CPU
		{3A62F36D-4E53-4532-B9EF-3B303A578B5E}.Debug no unit tests|x86.ActiveCfg = Debug|Any CPU
		{3A62F36D-4E53-4532-B9EF-3B303A578B5E}.Debug|Any CPU.ActiveCfg = Debug|Any CPU
		{3A62F36D-4E53-4532-B9EF-3B303A578B5E}.Debug|Any CPU.Build.0 = Debug|Any CPU
		{3A62F36D-4E53-4532-B9EF-3B303A578B5E}.Debug|x86.ActiveCfg = Debug|Any CPU
		{3A62F36D-4E53-4532-B9EF-3B303A578B5E}.Release - Test|Any CPU.ActiveCfg = Release - Test|Any CPU
		{3A62F36D-4E53-4532-B9EF-3B303A578B5E}.Release - Test|Any CPU.Build.0 = Release - Test|Any CPU
		{3A62F36D-4E53-4532-B9EF-3B303A578B5E}.Release - Test|x86.ActiveCfg = Release - Test|Any CPU
		{3A62F36D-4E53-4532-B9EF-3B303A578B5E}.Release|Any CPU.ActiveCfg = Release|Any CPU
		{3A62F36D-4E53-4532-B9EF-3B303A578B5E}.Release|Any CPU.Build.0 = Release|Any CPU
		{3A62F36D-4E53-4532-B9EF-3B303A578B5E}.Release|x86.ActiveCfg = Release|Any CPU
		{3A769AFA-83F9-4CB0-8F69-60B8487055E0}.Debug no unit tests|Any CPU.ActiveCfg = Debug|Any CPU
		{3A769AFA-83F9-4CB0-8F69-60B8487055E0}.Debug no unit tests|Any CPU.Build.0 = Debug|Any CPU
		{3A769AFA-83F9-4CB0-8F69-60B8487055E0}.Debug no unit tests|x86.ActiveCfg = Debug|Any CPU
		{3A769AFA-83F9-4CB0-8F69-60B8487055E0}.Debug|Any CPU.ActiveCfg = Debug|Any CPU
		{3A769AFA-83F9-4CB0-8F69-60B8487055E0}.Debug|Any CPU.Build.0 = Debug|Any CPU
		{3A769AFA-83F9-4CB0-8F69-60B8487055E0}.Debug|x86.ActiveCfg = Debug|Any CPU
		{3A769AFA-83F9-4CB0-8F69-60B8487055E0}.Release - Test|Any CPU.ActiveCfg = Release|Any CPU
		{3A769AFA-83F9-4CB0-8F69-60B8487055E0}.Release - Test|Any CPU.Build.0 = Release|Any CPU
		{3A769AFA-83F9-4CB0-8F69-60B8487055E0}.Release - Test|x86.ActiveCfg = Release|Any CPU
		{3A769AFA-83F9-4CB0-8F69-60B8487055E0}.Release|Any CPU.ActiveCfg = Release|Any CPU
		{3A769AFA-83F9-4CB0-8F69-60B8487055E0}.Release|Any CPU.Build.0 = Release|Any CPU
		{3A769AFA-83F9-4CB0-8F69-60B8487055E0}.Release|x86.ActiveCfg = Release|Any CPU
		{E579ACDA-8C4F-4E35-A18B-C001D9EECD2B}.Debug no unit tests|Any CPU.ActiveCfg = Debug|Any CPU
		{E579ACDA-8C4F-4E35-A18B-C001D9EECD2B}.Debug no unit tests|x86.ActiveCfg = Debug|Any CPU
		{E579ACDA-8C4F-4E35-A18B-C001D9EECD2B}.Debug|Any CPU.ActiveCfg = Debug|Any CPU
		{E579ACDA-8C4F-4E35-A18B-C001D9EECD2B}.Debug|Any CPU.Build.0 = Debug|Any CPU
		{E579ACDA-8C4F-4E35-A18B-C001D9EECD2B}.Debug|x86.ActiveCfg = Debug|Any CPU
		{E579ACDA-8C4F-4E35-A18B-C001D9EECD2B}.Release - Test|Any CPU.ActiveCfg = Release|Any CPU
		{E579ACDA-8C4F-4E35-A18B-C001D9EECD2B}.Release - Test|Any CPU.Build.0 = Release|Any CPU
		{E579ACDA-8C4F-4E35-A18B-C001D9EECD2B}.Release - Test|x86.ActiveCfg = Release|Any CPU
		{E579ACDA-8C4F-4E35-A18B-C001D9EECD2B}.Release|Any CPU.ActiveCfg = Release|Any CPU
		{E579ACDA-8C4F-4E35-A18B-C001D9EECD2B}.Release|Any CPU.Build.0 = Release|Any CPU
		{E579ACDA-8C4F-4E35-A18B-C001D9EECD2B}.Release|x86.ActiveCfg = Release|Any CPU
		{E779CBD7-1CCE-4796-AE12-00AB56A8A815}.Debug no unit tests|Any CPU.ActiveCfg = Debug|Any CPU
		{E779CBD7-1CCE-4796-AE12-00AB56A8A815}.Debug no unit tests|x86.ActiveCfg = Debug|Any CPU
		{E779CBD7-1CCE-4796-AE12-00AB56A8A815}.Debug|Any CPU.ActiveCfg = Debug|Any CPU
		{E779CBD7-1CCE-4796-AE12-00AB56A8A815}.Debug|Any CPU.Build.0 = Debug|Any CPU
		{E779CBD7-1CCE-4796-AE12-00AB56A8A815}.Debug|x86.ActiveCfg = Debug|Any CPU
		{E779CBD7-1CCE-4796-AE12-00AB56A8A815}.Release - Test|Any CPU.ActiveCfg = Release|Any CPU
		{E779CBD7-1CCE-4796-AE12-00AB56A8A815}.Release - Test|Any CPU.Build.0 = Release|Any CPU
		{E779CBD7-1CCE-4796-AE12-00AB56A8A815}.Release - Test|x86.ActiveCfg = Release|Any CPU
		{E779CBD7-1CCE-4796-AE12-00AB56A8A815}.Release|Any CPU.ActiveCfg = Release|Any CPU
		{E779CBD7-1CCE-4796-AE12-00AB56A8A815}.Release|Any CPU.Build.0 = Release|Any CPU
		{E779CBD7-1CCE-4796-AE12-00AB56A8A815}.Release|x86.ActiveCfg = Release|Any CPU
		{24FA312C-06E0-462D-97FA-709AC20D09EF}.Debug no unit tests|Any CPU.ActiveCfg = Debug|Any CPU
		{24FA312C-06E0-462D-97FA-709AC20D09EF}.Debug no unit tests|Any CPU.Build.0 = Debug|Any CPU
		{24FA312C-06E0-462D-97FA-709AC20D09EF}.Debug no unit tests|x86.ActiveCfg = Debug|Any CPU
		{24FA312C-06E0-462D-97FA-709AC20D09EF}.Debug|Any CPU.ActiveCfg = Debug|Any CPU
		{24FA312C-06E0-462D-97FA-709AC20D09EF}.Debug|Any CPU.Build.0 = Debug|Any CPU
		{24FA312C-06E0-462D-97FA-709AC20D09EF}.Debug|x86.ActiveCfg = Debug|Any CPU
		{24FA312C-06E0-462D-97FA-709AC20D09EF}.Release - Test|Any CPU.ActiveCfg = Release|Any CPU
		{24FA312C-06E0-462D-97FA-709AC20D09EF}.Release - Test|Any CPU.Build.0 = Release|Any CPU
		{24FA312C-06E0-462D-97FA-709AC20D09EF}.Release - Test|x86.ActiveCfg = Release|Any CPU
		{24FA312C-06E0-462D-97FA-709AC20D09EF}.Release|Any CPU.ActiveCfg = Release|Any CPU
		{24FA312C-06E0-462D-97FA-709AC20D09EF}.Release|Any CPU.Build.0 = Release|Any CPU
		{24FA312C-06E0-462D-97FA-709AC20D09EF}.Release|x86.ActiveCfg = Release|Any CPU
		{C7514B66-375D-4EA3-B211-711DA2EB450A}.Debug no unit tests|Any CPU.ActiveCfg = Debug|Any CPU
		{C7514B66-375D-4EA3-B211-711DA2EB450A}.Debug no unit tests|x86.ActiveCfg = Debug|Any CPU
		{C7514B66-375D-4EA3-B211-711DA2EB450A}.Debug|Any CPU.ActiveCfg = Debug|Any CPU
		{C7514B66-375D-4EA3-B211-711DA2EB450A}.Debug|Any CPU.Build.0 = Debug|Any CPU
		{C7514B66-375D-4EA3-B211-711DA2EB450A}.Debug|x86.ActiveCfg = Debug|Any CPU
		{C7514B66-375D-4EA3-B211-711DA2EB450A}.Release - Test|Any CPU.ActiveCfg = Release|Any CPU
		{C7514B66-375D-4EA3-B211-711DA2EB450A}.Release - Test|Any CPU.Build.0 = Release|Any CPU
		{C7514B66-375D-4EA3-B211-711DA2EB450A}.Release - Test|x86.ActiveCfg = Release|Any CPU
		{C7514B66-375D-4EA3-B211-711DA2EB450A}.Release|Any CPU.ActiveCfg = Release|Any CPU
		{C7514B66-375D-4EA3-B211-711DA2EB450A}.Release|Any CPU.Build.0 = Release|Any CPU
		{C7514B66-375D-4EA3-B211-711DA2EB450A}.Release|x86.ActiveCfg = Release|Any CPU
		{0AAD790B-15C7-4119-9987-3137A0BB20B9}.Debug no unit tests|Any CPU.ActiveCfg = Debug|Any CPU
		{0AAD790B-15C7-4119-9987-3137A0BB20B9}.Debug no unit tests|Any CPU.Build.0 = Debug|Any CPU
		{0AAD790B-15C7-4119-9987-3137A0BB20B9}.Debug no unit tests|x86.ActiveCfg = Debug|Any CPU
		{0AAD790B-15C7-4119-9987-3137A0BB20B9}.Debug|Any CPU.ActiveCfg = Debug|Any CPU
		{0AAD790B-15C7-4119-9987-3137A0BB20B9}.Debug|Any CPU.Build.0 = Debug|Any CPU
		{0AAD790B-15C7-4119-9987-3137A0BB20B9}.Debug|x86.ActiveCfg = Debug|Any CPU
		{0AAD790B-15C7-4119-9987-3137A0BB20B9}.Release - Test|Any CPU.ActiveCfg = Release|Any CPU
		{0AAD790B-15C7-4119-9987-3137A0BB20B9}.Release - Test|Any CPU.Build.0 = Release|Any CPU
		{0AAD790B-15C7-4119-9987-3137A0BB20B9}.Release - Test|x86.ActiveCfg = Release|Any CPU
		{0AAD790B-15C7-4119-9987-3137A0BB20B9}.Release|Any CPU.ActiveCfg = Release|Any CPU
		{0AAD790B-15C7-4119-9987-3137A0BB20B9}.Release|Any CPU.Build.0 = Release|Any CPU
		{0AAD790B-15C7-4119-9987-3137A0BB20B9}.Release|x86.ActiveCfg = Release|Any CPU
		{D58E3608-5E8C-4CDD-96AB-621AB93B2D45}.Debug no unit tests|Any CPU.ActiveCfg = Debug|Any CPU
		{D58E3608-5E8C-4CDD-96AB-621AB93B2D45}.Debug no unit tests|Any CPU.Build.0 = Debug|Any CPU
		{D58E3608-5E8C-4CDD-96AB-621AB93B2D45}.Debug no unit tests|x86.ActiveCfg = Debug|Any CPU
		{D58E3608-5E8C-4CDD-96AB-621AB93B2D45}.Debug|Any CPU.ActiveCfg = Debug|Any CPU
		{D58E3608-5E8C-4CDD-96AB-621AB93B2D45}.Debug|Any CPU.Build.0 = Debug|Any CPU
		{D58E3608-5E8C-4CDD-96AB-621AB93B2D45}.Debug|x86.ActiveCfg = Debug|Any CPU
		{D58E3608-5E8C-4CDD-96AB-621AB93B2D45}.Release - Test|Any CPU.ActiveCfg = Release|Any CPU
		{D58E3608-5E8C-4CDD-96AB-621AB93B2D45}.Release - Test|Any CPU.Build.0 = Release|Any CPU
		{D58E3608-5E8C-4CDD-96AB-621AB93B2D45}.Release - Test|x86.ActiveCfg = Release|Any CPU
		{D58E3608-5E8C-4CDD-96AB-621AB93B2D45}.Release|Any CPU.ActiveCfg = Release|Any CPU
		{D58E3608-5E8C-4CDD-96AB-621AB93B2D45}.Release|Any CPU.Build.0 = Release|Any CPU
		{D58E3608-5E8C-4CDD-96AB-621AB93B2D45}.Release|x86.ActiveCfg = Release|Any CPU
		{D978DA92-C5B6-4670-98E4-17390BBCCF08}.Debug no unit tests|Any CPU.ActiveCfg = Debug|Any CPU
		{D978DA92-C5B6-4670-98E4-17390BBCCF08}.Debug no unit tests|x86.ActiveCfg = Debug|Any CPU
		{D978DA92-C5B6-4670-98E4-17390BBCCF08}.Debug|Any CPU.ActiveCfg = Debug|Any CPU
		{D978DA92-C5B6-4670-98E4-17390BBCCF08}.Debug|Any CPU.Build.0 = Debug|Any CPU
		{D978DA92-C5B6-4670-98E4-17390BBCCF08}.Debug|x86.ActiveCfg = Debug|Any CPU
		{D978DA92-C5B6-4670-98E4-17390BBCCF08}.Release - Test|Any CPU.ActiveCfg = Release|Any CPU
		{D978DA92-C5B6-4670-98E4-17390BBCCF08}.Release - Test|Any CPU.Build.0 = Release|Any CPU
		{D978DA92-C5B6-4670-98E4-17390BBCCF08}.Release - Test|x86.ActiveCfg = Release|Any CPU
		{D978DA92-C5B6-4670-98E4-17390BBCCF08}.Release|Any CPU.ActiveCfg = Release|Any CPU
		{D978DA92-C5B6-4670-98E4-17390BBCCF08}.Release|Any CPU.Build.0 = Release|Any CPU
		{D978DA92-C5B6-4670-98E4-17390BBCCF08}.Release|x86.ActiveCfg = Release|Any CPU
		{BBD8CAD5-6A28-494F-A6B0-A5280EC6F92E}.Debug no unit tests|Any CPU.ActiveCfg = Debug|x86
		{BBD8CAD5-6A28-494F-A6B0-A5280EC6F92E}.Debug no unit tests|x86.ActiveCfg = Debug|x86
		{BBD8CAD5-6A28-494F-A6B0-A5280EC6F92E}.Debug no unit tests|x86.Build.0 = Debug|x86
		{BBD8CAD5-6A28-494F-A6B0-A5280EC6F92E}.Debug|Any CPU.ActiveCfg = Debug|Any CPU
		{BBD8CAD5-6A28-494F-A6B0-A5280EC6F92E}.Debug|Any CPU.Build.0 = Debug|Any CPU
		{BBD8CAD5-6A28-494F-A6B0-A5280EC6F92E}.Debug|x86.ActiveCfg = Debug|x86
		{BBD8CAD5-6A28-494F-A6B0-A5280EC6F92E}.Debug|x86.Build.0 = Debug|x86
		{BBD8CAD5-6A28-494F-A6B0-A5280EC6F92E}.Release - Test|Any CPU.ActiveCfg = Release|x86
		{BBD8CAD5-6A28-494F-A6B0-A5280EC6F92E}.Release - Test|x86.ActiveCfg = Release|x86
		{BBD8CAD5-6A28-494F-A6B0-A5280EC6F92E}.Release - Test|x86.Build.0 = Release|x86
		{BBD8CAD5-6A28-494F-A6B0-A5280EC6F92E}.Release|Any CPU.ActiveCfg = Release|Any CPU
		{BBD8CAD5-6A28-494F-A6B0-A5280EC6F92E}.Release|Any CPU.Build.0 = Release|Any CPU
		{BBD8CAD5-6A28-494F-A6B0-A5280EC6F92E}.Release|x86.ActiveCfg = Release|x86
		{BBD8CAD5-6A28-494F-A6B0-A5280EC6F92E}.Release|x86.Build.0 = Release|x86
	EndGlobalSection
	GlobalSection(SolutionProperties) = preSolution
		HideSolutionNode = FALSE
	EndGlobalSection
	GlobalSection(NestedProjects) = preSolution
		{F90642C7-E5E0-4B67-A97C-464F8697A452} = {BDC4C511-A2CA-4CCC-9960-748D511B5BAC}
		{A951B179-B81E-42E2-81CD-242D8E1D278D} = {BDC4C511-A2CA-4CCC-9960-748D511B5BAC}
		{9E62DAD6-C73A-49CA-9906-14E28325549C} = {BDC4C511-A2CA-4CCC-9960-748D511B5BAC}
		{D8041984-1823-4672-9B6E-3E99AB6A3A7A} = {0A1DF75C-9F0C-4B2E-BD03-316671ED8146}
		{7919C746-73F3-4279-A53B-CC6C08F42318} = {0A1DF75C-9F0C-4B2E-BD03-316671ED8146}
		{A67A2102-BA0E-48B3-9EF8-831F72B47160} = {0A1DF75C-9F0C-4B2E-BD03-316671ED8146}
		{FFC5B55E-9157-4CE6-81BD-E593E4C08422} = {0A1DF75C-9F0C-4B2E-BD03-316671ED8146}
		{701547DC-CA90-46EF-83E6-AC0ED4335715} = {79351B3D-6F22-43FC-B6E3-84403C789513}
		{E19E19F1-71EE-4C76-BF94-350A46075BED} = {79351B3D-6F22-43FC-B6E3-84403C789513}
		{C7514B66-375D-4EA3-B211-711DA2EB450A} = {79351B3D-6F22-43FC-B6E3-84403C789513}
		{2661F1B5-62FB-4783-A1A0-57445F397F9E} = {79351B3D-6F22-43FC-B6E3-84403C789513}
		{BBD8CAD5-6A28-494F-A6B0-A5280EC6F92E} = {79351B3D-6F22-43FC-B6E3-84403C789513}
		{E579ACDA-8C4F-4E35-A18B-C001D9EECD2B} = {7434E18C-A1AD-41F6-BF37-328A289B29CE}
		{E779CBD7-1CCE-4796-AE12-00AB56A8A815} = {7434E18C-A1AD-41F6-BF37-328A289B29CE}
		{3A62F36D-4E53-4532-B9EF-3B303A578B5E} = {7434E18C-A1AD-41F6-BF37-328A289B29CE}
		{D978DA92-C5B6-4670-98E4-17390BBCCF08} = {7434E18C-A1AD-41F6-BF37-328A289B29CE}
		{24FA312C-06E0-462D-97FA-709AC20D09EF} = {EB83CFB5-9FB1-45BC-B391-DE9E215A02C9}
		{0AAD790B-15C7-4119-9987-3137A0BB20B9} = {EB83CFB5-9FB1-45BC-B391-DE9E215A02C9}
		{D58E3608-5E8C-4CDD-96AB-621AB93B2D45} = {EB83CFB5-9FB1-45BC-B391-DE9E215A02C9}
	EndGlobalSection
	GlobalSection(SpecExplorer.ActivityCompletionStatus) = preSolution
		SpecExplorer.ActivityCompletionStatus = 
	EndGlobalSection
EndGlobal
