
Microsoft Visual Studio Solution File, Format Version 10.00
# Visual Studio 2008
Project("{2150E333-8FDC-42A3-9474-1A3956D46DE8}") = "Solution Items", "Solution Items", "{109114F1-DE48-4B10-AF10-A18D9AF68E8B}"
	ProjectSection(SolutionItems) = preProject
		Ancillary\AdventureWorks.snk = Ancillary\AdventureWorks.snk
	EndProjectSection
EndProject
Project("{2150E333-8FDC-42A3-9474-1A3956D46DE8}") = "Lib", "Lib", "{BDC4C511-A2CA-4CCC-9960-748D511B5BAC}"
	ProjectSection(SolutionItems) = preProject
		Lib\CSScriptLibrary.dll = Lib\CSScriptLibrary.dll
		Lib\CSScriptLibrary.pdb = Lib\CSScriptLibrary.pdb
		Lib\CSScriptLibrary.xml = Lib\CSScriptLibrary.xml
		Lib\nunit.framework.dll = Lib\nunit.framework.dll
		Lib\sliver.Windows.Forms.StateBrowser.dll = Lib\sliver.Windows.Forms.StateBrowser.dll
	EndProjectSection
EndProject
Project("{FAE04EC0-301F-11D3-BF4B-00C04F79EFBC}") = "DynamicQuery", "DynamicQuery\DynamicQuery.csproj", "{F285CEB0-4108-440C-AD94-1C1A7C159D7C}"
EndProject
Project("{FAE04EC0-301F-11D3-BF4B-00C04F79EFBC}") = "AW.Helper", "AW.Helper\AW.Helper.csproj", "{FFC5B55E-9157-4CE6-81BD-E593E4C08422}"
EndProject
Project("{2150E333-8FDC-42A3-9474-1A3956D46DE8}") = "Licenses", "Licenses", "{F15CB949-7617-4315-BC90-9A4A94633C86}"
	ProjectSection(SolutionItems) = preProject
		Documentation\DynamicQueryable-CSharpSamples MPL License.txt = Documentation\DynamicQueryable-CSharpSamples MPL License.txt
		Documentation\Hawkeye MPL License.txt = Documentation\Hawkeye MPL License.txt
		Documentation\PropertyGridEx CPOL License.html = Documentation\PropertyGridEx CPOL License.html
		Documentation\TextBox TraceListener MIT License.txt = Documentation\TextBox TraceListener MIT License.txt
	EndProjectSection
EndProject
Project("{2150E333-8FDC-42A3-9474-1A3956D46DE8}") = "Hawkeye", "Hawkeye", "{A951B179-B81E-42E2-81CD-242D8E1D278D}"
	ProjectSection(SolutionItems) = preProject
		Lib\ACorns.Hawkeye.Core.dll = Lib\ACorns.Hawkeye.Core.dll
		Lib\ACorns.Hawkeye.Core.pdb = Lib\ACorns.Hawkeye.Core.pdb
		Lib\ACorns.Hawkeye.CoreUI.dll = Lib\ACorns.Hawkeye.CoreUI.dll
		Lib\ACorns.Hawkeye.CoreUI.pdb = Lib\ACorns.Hawkeye.CoreUI.pdb
		Lib\ACorns.Hawkeye.Injector.dll = Lib\ACorns.Hawkeye.Injector.dll
		Lib\ACorns.Hawkeye.Injector.pdb = Lib\ACorns.Hawkeye.Injector.pdb
		Lib\ACorns.PropertyGridExtender.dll = Lib\ACorns.PropertyGridExtender.dll
	EndProjectSection
EndProject
Project("{FAE04EC0-301F-11D3-BF4B-00C04F79EFBC}") = "AW.Winforms.Helpers", "AW.Winforms.Helpers\AW.Winforms.Helpers.csproj", "{D8041984-1823-4672-9B6E-3E99AB6A3A7A}"
EndProject
Project("{FAE04EC0-301F-11D3-BF4B-00C04F79EFBC}") = "AW.DebugVisualizers", "AW.DebugVisualizers\AW.DebugVisualizers.csproj", "{701547DC-CA90-46EF-83E6-AC0ED4335715}"
EndProject
Project("{FAE04EC0-301F-11D3-BF4B-00C04F79EFBC}") = "ObjectListView", "ObjectListView\ObjectListView.csproj", "{3A62F36D-4E53-4532-B9EF-3B303A578B5E}"
EndProject
Global
	GlobalSection(TeamFoundationVersionControl) = preSolution
		SccNumberOfProjects = 6
		SccEnterpriseProvider = {4CA58AB2-18FA-4F8D-95D4-32DDF27D184C}
		SccTeamFoundationServer = https://tfs01.codeplex.com/
		SccLocalPath0 = .
		SccProjectUniqueName1 = DynamicQuery\\DynamicQuery.csproj
		SccProjectName1 = DynamicQuery
		SccLocalPath1 = DynamicQuery
		SccProjectUniqueName2 = AW.Helper\\AW.Helper.csproj
		SccProjectName2 = AW.Helper
		SccLocalPath2 = AW.Helper
		SccProjectUniqueName3 = AW.Winforms.Helpers\\AW.Winforms.Helpers.csproj
		SccProjectName3 = AW.Winforms.Helpers
		SccLocalPath3 = AW.Winforms.Helpers
		SccProjectUniqueName4 = AW.DebugVisualizers\\AW.DebugVisualizers.csproj
		SccProjectName4 = AW.DebugVisualizers
		SccLocalPath4 = AW.DebugVisualizers
		SccProjectUniqueName5 = ObjectListView\\ObjectListView.csproj
		SccProjectName5 = ObjectListView
		SccLocalPath5 = ObjectListView
	EndGlobalSection
	GlobalSection(SolutionConfigurationPlatforms) = preSolution
		Debug no unit tests|Any CPU = Debug no unit tests|Any CPU
		Debug|Any CPU = Debug|Any CPU
		Release - Test|Any CPU = Release - Test|Any CPU
		Release|Any CPU = Release|Any CPU
	EndGlobalSection
	GlobalSection(ProjectConfigurationPlatforms) = postSolution
		{F285CEB0-4108-440C-AD94-1C1A7C159D7C}.Debug no unit tests|Any CPU.ActiveCfg = Debug|Any CPU
		{F285CEB0-4108-440C-AD94-1C1A7C159D7C}.Debug no unit tests|Any CPU.Build.0 = Debug|Any CPU
		{F285CEB0-4108-440C-AD94-1C1A7C159D7C}.Debug|Any CPU.ActiveCfg = Debug|Any CPU
		{F285CEB0-4108-440C-AD94-1C1A7C159D7C}.Debug|Any CPU.Build.0 = Debug|Any CPU
		{F285CEB0-4108-440C-AD94-1C1A7C159D7C}.Release - Test|Any CPU.ActiveCfg = Release|Any CPU
		{F285CEB0-4108-440C-AD94-1C1A7C159D7C}.Release - Test|Any CPU.Build.0 = Release|Any CPU
		{F285CEB0-4108-440C-AD94-1C1A7C159D7C}.Release|Any CPU.ActiveCfg = Release|Any CPU
		{F285CEB0-4108-440C-AD94-1C1A7C159D7C}.Release|Any CPU.Build.0 = Release|Any CPU
		{FFC5B55E-9157-4CE6-81BD-E593E4C08422}.Debug no unit tests|Any CPU.ActiveCfg = Debug|Any CPU
		{FFC5B55E-9157-4CE6-81BD-E593E4C08422}.Debug no unit tests|Any CPU.Build.0 = Debug|Any CPU
		{FFC5B55E-9157-4CE6-81BD-E593E4C08422}.Debug|Any CPU.ActiveCfg = Debug|Any CPU
		{FFC5B55E-9157-4CE6-81BD-E593E4C08422}.Debug|Any CPU.Build.0 = Debug|Any CPU
		{FFC5B55E-9157-4CE6-81BD-E593E4C08422}.Release - Test|Any CPU.ActiveCfg = Release|Any CPU
		{FFC5B55E-9157-4CE6-81BD-E593E4C08422}.Release - Test|Any CPU.Build.0 = Release|Any CPU
		{FFC5B55E-9157-4CE6-81BD-E593E4C08422}.Release|Any CPU.ActiveCfg = Release|Any CPU
		{FFC5B55E-9157-4CE6-81BD-E593E4C08422}.Release|Any CPU.Build.0 = Release|Any CPU
		{D8041984-1823-4672-9B6E-3E99AB6A3A7A}.Debug no unit tests|Any CPU.ActiveCfg = Debug|Any CPU
		{D8041984-1823-4672-9B6E-3E99AB6A3A7A}.Debug no unit tests|Any CPU.Build.0 = Debug|Any CPU
		{D8041984-1823-4672-9B6E-3E99AB6A3A7A}.Debug|Any CPU.ActiveCfg = Debug|Any CPU
		{D8041984-1823-4672-9B6E-3E99AB6A3A7A}.Debug|Any CPU.Build.0 = Debug|Any CPU
		{D8041984-1823-4672-9B6E-3E99AB6A3A7A}.Release - Test|Any CPU.ActiveCfg = Release|Any CPU
		{D8041984-1823-4672-9B6E-3E99AB6A3A7A}.Release - Test|Any CPU.Build.0 = Release|Any CPU
		{D8041984-1823-4672-9B6E-3E99AB6A3A7A}.Release|Any CPU.ActiveCfg = Release|Any CPU
		{D8041984-1823-4672-9B6E-3E99AB6A3A7A}.Release|Any CPU.Build.0 = Release|Any CPU
		{701547DC-CA90-46EF-83E6-AC0ED4335715}.Debug no unit tests|Any CPU.ActiveCfg = Debug|Any CPU
		{701547DC-CA90-46EF-83E6-AC0ED4335715}.Debug no unit tests|Any CPU.Build.0 = Debug|Any CPU
		{701547DC-CA90-46EF-83E6-AC0ED4335715}.Debug|Any CPU.ActiveCfg = Debug|Any CPU
		{701547DC-CA90-46EF-83E6-AC0ED4335715}.Debug|Any CPU.Build.0 = Debug|Any CPU
		{701547DC-CA90-46EF-83E6-AC0ED4335715}.Release - Test|Any CPU.ActiveCfg = Release|Any CPU
		{701547DC-CA90-46EF-83E6-AC0ED4335715}.Release - Test|Any CPU.Build.0 = Release|Any CPU
		{701547DC-CA90-46EF-83E6-AC0ED4335715}.Release|Any CPU.ActiveCfg = Release|Any CPU
		{701547DC-CA90-46EF-83E6-AC0ED4335715}.Release|Any CPU.Build.0 = Release|Any CPU
		{3A62F36D-4E53-4532-B9EF-3B303A578B5E}.Debug no unit tests|Any CPU.ActiveCfg = Debug|Any CPU
		{3A62F36D-4E53-4532-B9EF-3B303A578B5E}.Debug no unit tests|Any CPU.Build.0 = Debug|Any CPU
		{3A62F36D-4E53-4532-B9EF-3B303A578B5E}.Debug|Any CPU.ActiveCfg = Debug|Any CPU
		{3A62F36D-4E53-4532-B9EF-3B303A578B5E}.Debug|Any CPU.Build.0 = Debug|Any CPU
		{3A62F36D-4E53-4532-B9EF-3B303A578B5E}.Release - Test|Any CPU.ActiveCfg = Release - Test|Any CPU
		{3A62F36D-4E53-4532-B9EF-3B303A578B5E}.Release - Test|Any CPU.Build.0 = Release - Test|Any CPU
		{3A62F36D-4E53-4532-B9EF-3B303A578B5E}.Release|Any CPU.ActiveCfg = Release|Any CPU
		{3A62F36D-4E53-4532-B9EF-3B303A578B5E}.Release|Any CPU.Build.0 = Release|Any CPU
	EndGlobalSection
	GlobalSection(SolutionProperties) = preSolution
		HideSolutionNode = FALSE
	EndGlobalSection
	GlobalSection(NestedProjects) = preSolution
		{A951B179-B81E-42E2-81CD-242D8E1D278D} = {BDC4C511-A2CA-4CCC-9960-748D511B5BAC}
	EndGlobalSection
	GlobalSection(SpecExplorer.ActivityCompletionStatus) = preSolution
		SpecExplorer.ActivityCompletionStatus = 
	EndGlobalSection
EndGlobal
