
Microsoft Visual Studio Solution File, Format Version 10.00
# Visual Studio 2008
Project("{FAE04EC0-301F-11D3-BF4B-00C04F79EFBC}") = "AW.Win", "AW.Win\AW.Win.csproj", "{C3B6A2C2-7333-4250-9384-ECB7CE06FE21}"
EndProject
Project("{FAE04EC0-301F-11D3-BF4B-00C04F79EFBC}") = "AW.Data", "AW.Data\AW.Data.csproj", "{47F52527-A001-405B-9CEC-FCBF7FA10855}"
EndProject
Project("{2150E333-8FDC-42A3-9474-1A3956D46DE8}") = "Solution Items", "Solution Items", "{109114F1-DE48-4B10-AF10-A18D9AF68E8B}"
	ProjectSection(SolutionItems) = preProject
		Ancillary\AdventureWorks.snk = Ancillary\AdventureWorks.snk
		Ancillary\AW.Data.lgp = Ancillary\AW.Data.lgp
		Ancillary\AW.Data.Plural.lgp = Ancillary\AW.Data.Plural.lgp
		AW.vsmdi = AW.vsmdi
		LocalTestRun.testrunconfig = LocalTestRun.testrunconfig
	EndProjectSection
EndProject
Project("{FAE04EC0-301F-11D3-BF4B-00C04F79EFBC}") = "AW.Winforms.Helpers", "href.controls\AW.Winforms.Helpers.csproj", "{D8041984-1823-4672-9B6E-3E99AB6A3A7A}"
EndProject
Project("{FAE04EC0-301F-11D3-BF4B-00C04F79EFBC}") = "AW.Business", "AW.Business\AW.Business.csproj", "{78186ECB-5408-400B-B1A7-10F4A150BC56}"
EndProject
Project("{FAE04EC0-301F-11D3-BF4B-00C04F79EFBC}") = "AW.LinqToSQL", "AW.LinqToSQL\AW.LinqToSQL.csproj", "{3A769AFA-83F9-4CB0-8F69-60B8487055E0}"
EndProject
Project("{FAE04EC0-301F-11D3-BF4B-00C04F79EFBC}") = "AW.Test", "AW.Test\AW.Test.csproj", "{80418BDD-8FF2-4F01-8782-AD22A496AF79}"
EndProject
Project("{FAE04EC0-301F-11D3-BF4B-00C04F79EFBC}") = "RefreshCustomProperties", "LLBLGen.Plugins\Refresh Custom Properties\RefreshCustomProperties.csproj", "{730F2F3D-0145-4A61-B7F8-E3926472E16A}"
EndProject
Project("{FAE04EC0-301F-11D3-BF4B-00C04F79EFBC}") = "AW.LLBLGen.Plugins", "LLBLGen.Plugins\AW.LLBLGen.Plugins\AW.LLBLGen.Plugins.csproj", "{0455FCEB-846A-42C7-AECB-47A895213FF2}"
EndProject
Project("{2150E333-8FDC-42A3-9474-1A3956D46DE8}") = "LLBLGen.Plugins", "LLBLGen.Plugins", "{690C6BC7-AAEF-4E18-A497-5C301CAD65FB}"
EndProject
Project("{2150E333-8FDC-42A3-9474-1A3956D46DE8}") = "Lib", "Lib", "{BDC4C511-A2CA-4CCC-9960-748D511B5BAC}"
	ProjectSection(SolutionItems) = preProject
		Lib\ACorns.Hawkeye.Core.dll = Lib\ACorns.Hawkeye.Core.dll
		Lib\ACorns.Hawkeye.Core.pdb = Lib\ACorns.Hawkeye.Core.pdb
		Lib\ACorns.Hawkeye.CoreUI.dll = Lib\ACorns.Hawkeye.CoreUI.dll
		Lib\ACorns.Hawkeye.CoreUI.pdb = Lib\ACorns.Hawkeye.CoreUI.pdb
		Lib\CSScriptLibrary.dll = Lib\CSScriptLibrary.dll
		Lib\CSScriptLibrary.pdb = Lib\CSScriptLibrary.pdb
		Lib\CSScriptLibrary.xml = Lib\CSScriptLibrary.xml
		Lib\ObjectListView.dll = Lib\ObjectListView.dll
		Lib\ObjectListView.pdb = Lib\ObjectListView.pdb
		Lib\ObjectListView.xml = Lib\ObjectListView.xml
		Lib\sliver.Windows.Forms.StateBrowser.dll = Lib\sliver.Windows.Forms.StateBrowser.dll
	EndProjectSection
EndProject
Project("{2150E333-8FDC-42A3-9474-1A3956D46DE8}") = "SampleQueryFiles", "SampleQueryFiles", "{2FB4C735-0EB2-47B5-8D3D-5AAE437AA294}"
	ProjectSection(SolutionItems) = preProject
		SampleQueryFiles\Alberts.cs = SampleQueryFiles\Alberts.cs
		SampleQueryFiles\EmployeeEntity.GetEmployees.cs = SampleQueryFiles\EmployeeEntity.GetEmployees.cs
		SampleQueryFiles\GetCustomerListAnonymousLinq.cs = SampleQueryFiles\GetCustomerListAnonymousLinq.cs
		SampleQueryFiles\GetCustomerViewRelatedCollection.cs = SampleQueryFiles\GetCustomerViewRelatedCollection.cs
		SampleQueryFiles\GetCustomerViewTypedView.cs = SampleQueryFiles\GetCustomerViewTypedView.cs
		SampleQueryFiles\GetEntitiesTypes.cs = SampleQueryFiles\GetEntitiesTypes.cs
		SampleQueryFiles\LLBL Project Entity Table Mapping.cs = SampleQueryFiles\LLBL Project Entity Table Mapping.cs
		SampleQueryFiles\LLBL Project Entity Table Mapping.linq = SampleQueryFiles\LLBL Project Entity Table Mapping.linq
		SampleQueryFiles\LLBL_AWcustomerlist.linq = SampleQueryFiles\LLBL_AWcustomerlist.linq
		SampleQueryFiles\SalesOrderHeader_Albert_Perth.cs = SampleQueryFiles\SalesOrderHeader_Albert_Perth.cs
	EndProjectSection
EndProject
Project("{FAE04EC0-301F-11D3-BF4B-00C04F79EFBC}") = "DynamicQuery", "DynamicQuery\DynamicQuery.csproj", "{F285CEB0-4108-440C-AD94-1C1A7C159D7C}"
EndProject
Global
	GlobalSection(TeamFoundationVersionControl) = preSolution
		SccNumberOfProjects = 10
		SccEnterpriseProvider = {4CA58AB2-18FA-4F8D-95D4-32DDF27D184C}
		SccTeamFoundationServer = https://tfs01.codeplex.com/
		SccLocalPath0 = .
		SccProjectUniqueName1 = AW.Win\\AW.Win.csproj
		SccProjectName1 = AW.Win
		SccLocalPath1 = AW.Win
		SccProjectUniqueName2 = AW.Data\\AW.Data.csproj
		SccProjectName2 = AW.Data
		SccLocalPath2 = AW.Data
		SccProjectUniqueName3 = AW.Business\\AW.Business.csproj
		SccProjectName3 = AW.Business
		SccLocalPath3 = AW.Business
		SccProjectUniqueName4 = AW.LinqToSQL\\AW.LinqToSQL.csproj
		SccProjectName4 = AW.LinqToSQL
		SccLocalPath4 = AW.LinqToSQL
		SccProjectUniqueName5 = AW.Test\\AW.Test.csproj
		SccProjectName5 = AW.Test
		SccLocalPath5 = AW.Test
		SccProjectUniqueName6 = href.controls\\AW.Winforms.Helpers.csproj
		SccProjectName6 = href.controls
		SccLocalPath6 = href.controls
		SccProjectUniqueName7 = LLBLGen.Plugins\\Refresh\u0020Custom\u0020Properties\\RefreshCustomProperties.csproj
		SccProjectTopLevelParentUniqueName7 = AW.sln
		SccProjectName7 = LLBLGen.Plugins/Refresh\u0020Custom\u0020Properties
		SccLocalPath7 = LLBLGen.Plugins\\Refresh\u0020Custom\u0020Properties
		SccProjectUniqueName8 = LLBLGen.Plugins\\AW.LLBLGen.Plugins\\AW.LLBLGen.Plugins.csproj
		SccProjectTopLevelParentUniqueName8 = AW.sln
		SccProjectName8 = LLBLGen.Plugins/AW.LLBLGen.Plugins
		SccLocalPath8 = LLBLGen.Plugins\\AW.LLBLGen.Plugins
		SccProjectUniqueName9 = DynamicQuery\\DynamicQuery.csproj
		SccProjectName9 = DynamicQuery
		SccLocalPath9 = DynamicQuery
	EndGlobalSection
	GlobalSection(TestCaseManagementSettings) = postSolution
		CategoryFile = AW.vsmdi
	EndGlobalSection
	GlobalSection(SolutionConfigurationPlatforms) = preSolution
		Debug|Any CPU = Debug|Any CPU
		Release|Any CPU = Release|Any CPU
	EndGlobalSection
	GlobalSection(ProjectConfigurationPlatforms) = postSolution
		{C3B6A2C2-7333-4250-9384-ECB7CE06FE21}.Debug|Any CPU.ActiveCfg = Debug|Any CPU
		{C3B6A2C2-7333-4250-9384-ECB7CE06FE21}.Debug|Any CPU.Build.0 = Debug|Any CPU
		{C3B6A2C2-7333-4250-9384-ECB7CE06FE21}.Release|Any CPU.ActiveCfg = Release|Any CPU
		{C3B6A2C2-7333-4250-9384-ECB7CE06FE21}.Release|Any CPU.Build.0 = Release|Any CPU
		{47F52527-A001-405B-9CEC-FCBF7FA10855}.Debug|Any CPU.ActiveCfg = Debug|Any CPU
		{47F52527-A001-405B-9CEC-FCBF7FA10855}.Debug|Any CPU.Build.0 = Debug|Any CPU
		{47F52527-A001-405B-9CEC-FCBF7FA10855}.Release|Any CPU.ActiveCfg = Release|Any CPU
		{47F52527-A001-405B-9CEC-FCBF7FA10855}.Release|Any CPU.Build.0 = Release|Any CPU
		{D8041984-1823-4672-9B6E-3E99AB6A3A7A}.Debug|Any CPU.ActiveCfg = Debug|Any CPU
		{D8041984-1823-4672-9B6E-3E99AB6A3A7A}.Debug|Any CPU.Build.0 = Debug|Any CPU
		{D8041984-1823-4672-9B6E-3E99AB6A3A7A}.Release|Any CPU.ActiveCfg = Release|Any CPU
		{D8041984-1823-4672-9B6E-3E99AB6A3A7A}.Release|Any CPU.Build.0 = Release|Any CPU
		{78186ECB-5408-400B-B1A7-10F4A150BC56}.Debug|Any CPU.ActiveCfg = Debug|Any CPU
		{78186ECB-5408-400B-B1A7-10F4A150BC56}.Debug|Any CPU.Build.0 = Debug|Any CPU
		{78186ECB-5408-400B-B1A7-10F4A150BC56}.Release|Any CPU.ActiveCfg = Release|Any CPU
		{78186ECB-5408-400B-B1A7-10F4A150BC56}.Release|Any CPU.Build.0 = Release|Any CPU
		{3A769AFA-83F9-4CB0-8F69-60B8487055E0}.Debug|Any CPU.ActiveCfg = Debug|Any CPU
		{3A769AFA-83F9-4CB0-8F69-60B8487055E0}.Debug|Any CPU.Build.0 = Debug|Any CPU
		{3A769AFA-83F9-4CB0-8F69-60B8487055E0}.Release|Any CPU.ActiveCfg = Release|Any CPU
		{3A769AFA-83F9-4CB0-8F69-60B8487055E0}.Release|Any CPU.Build.0 = Release|Any CPU
		{80418BDD-8FF2-4F01-8782-AD22A496AF79}.Debug|Any CPU.ActiveCfg = Debug|Any CPU
		{80418BDD-8FF2-4F01-8782-AD22A496AF79}.Debug|Any CPU.Build.0 = Debug|Any CPU
		{80418BDD-8FF2-4F01-8782-AD22A496AF79}.Release|Any CPU.ActiveCfg = Release|Any CPU
		{80418BDD-8FF2-4F01-8782-AD22A496AF79}.Release|Any CPU.Build.0 = Release|Any CPU
		{730F2F3D-0145-4A61-B7F8-E3926472E16A}.Debug|Any CPU.ActiveCfg = Debug|Any CPU
		{730F2F3D-0145-4A61-B7F8-E3926472E16A}.Debug|Any CPU.Build.0 = Debug|Any CPU
		{730F2F3D-0145-4A61-B7F8-E3926472E16A}.Release|Any CPU.ActiveCfg = Release|Any CPU
		{730F2F3D-0145-4A61-B7F8-E3926472E16A}.Release|Any CPU.Build.0 = Release|Any CPU
		{0455FCEB-846A-42C7-AECB-47A895213FF2}.Debug|Any CPU.ActiveCfg = Debug|Any CPU
		{0455FCEB-846A-42C7-AECB-47A895213FF2}.Debug|Any CPU.Build.0 = Debug|Any CPU
		{0455FCEB-846A-42C7-AECB-47A895213FF2}.Release|Any CPU.ActiveCfg = Release|Any CPU
		{0455FCEB-846A-42C7-AECB-47A895213FF2}.Release|Any CPU.Build.0 = Release|Any CPU
		{F285CEB0-4108-440C-AD94-1C1A7C159D7C}.Debug|Any CPU.ActiveCfg = Debug|Any CPU
		{F285CEB0-4108-440C-AD94-1C1A7C159D7C}.Debug|Any CPU.Build.0 = Debug|Any CPU
		{F285CEB0-4108-440C-AD94-1C1A7C159D7C}.Release|Any CPU.ActiveCfg = Release|Any CPU
		{F285CEB0-4108-440C-AD94-1C1A7C159D7C}.Release|Any CPU.Build.0 = Release|Any CPU
	EndGlobalSection
	GlobalSection(SolutionProperties) = preSolution
		HideSolutionNode = FALSE
	EndGlobalSection
	GlobalSection(NestedProjects) = preSolution
		{0455FCEB-846A-42C7-AECB-47A895213FF2} = {690C6BC7-AAEF-4E18-A497-5C301CAD65FB}
		{730F2F3D-0145-4A61-B7F8-E3926472E16A} = {690C6BC7-AAEF-4E18-A497-5C301CAD65FB}
	EndGlobalSection
EndGlobal
