
Microsoft Visual Studio Solution File, Format Version 10.00
# Visual Studio 2008
Project("{FAE04EC0-301F-11D3-BF4B-00C04F79EFBC}") = "AW.Win", "AW.Win\AW.Win.csproj", "{C3B6A2C2-7333-4250-9384-ECB7CE06FE21}"
EndProject
Project("{FAE04EC0-301F-11D3-BF4B-00C04F79EFBC}") = "AW.Data", "AW.Data\AW.Data.csproj", "{47F52527-A001-405B-9CEC-FCBF7FA10855}"
EndProject
Project("{2150E333-8FDC-42A3-9474-1A3956D46DE8}") = "Solution Items", "Solution Items", "{109114F1-DE48-4B10-AF10-A18D9AF68E8B}"
	ProjectSection(SolutionItems) = preProject
		Ancillary\AdventureWorks.snk = Ancillary\AdventureWorks.snk
		Ancillary\AW.Data.lgp = Ancillary\AW.Data.lgp
	EndProjectSection
EndProject
Project("{FAE04EC0-301F-11D3-BF4B-00C04F79EFBC}") = "href.Controls", "href.controls\href.Controls.csproj", "{D8041984-1823-4672-9B6E-3E99AB6A3A7A}"
EndProject
Project("{FAE04EC0-301F-11D3-BF4B-00C04F79EFBC}") = "AW.Business", "AW.Business\AW.Business.csproj", "{78186ECB-5408-400B-B1A7-10F4A150BC56}"
EndProject
Global
	GlobalSection(TeamFoundationVersionControl) = preSolution
		SccNumberOfProjects = 5
		SccEnterpriseProvider = {4CA58AB2-18FA-4F8D-95D4-32DDF27D184C}
		SccTeamFoundationServer = https://tfs01.codeplex.com/
		SccLocalPath0 = .
		SccProjectUniqueName1 = AW.Win\\AW.Win.csproj
		SccProjectName1 = AW.Win
		SccLocalPath1 = AW.Win
		SccProjectUniqueName2 = AW.Data\\AW.Data.csproj
		SccProjectName2 = AW.Data
		SccLocalPath2 = AW.Data
		SccProjectUniqueName3 = href.controls\\href.Controls.csproj
		SccProjectName3 = href.controls
		SccLocalPath3 = href.controls
		SccProjectUniqueName4 = AW.Business\\AW.Business.csproj
		SccProjectName4 = AW.Business
		SccLocalPath4 = AW.Business
	EndGlobalSection
	GlobalSection(SolutionConfigurationPlatforms) = preSolution
		Debug|Any CPU = Debug|Any CPU
		Release|Any CPU = Release|Any CPU
	EndGlobalSection
	GlobalSection(ProjectConfigurationPlatforms) = postSolution
		{C3B6A2C2-7333-4250-9384-ECB7CE06FE21}.Debug|Any CPU.ActiveCfg = Debug|Any CPU
		{C3B6A2C2-7333-4250-9384-ECB7CE06FE21}.Debug|Any CPU.Build.0 = Debug|Any CPU
		{C3B6A2C2-7333-4250-9384-ECB7CE06FE21}.Release|Any CPU.ActiveCfg = Release|Any CPU
		{C3B6A2C2-7333-4250-9384-ECB7CE06FE21}.Release|Any CPU.Build.0 = Release|Any CPU
		{47F52527-A001-405B-9CEC-FCBF7FA10855}.Debug|Any CPU.ActiveCfg = Debug|Any CPU
		{47F52527-A001-405B-9CEC-FCBF7FA10855}.Debug|Any CPU.Build.0 = Debug|Any CPU
		{47F52527-A001-405B-9CEC-FCBF7FA10855}.Release|Any CPU.ActiveCfg = Release|Any CPU
		{47F52527-A001-405B-9CEC-FCBF7FA10855}.Release|Any CPU.Build.0 = Release|Any CPU
		{D8041984-1823-4672-9B6E-3E99AB6A3A7A}.Debug|Any CPU.ActiveCfg = Debug|Any CPU
		{D8041984-1823-4672-9B6E-3E99AB6A3A7A}.Debug|Any CPU.Build.0 = Debug|Any CPU
		{D8041984-1823-4672-9B6E-3E99AB6A3A7A}.Release|Any CPU.ActiveCfg = Release|Any CPU
		{D8041984-1823-4672-9B6E-3E99AB6A3A7A}.Release|Any CPU.Build.0 = Release|Any CPU
		{78186ECB-5408-400B-B1A7-10F4A150BC56}.Debug|Any CPU.ActiveCfg = Debug|Any CPU
		{78186ECB-5408-400B-B1A7-10F4A150BC56}.Debug|Any CPU.Build.0 = Debug|Any CPU
		{78186ECB-5408-400B-B1A7-10F4A150BC56}.Release|Any CPU.ActiveCfg = Release|Any CPU
		{78186ECB-5408-400B-B1A7-10F4A150BC56}.Release|Any CPU.Build.0 = Release|Any CPU
	EndGlobalSection
	GlobalSection(SolutionProperties) = preSolution
		HideSolutionNode = FALSE
	EndGlobalSection
EndGlobal
